{"format_version":"1.0","terraform_version":"1.1.7","planned_values":{"root_module":{"resources":[{"address":"google_compute_instance.name_1","mode":"managed","type":"google_compute_instance","name":"name_1","provider_name":"registry.terraform.io/hashicorp/google","schema_version":6,"values":{"advanced_machine_features":[],"allow_stopping_for_update":null,"attached_disk":[],"boot_disk":[{"auto_delete":true,"disk_encryption_key_raw":null,"initialize_params":[{"image":"debian-cloud/debian-9"}],"mode":"READ_WRITE"}],"can_ip_forward":false,"deletion_protection":false,"description":null,"desired_status":null,"enable_display":null,"hostname":null,"labels":null,"machine_type":"f1-micro","metadata":null,"metadata_startup_script":null,"name":"terraform-vm","network_interface":[{"access_config":[],"alias_ip_range":[],"ipv6_access_config":[],"network":"default","nic_type":null,"queue_count":null}],"resource_policies":null,"scratch_disk":[],"service_account":[],"shielded_instance_config":[],"tags":null,"timeouts":null,"zone":"europe-north1-a"},"sensitive_values":{"advanced_machine_features":[],"attached_disk":[],"boot_disk":[{"initialize_params":[{"labels":{}}]}],"confidential_instance_config":[],"guest_accelerator":[],"network_interface":[{"access_config":[],"alias_ip_range":[],"ipv6_access_config":[]}],"reservation_affinity":[],"scheduling":[],"scratch_disk":[],"service_account":[],"shielded_instance_config":[]}}]}},"resource_changes":[{"address":"google_compute_instance.name_1","mode":"managed","type":"google_compute_instance","name":"name_1","provider_name":"registry.terraform.io/hashicorp/google","change":{"actions":["create"],"before":null,"after":{"advanced_machine_features":[],"allow_stopping_for_update":null,"attached_disk":[],"boot_disk":[{"auto_delete":true,"disk_encryption_key_raw":null,"initialize_params":[{"image":"debian-cloud/debian-9"}],"mode":"READ_WRITE"}],"can_ip_forward":false,"deletion_protection":false,"description":null,"desired_status":null,"enable_display":null,"hostname":null,"labels":null,"machine_type":"f1-micro","metadata":null,"metadata_startup_script":null,"name":"terraform-vm","network_interface":[{"access_config":[],"alias_ip_range":[],"ipv6_access_config":[],"network":"default","nic_type":null,"queue_count":null}],"resource_policies":null,"scratch_disk":[],"service_account":[],"shielded_instance_config":[],"tags":null,"timeouts":null,"zone":"europe-north1-a"},"after_unknown":{"advanced_machine_features":[],"attached_disk":[],"boot_disk":[{"device_name":true,"disk_encryption_key_sha256":true,"initialize_params":[{"labels":true,"size":true,"type":true}],"kms_key_self_link":true,"source":true}],"confidential_instance_config":true,"cpu_platform":true,"current_status":true,"guest_accelerator":true,"id":true,"instance_id":true,"label_fingerprint":true,"metadata_fingerprint":true,"min_cpu_platform":true,"network_interface":[{"access_config":[],"alias_ip_range":[],"ipv6_access_config":[],"ipv6_access_type":true,"name":true,"network_ip":true,"stack_type":true,"subnetwork":true,"subnetwork_project":true}],"project":true,"reservation_affinity":true,"scheduling":true,"scratch_disk":[],"self_link":true,"service_account":[],"shielded_instance_config":[],"tags_fingerprint":true},"before_sensitive":false,"after_sensitive":{"advanced_machine_features":[],"attached_disk":[],"boot_disk":[{"disk_encryption_key_raw":true,"initialize_params":[{"labels":{}}]}],"confidential_instance_config":[],"guest_accelerator":[],"network_interface":[{"access_config":[],"alias_ip_range":[],"ipv6_access_config":[]}],"reservation_affinity":[],"scheduling":[],"scratch_disk":[],"service_account":[],"shielded_instance_config":[]}}}],"prior_state":{"format_version":"1.0","terraform_version":"1.1.7","values":{"root_module":{"resources":[{"address":"data.google_compute_zones.name_0","mode":"data","type":"google_compute_zones","name":"name_0","provider_name":"registry.terraform.io/hashicorp/google","schema_version":0,"values":{"id":"projects/terraform-338909/regions/europe-north1","names":["europe-north1-a","europe-north1-b","europe-north1-c"],"project":"terraform-338909","region":"europe-north1","status":"UP"},"sensitive_values":{"names":[false,false,false]}}]}}},"configuration":{"provider_config":{"google":{"name":"google","expressions":{"region":{"constant_value":"europe-north1"}}}},"root_module":{"resources":[{"address":"google_compute_instance.name_1","mode":"managed","type":"google_compute_instance","name":"name_1","provider_config_key":"google","expressions":{"boot_disk":[{"initialize_params":[{"image":{"constant_value":"debian-cloud/debian-9"}}]}],"machine_type":{"constant_value":"f1-micro"},"name":{"constant_value":"terraform-vm"},"network_interface":[{"network":{"constant_value":"default"}}],"zone":{"references":["data.google_compute_zones.name_0.names[0]","data.google_compute_zones.name_0.names","data.google_compute_zones.name_0"]}},"schema_version":6},{"address":"data.google_compute_zones.name_0","mode":"data","type":"google_compute_zones","name":"name_0","provider_config_key":"google","expressions":{"project":{"constant_value":"terraform-338909"},"status":{"constant_value":"UP"}},"schema_version":0}]}}}
