{"format_version":"1.0","terraform_version":"1.1.7","planned_values":{"root_module":{"resources":[{"address":"azurerm_resource_group.name_0","mode":"managed","type":"azurerm_resource_group","name":"name_0","provider_name":"registry.terraform.io/hashicorp/azurerm","schema_version":0,"values":{"location":"westus2","name":"example","tags":null,"timeouts":null},"sensitive_values":{}},{"address":"azurerm_storage_account.name_1","mode":"managed","type":"azurerm_storage_account","name":"name_1","provider_name":"registry.terraform.io/hashicorp/azurerm","schema_version":3,"values":{"account_kind":"StorageV2","account_replication_type":"GRS","account_tier":"Standard","allow_nested_items_to_be_public":true,"azure_files_authentication":[],"custom_domain":[],"customer_managed_key":[],"edge_zone":null,"enable_https_traffic_only":true,"identity":[],"infrastructure_encryption_enabled":false,"is_hns_enabled":false,"location":"westus2","min_tls_version":"TLS1_2","name":"osdisk","nfsv3_enabled":false,"queue_encryption_key_type":"Service","resource_group_name":"example","shared_access_key_enabled":true,"static_website":[],"table_encryption_key_type":"Service","tags":{"environment":"dev"},"timeouts":null},"sensitive_values":{"azure_files_authentication":[],"blob_properties":[],"custom_domain":[],"customer_managed_key":[],"identity":[],"network_rules":[],"queue_properties":[],"routing":[],"share_properties":[],"static_website":[],"tags":{}}}]}},"resource_changes":[{"address":"azurerm_resource_group.name_0","mode":"managed","type":"azurerm_resource_group","name":"name_0","provider_name":"registry.terraform.io/hashicorp/azurerm","change":{"actions":["create"],"before":null,"after":{"location":"westus2","name":"example","tags":null,"timeouts":null},"after_unknown":{"id":true},"before_sensitive":false,"after_sensitive":{}}},{"address":"azurerm_storage_account.name_1","mode":"managed","type":"azurerm_storage_account","name":"name_1","provider_name":"registry.terraform.io/hashicorp/azurerm","change":{"actions":["create"],"before":null,"after":{"account_kind":"StorageV2","account_replication_type":"GRS","account_tier":"Standard","allow_nested_items_to_be_public":true,"azure_files_authentication":[],"custom_domain":[],"customer_managed_key":[],"edge_zone":null,"enable_https_traffic_only":true,"identity":[],"infrastructure_encryption_enabled":false,"is_hns_enabled":false,"location":"westus2","min_tls_version":"TLS1_2","name":"osdisk","nfsv3_enabled":false,"queue_encryption_key_type":"Service","resource_group_name":"example","shared_access_key_enabled":true,"static_website":[],"table_encryption_key_type":"Service","tags":{"environment":"dev"},"timeouts":null},"after_unknown":{"access_tier":true,"azure_files_authentication":[],"blob_properties":true,"custom_domain":[],"customer_managed_key":[],"id":true,"identity":[],"large_file_share_enabled":true,"network_rules":true,"primary_access_key":true,"primary_blob_connection_string":true,"primary_blob_endpoint":true,"primary_blob_host":true,"primary_connection_string":true,"primary_dfs_endpoint":true,"primary_dfs_host":true,"primary_file_endpoint":true,"primary_file_host":true,"primary_location":true,"primary_queue_endpoint":true,"primary_queue_host":true,"primary_table_endpoint":true,"primary_table_host":true,"primary_web_endpoint":true,"primary_web_host":true,"queue_properties":true,"routing":true,"secondary_access_key":true,"secondary_blob_connection_string":true,"secondary_blob_endpoint":true,"secondary_blob_host":true,"secondary_connection_string":true,"secondary_dfs_endpoint":true,"secondary_dfs_host":true,"secondary_file_endpoint":true,"secondary_file_host":true,"secondary_location":true,"secondary_queue_endpoint":true,"secondary_queue_host":true,"secondary_table_endpoint":true,"secondary_table_host":true,"secondary_web_endpoint":true,"secondary_web_host":true,"share_properties":true,"static_website":[],"tags":{}},"before_sensitive":false,"after_sensitive":{"azure_files_authentication":[],"blob_properties":[],"custom_domain":[],"customer_managed_key":[],"identity":[],"network_rules":[],"primary_access_key":true,"primary_blob_connection_string":true,"primary_connection_string":true,"queue_properties":[],"routing":[],"secondary_access_key":true,"secondary_blob_connection_string":true,"secondary_connection_string":true,"share_properties":[],"static_website":[],"tags":{}}}}],"configuration":{"provider_config":{"azurerm":{"name":"azurerm","expressions":{"features":[{}]}}},"root_module":{"resources":[{"address":"azurerm_resource_group.name_0","mode":"managed","type":"azurerm_resource_group","name":"name_0","provider_config_key":"azurerm","expressions":{"location":{"constant_value":"westus2"},"name":{"constant_value":"example"}},"schema_version":0},{"address":"azurerm_storage_account.name_1","mode":"managed","type":"azurerm_storage_account","name":"name_1","provider_config_key":"azurerm","expressions":{"account_replication_type":{"constant_value":"GRS"},"account_tier":{"constant_value":"Standard"},"location":{"constant_value":"westus2"},"name":{"constant_value":"osdisk"},"resource_group_name":{"references":["azurerm_resource_group.name_0.name","azurerm_resource_group.name_0"]},"tags":{"constant_value":{"environment":"dev"}}},"schema_version":3}]}}}
