{"format_version":"1.0","terraform_version":"1.1.7","planned_values":{"root_module":{"resources":[{"address":"azurerm_bot_channel_direct_line_speech.name_4","mode":"managed","type":"azurerm_bot_channel_direct_line_speech","name":"name_4","provider_name":"registry.terraform.io/hashicorp/azurerm","schema_version":0,"values":{"bot_name":"example-bcr","cognitive_service_location":"westeurope","custom_speech_model_id":null,"custom_voice_deployment_id":null,"location":"global","resource_group_name":"example-resources","timeouts":null},"sensitive_values":{"cognitive_service_access_key":true}},{"address":"azurerm_bot_channels_registration.name_3","mode":"managed","type":"azurerm_bot_channels_registration","name":"name_3","provider_name":"registry.terraform.io/hashicorp/azurerm","schema_version":0,"values":{"cmk_key_vault_url":null,"description":null,"endpoint":null,"isolated_network_enabled":null,"location":"global","microsoft_app_id":"04b07795-8ddb-461a-bbee-02f9e1bf7b46","name":"example-bcr","resource_group_name":"example-resources","sku":"F0","tags":null,"timeouts":null},"sensitive_values":{}},{"address":"azurerm_cognitive_account.name_1","mode":"managed","type":"azurerm_cognitive_account","name":"name_1","provider_name":"registry.terraform.io/hashicorp/azurerm","schema_version":0,"values":{"custom_question_answering_search_service_id":null,"custom_subdomain_name":null,"fqdns":null,"identity":[],"kind":"SpeechServices","local_auth_enabled":true,"location":"westeurope","metrics_advisor_aad_client_id":null,"metrics_advisor_aad_tenant_id":null,"metrics_advisor_super_user_name":null,"metrics_advisor_website_name":null,"name":"example-cogacct","network_acls":[],"outbound_network_access_restricted":false,"public_network_access_enabled":true,"qna_runtime_endpoint":null,"resource_group_name":"example-resources","sku_name":"S0","storage":[],"tags":null,"timeouts":null},"sensitive_values":{"identity":[],"network_acls":[],"storage":[]}},{"address":"azurerm_resource_group.name_0","mode":"managed","type":"azurerm_resource_group","name":"name_0","provider_name":"registry.terraform.io/hashicorp/azurerm","schema_version":0,"values":{"location":"westeurope","name":"example-resources","tags":null,"timeouts":null},"sensitive_values":{}}]}},"resource_changes":[{"address":"azurerm_bot_channel_direct_line_speech.name_4","mode":"managed","type":"azurerm_bot_channel_direct_line_speech","name":"name_4","provider_name":"registry.terraform.io/hashicorp/azurerm","change":{"actions":["create"],"before":null,"after":{"bot_name":"example-bcr","cognitive_service_location":"westeurope","custom_speech_model_id":null,"custom_voice_deployment_id":null,"location":"global","resource_group_name":"example-resources","timeouts":null},"after_unknown":{"cognitive_service_access_key":true,"id":true},"before_sensitive":false,"after_sensitive":{"cognitive_service_access_key":true}}},{"address":"azurerm_bot_channels_registration.name_3","mode":"managed","type":"azurerm_bot_channels_registration","name":"name_3","provider_name":"registry.terraform.io/hashicorp/azurerm","change":{"actions":["create"],"before":null,"after":{"cmk_key_vault_url":null,"description":null,"endpoint":null,"isolated_network_enabled":null,"location":"global","microsoft_app_id":"04b07795-8ddb-461a-bbee-02f9e1bf7b46","name":"example-bcr","resource_group_name":"example-resources","sku":"F0","tags":null,"timeouts":null},"after_unknown":{"developer_app_insights_api_key":true,"developer_app_insights_application_id":true,"developer_app_insights_key":true,"display_name":true,"icon_url":true,"id":true},"before_sensitive":false,"after_sensitive":{"developer_app_insights_api_key":true}}},{"address":"azurerm_cognitive_account.name_1","mode":"managed","type":"azurerm_cognitive_account","name":"name_1","provider_name":"registry.terraform.io/hashicorp/azurerm","change":{"actions":["create"],"before":null,"after":{"custom_question_answering_search_service_id":null,"custom_subdomain_name":null,"fqdns":null,"identity":[],"kind":"SpeechServices","local_auth_enabled":true,"location":"westeurope","metrics_advisor_aad_client_id":null,"metrics_advisor_aad_tenant_id":null,"metrics_advisor_super_user_name":null,"metrics_advisor_website_name":null,"name":"example-cogacct","network_acls":[],"outbound_network_access_restricted":false,"public_network_access_enabled":true,"qna_runtime_endpoint":null,"resource_group_name":"example-resources","sku_name":"S0","storage":[],"tags":null,"timeouts":null},"after_unknown":{"endpoint":true,"id":true,"identity":[],"network_acls":[],"primary_access_key":true,"secondary_access_key":true,"storage":[]},"before_sensitive":false,"after_sensitive":{"identity":[],"network_acls":[],"primary_access_key":true,"secondary_access_key":true,"storage":[]}}},{"address":"azurerm_resource_group.name_0","mode":"managed","type":"azurerm_resource_group","name":"name_0","provider_name":"registry.terraform.io/hashicorp/azurerm","change":{"actions":["create"],"before":null,"after":{"location":"westeurope","name":"example-resources","tags":null,"timeouts":null},"after_unknown":{"id":true},"before_sensitive":false,"after_sensitive":{}}}],"prior_state":{"format_version":"1.0","terraform_version":"1.1.7","values":{"root_module":{"resources":[{"address":"data.azurerm_client_config.name_2","mode":"data","type":"azurerm_client_config","name":"name_2","provider_name":"registry.terraform.io/hashicorp/azurerm","schema_version":0,"values":{"client_id":"04b07795-8ddb-461a-bbee-02f9e1bf7b46","id":"2022-05-02 09:35:20.5250654 +0000 UTC","object_id":"68689caa-1f2b-4b5e-bc0d-cc9414914306","subscription_id":"5c849985-d407-47e1-a999-186411854322","tenant_id":"92e84ceb-fbfd-47ab-be52-080c6b87953f","timeouts":null},"sensitive_values":{}}]}}},"configuration":{"provider_config":{"azurerm":{"name":"azurerm","expressions":{"features":[{}]}}},"root_module":{"resources":[{"address":"azurerm_bot_channel_direct_line_speech.name_4","mode":"managed","type":"azurerm_bot_channel_direct_line_speech","name":"name_4","provider_config_key":"azurerm","expressions":{"bot_name":{"references":["azurerm_bot_channels_registration.name_3.name","azurerm_bot_channels_registration.name_3"]},"cognitive_service_access_key":{"references":["azurerm_cognitive_account.name_1.primary_access_key","azurerm_cognitive_account.name_1"]},"cognitive_service_location":{"references":["azurerm_cognitive_account.name_1.location","azurerm_cognitive_account.name_1"]},"location":{"references":["azurerm_bot_channels_registration.name_3.location","azurerm_bot_channels_registration.name_3"]},"resource_group_name":{"references":["azurerm_resource_group.name_0.name","azurerm_resource_group.name_0"]}},"schema_version":0},{"address":"azurerm_bot_channels_registration.name_3","mode":"managed","type":"azurerm_bot_channels_registration","name":"name_3","provider_config_key":"azurerm","expressions":{"location":{"constant_value":"global"},"microsoft_app_id":{"references":["data.azurerm_client_config.name_2.client_id","data.azurerm_client_config.name_2"]},"name":{"constant_value":"example-bcr"},"resource_group_name":{"references":["azurerm_resource_group.name_0.name","azurerm_resource_group.name_0"]},"sku":{"constant_value":"F0"}},"schema_version":0},{"address":"azurerm_cognitive_account.name_1","mode":"managed","type":"azurerm_cognitive_account","name":"name_1","provider_config_key":"azurerm","expressions":{"kind":{"constant_value":"SpeechServices"},"location":{"references":["azurerm_resource_group.name_0.location","azurerm_resource_group.name_0"]},"name":{"constant_value":"example-cogacct"},"resource_group_name":{"references":["azurerm_resource_group.name_0.name","azurerm_resource_group.name_0"]},"sku_name":{"constant_value":"S0"}},"schema_version":0},{"address":"azurerm_resource_group.name_0","mode":"managed","type":"azurerm_resource_group","name":"name_0","provider_config_key":"azurerm","expressions":{"location":{"constant_value":"West Europe"},"name":{"constant_value":"example-resources"}},"schema_version":0},{"address":"data.azurerm_client_config.name_2","mode":"data","type":"azurerm_client_config","name":"name_2","provider_config_key":"azurerm","schema_version":0}]}}}
