{"format_version":"1.0","terraform_version":"1.1.7","planned_values":{"root_module":{"resources":[{"address":"azurerm_resource_group.name_0","mode":"managed","type":"azurerm_resource_group","name":"name_0","provider_name":"registry.terraform.io/hashicorp/azurerm","schema_version":0,"values":{"location":"westus2","name":"myresources","tags":null,"timeouts":null},"sensitive_values":{}},{"address":"azurerm_resource_group.name_1","mode":"managed","type":"azurerm_resource_group","name":"name_1","provider_name":"registry.terraform.io/hashicorp/azurerm","schema_version":0,"values":{"location":"westus2","name":"myresources-vm","tags":null,"timeouts":null},"sensitive_values":{}},{"address":"azurerm_resource_group.name_2","mode":"managed","type":"azurerm_resource_group","name":"name_2","provider_name":"registry.terraform.io/hashicorp/azurerm","schema_version":0,"values":{"location":"westus2","name":"myresources-vm-vm","tags":null,"timeouts":null},"sensitive_values":{}}]}},"resource_changes":[{"address":"azurerm_resource_group.name_0","mode":"managed","type":"azurerm_resource_group","name":"name_0","provider_name":"registry.terraform.io/hashicorp/azurerm","change":{"actions":["create"],"before":null,"after":{"location":"westus2","name":"myresources","tags":null,"timeouts":null},"after_unknown":{"id":true},"before_sensitive":false,"after_sensitive":{}}},{"address":"azurerm_resource_group.name_1","mode":"managed","type":"azurerm_resource_group","name":"name_1","provider_name":"registry.terraform.io/hashicorp/azurerm","change":{"actions":["create"],"before":null,"after":{"location":"westus2","name":"myresources-vm","tags":null,"timeouts":null},"after_unknown":{"id":true},"before_sensitive":false,"after_sensitive":{}}},{"address":"azurerm_resource_group.name_2","mode":"managed","type":"azurerm_resource_group","name":"name_2","provider_name":"registry.terraform.io/hashicorp/azurerm","change":{"actions":["create"],"before":null,"after":{"location":"westus2","name":"myresources-vm-vm","tags":null,"timeouts":null},"after_unknown":{"id":true},"before_sensitive":false,"after_sensitive":{}}}],"configuration":{"provider_config":{"azurerm":{"name":"azurerm","expressions":{"features":[{}]}}},"root_module":{"resources":[{"address":"azurerm_resource_group.name_0","mode":"managed","type":"azurerm_resource_group","name":"name_0","provider_config_key":"azurerm","expressions":{"location":{"constant_value":"westus2"},"name":{"constant_value":"myresources"}},"schema_version":0},{"address":"azurerm_resource_group.name_1","mode":"managed","type":"azurerm_resource_group","name":"name_1","provider_config_key":"azurerm","expressions":{"location":{"constant_value":"westus2"},"name":{"constant_value":"myresources-vm"}},"schema_version":0},{"address":"azurerm_resource_group.name_2","mode":"managed","type":"azurerm_resource_group","name":"name_2","provider_config_key":"azurerm","expressions":{"location":{"constant_value":"westus2"},"name":{"constant_value":"myresources-vm-vm"}},"schema_version":0}]}}}
