{"format_version":"1.0","terraform_version":"1.1.7","planned_values":{"root_module":{"resources":[{"address":"google_compute_firewall.name_1","mode":"managed","type":"google_compute_firewall","name":"name_1","provider_name":"registry.terraform.io/hashicorp/google","schema_version":1,"values":{"allow":[{"ports":["80","8080","1000-2000"],"protocol":"tcp"},{"ports":[],"protocol":"icmp"}],"deny":[],"description":null,"disabled":null,"log_config":[],"name":"test-firewall","network":"network","priority":1000,"source_ranges":null,"source_service_accounts":null,"source_tags":["web"],"target_service_accounts":null,"target_tags":null,"timeouts":null},"sensitive_values":{"allow":[{"ports":[false,false,false]},{"ports":[]}],"deny":[],"destination_ranges":[],"log_config":[],"source_tags":[false]}},{"address":"google_compute_network.name_0","mode":"managed","type":"google_compute_network","name":"name_0","provider_name":"registry.terraform.io/hashicorp/google","schema_version":0,"values":{"auto_create_subnetworks":true,"delete_default_routes_on_create":false,"description":null,"name":"network","timeouts":null},"sensitive_values":{}}]}},"resource_changes":[{"address":"google_compute_firewall.name_1","mode":"managed","type":"google_compute_firewall","name":"name_1","provider_name":"registry.terraform.io/hashicorp/google","change":{"actions":["create"],"before":null,"after":{"allow":[{"ports":["80","8080","1000-2000"],"protocol":"tcp"},{"ports":[],"protocol":"icmp"}],"deny":[],"description":null,"disabled":null,"log_config":[],"name":"test-firewall","network":"network","priority":1000,"source_ranges":null,"source_service_accounts":null,"source_tags":["web"],"target_service_accounts":null,"target_tags":null,"timeouts":null},"after_unknown":{"allow":[{"ports":[false,false,false]},{"ports":[]}],"creation_timestamp":true,"deny":[],"destination_ranges":true,"direction":true,"enable_logging":true,"id":true,"log_config":[],"project":true,"self_link":true,"source_tags":[false]},"before_sensitive":false,"after_sensitive":{"allow":[{"ports":[false,false,false]},{"ports":[]}],"deny":[],"destination_ranges":[],"log_config":[],"source_tags":[false]}}},{"address":"google_compute_network.name_0","mode":"managed","type":"google_compute_network","name":"name_0","provider_name":"registry.terraform.io/hashicorp/google","change":{"actions":["create"],"before":null,"after":{"auto_create_subnetworks":true,"delete_default_routes_on_create":false,"description":null,"name":"network","timeouts":null},"after_unknown":{"gateway_ipv4":true,"id":true,"mtu":true,"project":true,"routing_mode":true,"self_link":true},"before_sensitive":false,"after_sensitive":{}}}],"configuration":{"provider_config":{"google":{"name":"google","expressions":{"region":{"constant_value":"europe-north1"}}}},"root_module":{"resources":[{"address":"google_compute_firewall.name_1","mode":"managed","type":"google_compute_firewall","name":"name_1","provider_config_key":"google","expressions":{"allow":[{"protocol":{"constant_value":"icmp"}},{"ports":{"constant_value":["80","8080","1000-2000"]},"protocol":{"constant_value":"tcp"}}],"name":{"constant_value":"test-firewall"},"network":{"references":["google_compute_network.name_0.name","google_compute_network.name_0"]},"source_tags":{"constant_value":["web"]}},"schema_version":1},{"address":"google_compute_network.name_0","mode":"managed","type":"google_compute_network","name":"name_0","provider_config_key":"google","expressions":{"auto_create_subnetworks":{"constant_value":true},"name":{"constant_value":"network"}},"schema_version":0}]}}}
