{"format_version":"1.0","terraform_version":"1.1.7","planned_values":{"root_module":{"resources":[{"address":"azurerm_container_registry.name_1","mode":"managed","type":"azurerm_container_registry","name":"name_1","provider_name":"registry.terraform.io/hashicorp/azurerm","schema_version":2,"values":{"admin_enabled":false,"anonymous_pull_enabled":null,"data_endpoint_enabled":null,"export_policy_enabled":true,"georeplications":[{"location":"eastus","regional_endpoint_enabled":null,"tags":null,"zone_redundancy_enabled":true}],"identity":[],"location":"westeurope","name":"containerRegistry1","network_rule_bypass_option":"AzureServices","public_network_access_enabled":true,"quarantine_policy_enabled":null,"resource_group_name":"example-resources","sku":"Premium","tags":null,"timeouts":null,"zone_redundancy_enabled":false},"sensitive_values":{"encryption":[],"georeplications":[{}],"identity":[],"network_rule_set":[],"retention_policy":[],"trust_policy":[]}},{"address":"azurerm_resource_group.name_0","mode":"managed","type":"azurerm_resource_group","name":"name_0","provider_name":"registry.terraform.io/hashicorp/azurerm","schema_version":0,"values":{"location":"westeurope","name":"example-resources","tags":null,"timeouts":null},"sensitive_values":{}}]}},"resource_changes":[{"address":"azurerm_container_registry.name_1","mode":"managed","type":"azurerm_container_registry","name":"name_1","provider_name":"registry.terraform.io/hashicorp/azurerm","change":{"actions":["create"],"before":null,"after":{"admin_enabled":false,"anonymous_pull_enabled":null,"data_endpoint_enabled":null,"export_policy_enabled":true,"georeplications":[{"location":"eastus","regional_endpoint_enabled":null,"tags":null,"zone_redundancy_enabled":true}],"identity":[],"location":"westeurope","name":"containerRegistry1","network_rule_bypass_option":"AzureServices","public_network_access_enabled":true,"quarantine_policy_enabled":null,"resource_group_name":"example-resources","sku":"Premium","tags":null,"timeouts":null,"zone_redundancy_enabled":false},"after_unknown":{"admin_password":true,"admin_username":true,"encryption":true,"georeplications":[{}],"id":true,"identity":[],"login_server":true,"network_rule_set":true,"retention_policy":true,"trust_policy":true},"before_sensitive":false,"after_sensitive":{"admin_password":true,"encryption":[],"georeplications":[{}],"identity":[],"network_rule_set":[],"retention_policy":[],"trust_policy":[]}}},{"address":"azurerm_resource_group.name_0","mode":"managed","type":"azurerm_resource_group","name":"name_0","provider_name":"registry.terraform.io/hashicorp/azurerm","change":{"actions":["create"],"before":null,"after":{"location":"westeurope","name":"example-resources","tags":null,"timeouts":null},"after_unknown":{"id":true},"before_sensitive":false,"after_sensitive":{}}}],"configuration":{"provider_config":{"azurerm":{"name":"azurerm","expressions":{"features":[{}]}}},"root_module":{"resources":[{"address":"azurerm_container_registry.name_1","mode":"managed","type":"azurerm_container_registry","name":"name_1","provider_config_key":"azurerm","expressions":{"admin_enabled":{"constant_value":false},"georeplications":[{"location":{"constant_value":"East US"},"tags":{"constant_value":{}},"zone_redundancy_enabled":{"constant_value":true}}],"location":{"references":["azurerm_resource_group.name_0.location","azurerm_resource_group.name_0"]},"name":{"constant_value":"containerRegistry1"},"resource_group_name":{"references":["azurerm_resource_group.name_0.name","azurerm_resource_group.name_0"]},"sku":{"constant_value":"Premium"}},"schema_version":2},{"address":"azurerm_resource_group.name_0","mode":"managed","type":"azurerm_resource_group","name":"name_0","provider_config_key":"azurerm","expressions":{"location":{"constant_value":"West Europe"},"name":{"constant_value":"example-resources"}},"schema_version":0}]}}}
