{"format_version":"1.0","terraform_version":"1.1.7","planned_values":{"root_module":{"resources":[{"address":"aws_instance.name_0","mode":"managed","type":"aws_instance","name":"name_0","provider_name":"registry.terraform.io/hashicorp/aws","schema_version":1,"values":{"ami":"ami-0ff8a91507f77f867","credit_specification":[],"get_password_data":false,"hibernation":null,"iam_instance_profile":null,"instance_type":"t2.micro","key_name":"wafv2","launch_template":[],"source_dest_check":true,"subnet_id":"subnet-11ac0174","tags":{"Name":"wafv2","role":"wafv2"},"tags_all":{"Name":"wafv2","role":"wafv2"},"timeouts":null,"user_data_replace_on_change":false,"volume_tags":null,"vpc_security_group_ids":["sg-11ac0174"]},"sensitive_values":{"capacity_reservation_specification":[],"credit_specification":[],"ebs_block_device":[],"enclave_options":[],"ephemeral_block_device":[],"ipv6_addresses":[],"launch_template":[],"maintenance_options":[],"metadata_options":[],"network_interface":[],"root_block_device":[],"secondary_private_ips":[],"security_groups":[],"tags":{},"tags_all":{},"vpc_security_group_ids":[false]}}]}},"resource_changes":[{"address":"aws_instance.name_0","mode":"managed","type":"aws_instance","name":"name_0","provider_name":"registry.terraform.io/hashicorp/aws","change":{"actions":["create"],"before":null,"after":{"ami":"ami-0ff8a91507f77f867","credit_specification":[],"get_password_data":false,"hibernation":null,"iam_instance_profile":null,"instance_type":"t2.micro","key_name":"wafv2","launch_template":[],"source_dest_check":true,"subnet_id":"subnet-11ac0174","tags":{"Name":"wafv2","role":"wafv2"},"tags_all":{"Name":"wafv2","role":"wafv2"},"timeouts":null,"user_data_replace_on_change":false,"volume_tags":null,"vpc_security_group_ids":["sg-11ac0174"]},"after_unknown":{"arn":true,"associate_public_ip_address":true,"availability_zone":true,"capacity_reservation_specification":true,"cpu_core_count":true,"cpu_threads_per_core":true,"credit_specification":[],"disable_api_termination":true,"ebs_block_device":true,"ebs_optimized":true,"enclave_options":true,"ephemeral_block_device":true,"host_id":true,"id":true,"instance_initiated_shutdown_behavior":true,"instance_state":true,"ipv6_address_count":true,"ipv6_addresses":true,"launch_template":[],"maintenance_options":true,"metadata_options":true,"monitoring":true,"network_interface":true,"outpost_arn":true,"password_data":true,"placement_group":true,"placement_partition_number":true,"primary_network_interface_id":true,"private_dns":true,"private_ip":true,"public_dns":true,"public_ip":true,"root_block_device":true,"secondary_private_ips":true,"security_groups":true,"tags":{},"tags_all":{},"tenancy":true,"user_data":true,"user_data_base64":true,"vpc_security_group_ids":[false]},"before_sensitive":false,"after_sensitive":{"capacity_reservation_specification":[],"credit_specification":[],"ebs_block_device":[],"enclave_options":[],"ephemeral_block_device":[],"ipv6_addresses":[],"launch_template":[],"maintenance_options":[],"metadata_options":[],"network_interface":[],"root_block_device":[],"secondary_private_ips":[],"security_groups":[],"tags":{},"tags_all":{},"vpc_security_group_ids":[false]}}}],"configuration":{"provider_config":{"aws":{"name":"aws","expressions":{"region":{"constant_value":"us-east-1"}}}},"root_module":{"resources":[{"address":"aws_instance.name_0","mode":"managed","type":"aws_instance","name":"name_0","provider_config_key":"aws","expressions":{"ami":{"constant_value":"ami-0ff8a91507f77f867"},"instance_type":{"constant_value":"t2.micro"},"key_name":{"constant_value":"wafv2"},"subnet_id":{"constant_value":"subnet-11ac0174"},"tags":{"constant_value":{"Name":"wafv2","role":"wafv2"}},"vpc_security_group_ids":{"constant_value":["sg-11ac0174"]}},"schema_version":1}]}}}
