{"format_version":"1.0","terraform_version":"1.1.7","planned_values":{"root_module":{"resources":[{"address":"google_notebooks_instance.name_0","mode":"managed","type":"google_notebooks_instance","name":"name_0","provider_name":"registry.terraform.io/hashicorp/google","schema_version":0,"values":{"accelerator_config":[],"boot_disk_size_gb":null,"boot_disk_type":null,"container_image":[],"custom_gpu_driver_path":null,"data_disk_size_gb":null,"data_disk_type":null,"disk_encryption":null,"install_gpu_driver":null,"instance_owners":null,"kms_key":null,"location":"us-west1-a","machine_type":"e2-medium","metadata":null,"name":"my-instance","no_proxy_access":null,"no_public_ip":null,"no_remove_data_disk":null,"post_startup_script":null,"service_account_scopes":null,"tags":null,"timeouts":null,"vm_image":[{"image_family":"tf-latest-cpu","image_name":null,"project":"deeplearning-platform-release"}]},"sensitive_values":{"accelerator_config":[],"container_image":[],"labels":{},"shielded_instance_config":[],"vm_image":[{}]}}]}},"resource_changes":[{"address":"google_notebooks_instance.name_0","mode":"managed","type":"google_notebooks_instance","name":"name_0","provider_name":"registry.terraform.io/hashicorp/google","change":{"actions":["create"],"before":null,"after":{"accelerator_config":[],"boot_disk_size_gb":null,"boot_disk_type":null,"container_image":[],"custom_gpu_driver_path":null,"data_disk_size_gb":null,"data_disk_type":null,"disk_encryption":null,"install_gpu_driver":null,"instance_owners":null,"kms_key":null,"location":"us-west1-a","machine_type":"e2-medium","metadata":null,"name":"my-instance","no_proxy_access":null,"no_public_ip":null,"no_remove_data_disk":null,"post_startup_script":null,"service_account_scopes":null,"tags":null,"timeouts":null,"vm_image":[{"image_family":"tf-latest-cpu","image_name":null,"project":"deeplearning-platform-release"}]},"after_unknown":{"accelerator_config":[],"container_image":[],"create_time":true,"id":true,"labels":true,"network":true,"project":true,"proxy_uri":true,"service_account":true,"shielded_instance_config":true,"state":true,"subnet":true,"update_time":true,"vm_image":[{}]},"before_sensitive":false,"after_sensitive":{"accelerator_config":[],"container_image":[],"labels":{},"shielded_instance_config":[],"vm_image":[{}]}}}],"configuration":{"provider_config":{"google":{"name":"google","expressions":{"region":{"constant_value":"europe-north1"}}}},"root_module":{"resources":[{"address":"google_notebooks_instance.name_0","mode":"managed","type":"google_notebooks_instance","name":"name_0","provider_config_key":"google","expressions":{"location":{"constant_value":"us-west1-a"},"machine_type":{"constant_value":"e2-medium"},"name":{"constant_value":"my-instance"},"vm_image":[{"image_family":{"constant_value":"tf-latest-cpu"},"project":{"constant_value":"deeplearning-platform-release"}}]},"schema_version":0}]}}}
