{"format_version":"1.0","terraform_version":"1.1.7","planned_values":{"root_module":{"resources":[{"address":"google_compute_instance_template.name_0","mode":"managed","type":"google_compute_instance_template","name":"name_0","provider_name":"registry.terraform.io/hashicorp/google","schema_version":1,"values":{"advanced_machine_features":[],"can_ip_forward":false,"description":null,"disk":[{"auto_delete":true,"disk_encryption_key":[],"disk_name":null,"disk_size_gb":50,"labels":null,"resource_policies":null,"source":null,"source_image":"debian-cloud/debian-9"}],"guest_accelerator":[],"instance_description":null,"labels":null,"machine_type":"n1-node-96-624","metadata":null,"metadata_startup_script":null,"min_cpu_platform":null,"name":"my-node-template","network_interface":[{"access_config":[{}],"alias_ip_range":[],"ipv6_access_config":[],"network":"default","network_ip":null,"nic_type":null,"queue_count":null}],"reservation_affinity":[],"service_account":[],"shielded_instance_config":[],"tags":null,"timeouts":null},"sensitive_values":{"advanced_machine_features":[],"confidential_instance_config":[],"disk":[{"disk_encryption_key":[]}],"guest_accelerator":[],"network_interface":[{"access_config":[{}],"alias_ip_range":[],"ipv6_access_config":[]}],"reservation_affinity":[],"scheduling":[],"service_account":[],"shielded_instance_config":[]}}]}},"resource_changes":[{"address":"google_compute_instance_template.name_0","mode":"managed","type":"google_compute_instance_template","name":"name_0","provider_name":"registry.terraform.io/hashicorp/google","change":{"actions":["create"],"before":null,"after":{"advanced_machine_features":[],"can_ip_forward":false,"description":null,"disk":[{"auto_delete":true,"disk_encryption_key":[],"disk_name":null,"disk_size_gb":50,"labels":null,"resource_policies":null,"source":null,"source_image":"debian-cloud/debian-9"}],"guest_accelerator":[],"instance_description":null,"labels":null,"machine_type":"n1-node-96-624","metadata":null,"metadata_startup_script":null,"min_cpu_platform":null,"name":"my-node-template","network_interface":[{"access_config":[{}],"alias_ip_range":[],"ipv6_access_config":[],"network":"default","network_ip":null,"nic_type":null,"queue_count":null}],"reservation_affinity":[],"service_account":[],"shielded_instance_config":[],"tags":null,"timeouts":null},"after_unknown":{"advanced_machine_features":[],"confidential_instance_config":true,"disk":[{"boot":true,"device_name":true,"disk_encryption_key":[],"disk_type":true,"interface":true,"mode":true,"type":true}],"guest_accelerator":[],"id":true,"metadata_fingerprint":true,"name_prefix":true,"network_interface":[{"access_config":[{"nat_ip":true,"network_tier":true,"public_ptr_domain_name":true}],"alias_ip_range":[],"ipv6_access_config":[],"ipv6_access_type":true,"name":true,"stack_type":true,"subnetwork":true,"subnetwork_project":true}],"project":true,"region":true,"reservation_affinity":[],"scheduling":true,"self_link":true,"service_account":[],"shielded_instance_config":[],"tags_fingerprint":true},"before_sensitive":false,"after_sensitive":{"advanced_machine_features":[],"confidential_instance_config":[],"disk":[{"disk_encryption_key":[]}],"guest_accelerator":[],"network_interface":[{"access_config":[{}],"alias_ip_range":[],"ipv6_access_config":[]}],"reservation_affinity":[],"scheduling":[],"service_account":[],"shielded_instance_config":[]}}}],"configuration":{"provider_config":{"google":{"name":"google","expressions":{"region":{"constant_value":"europe"}}}},"root_module":{"resources":[{"address":"google_compute_instance_template.name_0","mode":"managed","type":"google_compute_instance_template","name":"name_0","provider_config_key":"google","expressions":{"disk":[{"disk_size_gb":{"constant_value":"50"},"source_image":{"constant_value":"debian-cloud/debian-9"}}],"machine_type":{"constant_value":"n1-node-96-624"},"name":{"constant_value":"my-node-template"},"network_interface":[{"access_config":[{}],"network":{"constant_value":"default"}}]},"schema_version":1}]}}}
