{"format_version":"1.0","terraform_version":"1.1.3","planned_values":{"root_module":{"resources":[{"address":"aws_elb.name_0","mode":"managed","type":"aws_elb","name":"name_0","provider_name":"registry.terraform.io/hashicorp/aws","schema_version":0,"values":{"access_logs":[],"availability_zones":["us-east-1a"],"connection_draining":false,"connection_draining_timeout":300,"cross_zone_load_balancing":true,"desync_mitigation_mode":"defensive","health_check":[{"healthy_threshold":2,"interval":30,"target":"HTTP:80/","timeout":3,"unhealthy_threshold":2}],"idle_timeout":60,"listener":[{"instance_port":80,"instance_protocol":"http","lb_port":80,"lb_protocol":"http","ssl_certificate_id":""}],"name":"terraform-elb","name_prefix":null,"tags":null},"sensitive_values":{"access_logs":[],"availability_zones":[false],"health_check":[{}],"instances":[],"listener":[{}],"security_groups":[],"subnets":[],"tags_all":{}}}]}},"resource_changes":[{"address":"aws_elb.name_0","mode":"managed","type":"aws_elb","name":"name_0","provider_name":"registry.terraform.io/hashicorp/aws","change":{"actions":["create"],"before":null,"after":{"access_logs":[],"availability_zones":["us-east-1a"],"connection_draining":false,"connection_draining_timeout":300,"cross_zone_load_balancing":true,"desync_mitigation_mode":"defensive","health_check":[{"healthy_threshold":2,"interval":30,"target":"HTTP:80/","timeout":3,"unhealthy_threshold":2}],"idle_timeout":60,"listener":[{"instance_port":80,"instance_protocol":"http","lb_port":80,"lb_protocol":"http","ssl_certificate_id":""}],"name":"terraform-elb","name_prefix":null,"tags":null},"after_unknown":{"access_logs":[],"arn":true,"availability_zones":[false],"dns_name":true,"health_check":[{}],"id":true,"instances":true,"internal":true,"listener":[{}],"security_groups":true,"source_security_group":true,"source_security_group_id":true,"subnets":true,"tags_all":true,"zone_id":true},"before_sensitive":false,"after_sensitive":{"access_logs":[],"availability_zones":[false],"health_check":[{}],"instances":[],"listener":[{}],"security_groups":[],"subnets":[],"tags_all":{}}}}],"configuration":{"provider_config":{"aws":{"name":"aws","expressions":{"region":{"constant_value":"us-east-1"}}}},"root_module":{"resources":[{"address":"aws_elb.name_0","mode":"managed","type":"aws_elb","name":"name_0","provider_config_key":"aws","expressions":{"availability_zones":{"constant_value":["us-east-1a"]},"health_check":[{"healthy_threshold":{"constant_value":2},"interval":{"constant_value":30},"target":{"constant_value":"HTTP:80/"},"timeout":{"constant_value":3},"unhealthy_threshold":{"constant_value":2}}],"listener":[{"instance_port":{"constant_value":80},"instance_protocol":{"constant_value":"http"},"lb_port":{"constant_value":80},"lb_protocol":{"constant_value":"http"}}],"name":{"constant_value":"terraform-elb"}},"schema_version":0}]}}}
