{"format_version":"1.0","terraform_version":"1.1.3","planned_values":{"root_module":{"resources":[{"address":"aws_customer_gateway.name_2","mode":"managed","type":"aws_customer_gateway","name":"name_2","provider_name":"registry.terraform.io/hashicorp/aws","schema_version":0,"values":{"bgp_asn":"65000","certificate_arn":null,"device_name":null,"ip_address":"172.0.0.1","tags":null,"type":"ipsec.1"},"sensitive_values":{"tags_all":{}}},{"address":"aws_vpc.name_0","mode":"managed","type":"aws_vpc","name":"name_0","provider_name":"registry.terraform.io/hashicorp/aws","schema_version":1,"values":{"assign_generated_ipv6_cidr_block":null,"cidr_block":"10.0.0.0/16","enable_dns_support":true,"instance_tenancy":"default","ipv4_ipam_pool_id":null,"ipv4_netmask_length":null,"ipv6_ipam_pool_id":null,"ipv6_netmask_length":null,"tags":null},"sensitive_values":{"tags_all":{}}},{"address":"aws_vpn_connection.name_3","mode":"managed","type":"aws_vpn_connection","name":"name_3","provider_name":"registry.terraform.io/hashicorp/aws","schema_version":0,"values":{"static_routes_only":true,"tags":null,"transit_gateway_id":null,"tunnel1_dpd_timeout_action":null,"tunnel1_dpd_timeout_seconds":null,"tunnel1_ike_versions":null,"tunnel1_phase1_dh_group_numbers":null,"tunnel1_phase1_encryption_algorithms":null,"tunnel1_phase1_integrity_algorithms":null,"tunnel1_phase1_lifetime_seconds":null,"tunnel1_phase2_dh_group_numbers":null,"tunnel1_phase2_encryption_algorithms":null,"tunnel1_phase2_integrity_algorithms":null,"tunnel1_phase2_lifetime_seconds":null,"tunnel1_rekey_fuzz_percentage":null,"tunnel1_rekey_margin_time_seconds":null,"tunnel1_replay_window_size":null,"tunnel1_startup_action":null,"tunnel2_dpd_timeout_action":null,"tunnel2_dpd_timeout_seconds":null,"tunnel2_ike_versions":null,"tunnel2_phase1_dh_group_numbers":null,"tunnel2_phase1_encryption_algorithms":null,"tunnel2_phase1_integrity_algorithms":null,"tunnel2_phase1_lifetime_seconds":null,"tunnel2_phase2_dh_group_numbers":null,"tunnel2_phase2_encryption_algorithms":null,"tunnel2_phase2_integrity_algorithms":null,"tunnel2_phase2_lifetime_seconds":null,"tunnel2_rekey_fuzz_percentage":null,"tunnel2_rekey_margin_time_seconds":null,"tunnel2_replay_window_size":null,"tunnel2_startup_action":null,"type":"ipsec.1"},"sensitive_values":{"routes":[],"tags_all":{},"vgw_telemetry":[]}},{"address":"aws_vpn_gateway.name_1","mode":"managed","type":"aws_vpn_gateway","name":"name_1","provider_name":"registry.terraform.io/hashicorp/aws","schema_version":0,"values":{"availability_zone":null,"tags":null},"sensitive_values":{"tags_all":{}}}]}},"resource_changes":[{"address":"aws_customer_gateway.name_2","mode":"managed","type":"aws_customer_gateway","name":"name_2","provider_name":"registry.terraform.io/hashicorp/aws","change":{"actions":["create"],"before":null,"after":{"bgp_asn":"65000","certificate_arn":null,"device_name":null,"ip_address":"172.0.0.1","tags":null,"type":"ipsec.1"},"after_unknown":{"arn":true,"id":true,"tags_all":true},"before_sensitive":false,"after_sensitive":{"tags_all":{}}}},{"address":"aws_vpc.name_0","mode":"managed","type":"aws_vpc","name":"name_0","provider_name":"registry.terraform.io/hashicorp/aws","change":{"actions":["create"],"before":null,"after":{"assign_generated_ipv6_cidr_block":null,"cidr_block":"10.0.0.0/16","enable_dns_support":true,"instance_tenancy":"default","ipv4_ipam_pool_id":null,"ipv4_netmask_length":null,"ipv6_ipam_pool_id":null,"ipv6_netmask_length":null,"tags":null},"after_unknown":{"arn":true,"default_network_acl_id":true,"default_route_table_id":true,"default_security_group_id":true,"dhcp_options_id":true,"enable_classiclink":true,"enable_classiclink_dns_support":true,"enable_dns_hostnames":true,"id":true,"ipv6_association_id":true,"ipv6_cidr_block":true,"ipv6_cidr_block_network_border_group":true,"main_route_table_id":true,"owner_id":true,"tags_all":true},"before_sensitive":false,"after_sensitive":{"tags_all":{}}}},{"address":"aws_vpn_connection.name_3","mode":"managed","type":"aws_vpn_connection","name":"name_3","provider_name":"registry.terraform.io/hashicorp/aws","change":{"actions":["create"],"before":null,"after":{"static_routes_only":true,"tags":null,"transit_gateway_id":null,"tunnel1_dpd_timeout_action":null,"tunnel1_dpd_timeout_seconds":null,"tunnel1_ike_versions":null,"tunnel1_phase1_dh_group_numbers":null,"tunnel1_phase1_encryption_algorithms":null,"tunnel1_phase1_integrity_algorithms":null,"tunnel1_phase1_lifetime_seconds":null,"tunnel1_phase2_dh_group_numbers":null,"tunnel1_phase2_encryption_algorithms":null,"tunnel1_phase2_integrity_algorithms":null,"tunnel1_phase2_lifetime_seconds":null,"tunnel1_rekey_fuzz_percentage":null,"tunnel1_rekey_margin_time_seconds":null,"tunnel1_replay_window_size":null,"tunnel1_startup_action":null,"tunnel2_dpd_timeout_action":null,"tunnel2_dpd_timeout_seconds":null,"tunnel2_ike_versions":null,"tunnel2_phase1_dh_group_numbers":null,"tunnel2_phase1_encryption_algorithms":null,"tunnel2_phase1_integrity_algorithms":null,"tunnel2_phase1_lifetime_seconds":null,"tunnel2_phase2_dh_group_numbers":null,"tunnel2_phase2_encryption_algorithms":null,"tunnel2_phase2_integrity_algorithms":null,"tunnel2_phase2_lifetime_seconds":null,"tunnel2_rekey_fuzz_percentage":null,"tunnel2_rekey_margin_time_seconds":null,"tunnel2_replay_window_size":null,"tunnel2_startup_action":null,"type":"ipsec.1"},"after_unknown":{"arn":true,"core_network_arn":true,"core_network_attachment_arn":true,"customer_gateway_configuration":true,"customer_gateway_id":true,"enable_acceleration":true,"id":true,"local_ipv4_network_cidr":true,"local_ipv6_network_cidr":true,"remote_ipv4_network_cidr":true,"remote_ipv6_network_cidr":true,"routes":true,"tags_all":true,"transit_gateway_attachment_id":true,"tunnel1_address":true,"tunnel1_bgp_asn":true,"tunnel1_bgp_holdtime":true,"tunnel1_cgw_inside_address":true,"tunnel1_inside_cidr":true,"tunnel1_inside_ipv6_cidr":true,"tunnel1_preshared_key":true,"tunnel1_vgw_inside_address":true,"tunnel2_address":true,"tunnel2_bgp_asn":true,"tunnel2_bgp_holdtime":true,"tunnel2_cgw_inside_address":true,"tunnel2_inside_cidr":true,"tunnel2_inside_ipv6_cidr":true,"tunnel2_preshared_key":true,"tunnel2_vgw_inside_address":true,"tunnel_inside_ip_version":true,"vgw_telemetry":true,"vpn_gateway_id":true},"before_sensitive":false,"after_sensitive":{"customer_gateway_configuration":true,"routes":[],"tags_all":{},"tunnel1_preshared_key":true,"tunnel2_preshared_key":true,"vgw_telemetry":[]}}},{"address":"aws_vpn_gateway.name_1","mode":"managed","type":"aws_vpn_gateway","name":"name_1","provider_name":"registry.terraform.io/hashicorp/aws","change":{"actions":["create"],"before":null,"after":{"availability_zone":null,"tags":null},"after_unknown":{"amazon_side_asn":true,"arn":true,"id":true,"tags_all":true,"vpc_id":true},"before_sensitive":false,"after_sensitive":{"tags_all":{}}}}],"configuration":{"provider_config":{"aws":{"name":"aws","expressions":{"region":{"constant_value":"us-east-1"}}}},"root_module":{"resources":[{"address":"aws_customer_gateway.name_2","mode":"managed","type":"aws_customer_gateway","name":"name_2","provider_config_key":"aws","expressions":{"bgp_asn":{"constant_value":65000},"ip_address":{"constant_value":"172.0.0.1"},"type":{"constant_value":"ipsec.1"}},"schema_version":0},{"address":"aws_vpc.name_0","mode":"managed","type":"aws_vpc","name":"name_0","provider_config_key":"aws","expressions":{"cidr_block":{"constant_value":"10.0.0.0/16"}},"schema_version":1},{"address":"aws_vpn_connection.name_3","mode":"managed","type":"aws_vpn_connection","name":"name_3","provider_config_key":"aws","expressions":{"customer_gateway_id":{"references":["aws_customer_gateway.name_2.id","aws_customer_gateway.name_2"]},"static_routes_only":{"constant_value":true},"type":{"constant_value":"ipsec.1"},"vpn_gateway_id":{"references":["aws_vpn_gateway.name_1.id","aws_vpn_gateway.name_1"]}},"schema_version":0},{"address":"aws_vpn_gateway.name_1","mode":"managed","type":"aws_vpn_gateway","name":"name_1","provider_config_key":"aws","expressions":{"vpc_id":{"references":["aws_vpc.name_0.id","aws_vpc.name_0"]}},"schema_version":0}]}}}
