{"format_version":"1.0","terraform_version":"1.1.7","planned_values":{"root_module":{"resources":[{"address":"azurerm_resource_group.name_0","mode":"managed","type":"azurerm_resource_group","name":"name_0","provider_name":"registry.terraform.io/hashicorp/azurerm","schema_version":0,"values":{"location":"westeurope","name":"example-resources","tags":null,"timeouts":null},"sensitive_values":{}},{"address":"azurerm_virtual_network.name_2","mode":"managed","type":"azurerm_virtual_network","name":"name_2","provider_name":"registry.terraform.io/hashicorp/azurerm","schema_version":0,"values":{"address_space":["10.0.0.0/16"],"bgp_community":null,"ddos_protection_plan":[],"edge_zone":null,"flow_timeout_in_minutes":null,"location":"westeurope","name":"example-vnet","resource_group_name":"example-resources","tags":null,"timeouts":null},"sensitive_values":{"address_space":[false],"ddos_protection_plan":[],"dns_servers":[],"subnet":[]}}]}},"resource_changes":[{"address":"azurerm_resource_group.name_0","mode":"managed","type":"azurerm_resource_group","name":"name_0","provider_name":"registry.terraform.io/hashicorp/azurerm","change":{"actions":["create"],"before":null,"after":{"location":"westeurope","name":"example-resources","tags":null,"timeouts":null},"after_unknown":{"id":true},"before_sensitive":false,"after_sensitive":{}}},{"address":"azurerm_virtual_network.name_2","mode":"managed","type":"azurerm_virtual_network","name":"name_2","provider_name":"registry.terraform.io/hashicorp/azurerm","change":{"actions":["create"],"before":null,"after":{"address_space":["10.0.0.0/16"],"bgp_community":null,"ddos_protection_plan":[],"edge_zone":null,"flow_timeout_in_minutes":null,"location":"westeurope","name":"example-vnet","resource_group_name":"example-resources","tags":null,"timeouts":null},"after_unknown":{"address_space":[false],"ddos_protection_plan":[],"dns_servers":true,"guid":true,"id":true,"subnet":true},"before_sensitive":false,"after_sensitive":{"address_space":[false],"ddos_protection_plan":[],"dns_servers":[],"subnet":[]}}}],"prior_state":{"format_version":"1.0","terraform_version":"1.1.7","values":{"root_module":{"resources":[{"address":"data.azurerm_client_config.name_1","mode":"data","type":"azurerm_client_config","name":"name_1","provider_name":"registry.terraform.io/hashicorp/azurerm","schema_version":0,"values":{"client_id":"04b07795-8ddb-461a-bbee-02f9e1bf7b46","id":"2022-04-28 10:49:40.4188352 +0000 UTC","object_id":"68689caa-1f2b-4b5e-bc0d-cc9414914306","subscription_id":"5c849985-d407-47e1-a999-186411854322","tenant_id":"92e84ceb-fbfd-47ab-be52-080c6b87953f","timeouts":null},"sensitive_values":{}}]}}},"configuration":{"provider_config":{"azurerm":{"name":"azurerm","expressions":{"features":[{}]}}},"root_module":{"resources":[{"address":"azurerm_resource_group.name_0","mode":"managed","type":"azurerm_resource_group","name":"name_0","provider_config_key":"azurerm","expressions":{"location":{"constant_value":"West Europe"},"name":{"constant_value":"example-resources"}},"schema_version":0},{"address":"azurerm_virtual_network.name_2","mode":"managed","type":"azurerm_virtual_network","name":"name_2","provider_config_key":"azurerm","expressions":{"address_space":{"constant_value":["10.0.0.0/16"]},"location":{"references":["azurerm_resource_group.name_0.location","azurerm_resource_group.name_0"]},"name":{"constant_value":"example-vnet"},"resource_group_name":{"references":["azurerm_resource_group.name_0.name","azurerm_resource_group.name_0"]}},"schema_version":0},{"address":"data.azurerm_client_config.name_1","mode":"data","type":"azurerm_client_config","name":"name_1","provider_config_key":"azurerm","schema_version":0}]}}}
