{"format_version":"1.0","terraform_version":"1.1.7","planned_values":{"root_module":{"resources":[{"address":"google_compute_network.name_0","mode":"managed","type":"google_compute_network","name":"name_0","provider_name":"registry.terraform.io/hashicorp/google","schema_version":0,"values":{"auto_create_subnetworks":false,"delete_default_routes_on_create":false,"description":null,"name":"terraform-test","timeouts":null},"sensitive_values":{}},{"address":"google_compute_route.name_1","mode":"managed","type":"google_compute_route","name":"name_1","provider_name":"registry.terraform.io/hashicorp/google","schema_version":0,"values":{"description":null,"dest_range":"15.0.0.0/24","name":"default-route-to-internet","next_hop_gateway":null,"next_hop_ilb":null,"next_hop_instance":null,"next_hop_ip":"10.132.1.5","next_hop_vpn_tunnel":null,"priority":100,"tags":null,"timeouts":null},"sensitive_values":{}}]}},"resource_changes":[{"address":"google_compute_network.name_0","mode":"managed","type":"google_compute_network","name":"name_0","provider_name":"registry.terraform.io/hashicorp/google","change":{"actions":["create"],"before":null,"after":{"auto_create_subnetworks":false,"delete_default_routes_on_create":false,"description":null,"name":"terraform-test","timeouts":null},"after_unknown":{"gateway_ipv4":true,"id":true,"mtu":true,"project":true,"routing_mode":true,"self_link":true},"before_sensitive":false,"after_sensitive":{}}},{"address":"google_compute_route.name_1","mode":"managed","type":"google_compute_route","name":"name_1","provider_name":"registry.terraform.io/hashicorp/google","change":{"actions":["create"],"before":null,"after":{"description":null,"dest_range":"15.0.0.0/24","name":"default-route-to-internet","next_hop_gateway":null,"next_hop_ilb":null,"next_hop_instance":null,"next_hop_ip":"10.132.1.5","next_hop_vpn_tunnel":null,"priority":100,"tags":null,"timeouts":null},"after_unknown":{"id":true,"network":true,"next_hop_instance_zone":true,"next_hop_network":true,"project":true,"self_link":true},"before_sensitive":false,"after_sensitive":{}}}],"configuration":{"provider_config":{"google":{"name":"google","expressions":{"region":{"constant_value":"europe-north1"}}}},"root_module":{"resources":[{"address":"google_compute_network.name_0","mode":"managed","type":"google_compute_network","name":"name_0","provider_config_key":"google","expressions":{"auto_create_subnetworks":{"constant_value":"false"},"name":{"constant_value":"terraform-test"}},"schema_version":0},{"address":"google_compute_route.name_1","mode":"managed","type":"google_compute_route","name":"name_1","provider_config_key":"google","expressions":{"dest_range":{"constant_value":"15.0.0.0/24"},"name":{"constant_value":"default-route-to-internet"},"network":{"references":["google_compute_network.name_0.self_link","google_compute_network.name_0"]},"next_hop_ip":{"constant_value":"10.132.1.5"},"priority":{"constant_value":100}},"schema_version":0}]}}}
