{"format_version":"1.0","terraform_version":"1.1.7","planned_values":{"root_module":{"resources":[{"address":"aws_s3_bucket.name_0","mode":"managed","type":"aws_s3_bucket","name":"name_0","provider_name":"registry.terraform.io/hashicorp/aws","schema_version":0,"values":{"acl":"private","bucket":"my-tf-log-bucket","bucket_prefix":null,"force_destroy":false,"tags":null},"sensitive_values":{"cors_rule":[],"grant":[],"lifecycle_rule":[],"logging":[],"object_lock_configuration":[],"replication_configuration":[],"server_side_encryption_configuration":[],"tags_all":{},"versioning":[],"website":[]}},{"address":"aws_s3_bucket_object.name_1","mode":"managed","type":"aws_s3_bucket_object","name":"name_1","provider_name":"registry.terraform.io/hashicorp/aws","schema_version":0,"values":{"acl":"private","cache_control":null,"content":null,"content_base64":null,"content_disposition":null,"content_encoding":null,"content_language":null,"force_destroy":false,"key":"my-tf-log-bucket.json","metadata":null,"object_lock_legal_hold_status":null,"object_lock_mode":null,"object_lock_retain_until_date":null,"source":"../logs/my-tf-log-bucket.json","source_hash":null,"tags":null,"website_redirect":null},"sensitive_values":{"tags_all":{}}}]}},"resource_changes":[{"address":"aws_s3_bucket.name_0","mode":"managed","type":"aws_s3_bucket","name":"name_0","provider_name":"registry.terraform.io/hashicorp/aws","change":{"actions":["create"],"before":null,"after":{"acl":"private","bucket":"my-tf-log-bucket","bucket_prefix":null,"force_destroy":false,"tags":null},"after_unknown":{"acceleration_status":true,"arn":true,"bucket_domain_name":true,"bucket_regional_domain_name":true,"cors_rule":true,"grant":true,"hosted_zone_id":true,"id":true,"lifecycle_rule":true,"logging":true,"object_lock_configuration":true,"object_lock_enabled":true,"policy":true,"region":true,"replication_configuration":true,"request_payer":true,"server_side_encryption_configuration":true,"tags_all":true,"versioning":true,"website":true,"website_domain":true,"website_endpoint":true},"before_sensitive":false,"after_sensitive":{"cors_rule":[],"grant":[],"lifecycle_rule":[],"logging":[],"object_lock_configuration":[],"replication_configuration":[],"server_side_encryption_configuration":[],"tags_all":{},"versioning":[],"website":[]}}},{"address":"aws_s3_bucket_object.name_1","mode":"managed","type":"aws_s3_bucket_object","name":"name_1","provider_name":"registry.terraform.io/hashicorp/aws","change":{"actions":["create"],"before":null,"after":{"acl":"private","cache_control":null,"content":null,"content_base64":null,"content_disposition":null,"content_encoding":null,"content_language":null,"force_destroy":false,"key":"my-tf-log-bucket.json","metadata":null,"object_lock_legal_hold_status":null,"object_lock_mode":null,"object_lock_retain_until_date":null,"source":"../logs/my-tf-log-bucket.json","source_hash":null,"tags":null,"website_redirect":null},"after_unknown":{"bucket":true,"bucket_key_enabled":true,"content_type":true,"etag":true,"id":true,"kms_key_id":true,"server_side_encryption":true,"storage_class":true,"tags_all":true,"version_id":true},"before_sensitive":false,"after_sensitive":{"tags_all":{}}}}],"configuration":{"provider_config":{"aws":{"name":"aws","expressions":{"profile":{"constant_value":"default"},"region":{"constant_value":"us-east-1"}}}},"root_module":{"resources":[{"address":"aws_s3_bucket.name_0","mode":"managed","type":"aws_s3_bucket","name":"name_0","provider_config_key":"aws","expressions":{"acl":{"constant_value":"private"},"bucket":{"constant_value":"my-tf-log-bucket"}},"schema_version":0},{"address":"aws_s3_bucket_object.name_1","mode":"managed","type":"aws_s3_bucket_object","name":"name_1","provider_config_key":"aws","expressions":{"bucket":{"references":["aws_s3_bucket.name_0.id","aws_s3_bucket.name_0"]},"key":{"constant_value":"my-tf-log-bucket.json"},"source":{"constant_value":"../logs/my-tf-log-bucket.json"}},"schema_version":0}]}}}
