{"format_version":"1.0","terraform_version":"1.1.7","planned_values":{"root_module":{"resources":[{"address":"google_compute_instance_template.name_0","mode":"managed","type":"google_compute_instance_template","name":"name_0","provider_name":"registry.terraform.io/hashicorp/google","schema_version":1,"values":{"advanced_machine_features":[],"can_ip_forward":false,"description":null,"disk":[{"auto_delete":true,"boot":true,"disk_encryption_key":[],"disk_name":null,"labels":null,"resource_policies":null,"source":null,"source_image":"ubuntu-os-cloud/ubuntu-1804-lts"}],"guest_accelerator":[],"instance_description":null,"labels":null,"machine_type":"n1-node-96-624","metadata":{"disable-ssh-password":"true"},"metadata_startup_script":null,"min_cpu_platform":null,"name":"node-template","network_interface":[{"access_config":[],"alias_ip_range":[],"ipv6_access_config":[],"network":"default","network_ip":null,"nic_type":null,"queue_count":null}],"reservation_affinity":[],"service_account":[{"scopes":["https://www.googleapis.com/auth/compute.readonly","https://www.googleapis.com/auth/devstorage.read_only","https://www.googleapis.com/auth/userinfo.email"]}],"shielded_instance_config":[],"tags":null,"timeouts":null},"sensitive_values":{"advanced_machine_features":[],"confidential_instance_config":[],"disk":[{"disk_encryption_key":[]}],"guest_accelerator":[],"metadata":{},"network_interface":[{"access_config":[],"alias_ip_range":[],"ipv6_access_config":[]}],"reservation_affinity":[],"scheduling":[],"service_account":[{"scopes":[false,false,false]}],"shielded_instance_config":[]}}]}},"resource_changes":[{"address":"google_compute_instance_template.name_0","mode":"managed","type":"google_compute_instance_template","name":"name_0","provider_name":"registry.terraform.io/hashicorp/google","change":{"actions":["create"],"before":null,"after":{"advanced_machine_features":[],"can_ip_forward":false,"description":null,"disk":[{"auto_delete":true,"boot":true,"disk_encryption_key":[],"disk_name":null,"labels":null,"resource_policies":null,"source":null,"source_image":"ubuntu-os-cloud/ubuntu-1804-lts"}],"guest_accelerator":[],"instance_description":null,"labels":null,"machine_type":"n1-node-96-624","metadata":{"disable-ssh-password":"true"},"metadata_startup_script":null,"min_cpu_platform":null,"name":"node-template","network_interface":[{"access_config":[],"alias_ip_range":[],"ipv6_access_config":[],"network":"default","network_ip":null,"nic_type":null,"queue_count":null}],"reservation_affinity":[],"service_account":[{"scopes":["https://www.googleapis.com/auth/compute.readonly","https://www.googleapis.com/auth/devstorage.read_only","https://www.googleapis.com/auth/userinfo.email"]}],"shielded_instance_config":[],"tags":null,"timeouts":null},"after_unknown":{"advanced_machine_features":[],"confidential_instance_config":true,"disk":[{"device_name":true,"disk_encryption_key":[],"disk_size_gb":true,"disk_type":true,"interface":true,"mode":true,"type":true}],"guest_accelerator":[],"id":true,"metadata":{},"metadata_fingerprint":true,"name_prefix":true,"network_interface":[{"access_config":[],"alias_ip_range":[],"ipv6_access_config":[],"ipv6_access_type":true,"name":true,"stack_type":true,"subnetwork":true,"subnetwork_project":true}],"project":true,"region":true,"reservation_affinity":[],"scheduling":true,"self_link":true,"service_account":[{"email":true,"scopes":[false,false,false]}],"shielded_instance_config":[],"tags_fingerprint":true},"before_sensitive":false,"after_sensitive":{"advanced_machine_features":[],"confidential_instance_config":[],"disk":[{"disk_encryption_key":[]}],"guest_accelerator":[],"metadata":{},"network_interface":[{"access_config":[],"alias_ip_range":[],"ipv6_access_config":[]}],"reservation_affinity":[],"scheduling":[],"service_account":[{"scopes":[false,false,false]}],"shielded_instance_config":[]}}}],"configuration":{"provider_config":{"google":{"name":"google","expressions":{"region":{"constant_value":"europe-north1"}}}},"root_module":{"resources":[{"address":"google_compute_instance_template.name_0","mode":"managed","type":"google_compute_instance_template","name":"name_0","provider_config_key":"google","expressions":{"disk":[{"auto_delete":{"constant_value":true},"boot":{"constant_value":true},"source_image":{"constant_value":"ubuntu-os-cloud/ubuntu-1804-lts"}}],"machine_type":{"constant_value":"n1-node-96-624"},"metadata":{"constant_value":{"disable-ssh-password":"true"}},"name":{"constant_value":"node-template"},"network_interface":[{"network":{"constant_value":"default"}}],"service_account":[{"scopes":{"constant_value":["userinfo-email","compute-ro","storage-ro"]}}]},"schema_version":1}]}}}
