{"format_version":"1.0","terraform_version":"1.1.7","planned_values":{"root_module":{"resources":[{"address":"aws_route53_record.name_1","mode":"managed","type":"aws_route53_record","name":"name_1","provider_name":"registry.terraform.io/hashicorp/aws","schema_version":2,"values":{"alias":[],"failover_routing_policy":[],"geolocation_routing_policy":[],"health_check_id":null,"latency_routing_policy":[],"multivalue_answer_routing_policy":null,"name":"example.terraform.local","records":["10.0.0.0/16"],"set_identifier":null,"ttl":300,"type":"CNAME","weighted_routing_policy":[],"zone_id":"Z3H1O3H4ZRQJH1O"},"sensitive_values":{"alias":[],"failover_routing_policy":[],"geolocation_routing_policy":[],"latency_routing_policy":[],"records":[false],"weighted_routing_policy":[]}},{"address":"aws_vpc.name_0","mode":"managed","type":"aws_vpc","name":"name_0","provider_name":"registry.terraform.io/hashicorp/aws","schema_version":1,"values":{"assign_generated_ipv6_cidr_block":null,"cidr_block":"10.0.0.0/16","enable_dns_support":true,"instance_tenancy":"default","ipv4_ipam_pool_id":null,"ipv4_netmask_length":null,"ipv6_ipam_pool_id":null,"ipv6_netmask_length":null,"tags":null},"sensitive_values":{"tags_all":{}}}]}},"resource_changes":[{"address":"aws_route53_record.name_1","mode":"managed","type":"aws_route53_record","name":"name_1","provider_name":"registry.terraform.io/hashicorp/aws","change":{"actions":["create"],"before":null,"after":{"alias":[],"failover_routing_policy":[],"geolocation_routing_policy":[],"health_check_id":null,"latency_routing_policy":[],"multivalue_answer_routing_policy":null,"name":"example.terraform.local","records":["10.0.0.0/16"],"set_identifier":null,"ttl":300,"type":"CNAME","weighted_routing_policy":[],"zone_id":"Z3H1O3H4ZRQJH1O"},"after_unknown":{"alias":[],"allow_overwrite":true,"failover_routing_policy":[],"fqdn":true,"geolocation_routing_policy":[],"id":true,"latency_routing_policy":[],"records":[false],"weighted_routing_policy":[]},"before_sensitive":false,"after_sensitive":{"alias":[],"failover_routing_policy":[],"geolocation_routing_policy":[],"latency_routing_policy":[],"records":[false],"weighted_routing_policy":[]}}},{"address":"aws_vpc.name_0","mode":"managed","type":"aws_vpc","name":"name_0","provider_name":"registry.terraform.io/hashicorp/aws","change":{"actions":["create"],"before":null,"after":{"assign_generated_ipv6_cidr_block":null,"cidr_block":"10.0.0.0/16","enable_dns_support":true,"instance_tenancy":"default","ipv4_ipam_pool_id":null,"ipv4_netmask_length":null,"ipv6_ipam_pool_id":null,"ipv6_netmask_length":null,"tags":null},"after_unknown":{"arn":true,"default_network_acl_id":true,"default_route_table_id":true,"default_security_group_id":true,"dhcp_options_id":true,"enable_classiclink":true,"enable_classiclink_dns_support":true,"enable_dns_hostnames":true,"id":true,"ipv6_association_id":true,"ipv6_cidr_block":true,"ipv6_cidr_block_network_border_group":true,"main_route_table_id":true,"owner_id":true,"tags_all":true},"before_sensitive":false,"after_sensitive":{"tags_all":{}}}}],"configuration":{"provider_config":{"aws":{"name":"aws","expressions":{"profile":{"constant_value":"default"},"region":{"constant_value":"us-east-1"}}}},"root_module":{"resources":[{"address":"aws_route53_record.name_1","mode":"managed","type":"aws_route53_record","name":"name_1","provider_config_key":"aws","expressions":{"name":{"constant_value":"example.terraform.local"},"records":{"references":["aws_vpc.name_0.cidr_block","aws_vpc.name_0"]},"ttl":{"constant_value":"300"},"type":{"constant_value":"CNAME"},"zone_id":{"constant_value":"Z3H1O3H4ZRQJH1O"}},"schema_version":2},{"address":"aws_vpc.name_0","mode":"managed","type":"aws_vpc","name":"name_0","provider_config_key":"aws","expressions":{"cidr_block":{"constant_value":"10.0.0.0/16"}},"schema_version":1}]}}}
