{"format_version":"1.0","terraform_version":"1.1.7","planned_values":{"root_module":{"resources":[{"address":"google_bigquery_dataset.name_0","mode":"managed","type":"google_bigquery_dataset","name":"name_0","provider_name":"registry.terraform.io/hashicorp/google","schema_version":0,"values":{"access":[{"dataset":[],"domain":"hashicorp.com","group_by_email":"","role":"READER","special_group":"","user_by_email":"","view":[]}],"dataset_id":"example_dataset","default_encryption_configuration":[],"default_partition_expiration_ms":null,"default_table_expiration_ms":3600000,"delete_contents_on_destroy":false,"description":null,"friendly_name":null,"labels":null,"location":"EU","timeouts":null},"sensitive_values":{"access":[{"dataset":[],"view":[]}],"default_encryption_configuration":[]}}]}},"resource_changes":[{"address":"google_bigquery_dataset.name_0","mode":"managed","type":"google_bigquery_dataset","name":"name_0","provider_name":"registry.terraform.io/hashicorp/google","change":{"actions":["create"],"before":null,"after":{"access":[{"dataset":[],"domain":"hashicorp.com","group_by_email":"","role":"READER","special_group":"","user_by_email":"","view":[]}],"dataset_id":"example_dataset","default_encryption_configuration":[],"default_partition_expiration_ms":null,"default_table_expiration_ms":3600000,"delete_contents_on_destroy":false,"description":null,"friendly_name":null,"labels":null,"location":"EU","timeouts":null},"after_unknown":{"access":[{"dataset":[],"view":[]}],"creation_time":true,"default_encryption_configuration":[],"etag":true,"id":true,"last_modified_time":true,"project":true,"self_link":true},"before_sensitive":false,"after_sensitive":{"access":[{"dataset":[],"view":[]}],"default_encryption_configuration":[]}}}],"configuration":{"provider_config":{"google":{"name":"google","expressions":{"region":{"constant_value":"europe-north1"}}}},"root_module":{"resources":[{"address":"google_bigquery_dataset.name_0","mode":"managed","type":"google_bigquery_dataset","name":"name_0","provider_config_key":"google","expressions":{"access":[{"domain":{"constant_value":"hashicorp.com"},"role":{"constant_value":"READER"}}],"dataset_id":{"constant_value":"example_dataset"},"default_table_expiration_ms":{"constant_value":3600000},"location":{"constant_value":"EU"}},"schema_version":0}]}}}
