{"format_version":"1.0","terraform_version":"1.1.3","planned_values":{"root_module":{"resources":[{"address":"aws_iam_user.name_0","mode":"managed","type":"aws_iam_user","name":"name_0","provider_name":"registry.terraform.io/hashicorp/aws","schema_version":0,"values":{"force_destroy":false,"name":"TJack","path":"/","permissions_boundary":null,"tags":{"Name":"TJack"},"tags_all":{"Name":"TJack"}},"sensitive_values":{"tags":{},"tags_all":{}}}]}},"resource_changes":[{"address":"aws_iam_user.name_0","mode":"managed","type":"aws_iam_user","name":"name_0","provider_name":"registry.terraform.io/hashicorp/aws","change":{"actions":["create"],"before":null,"after":{"force_destroy":false,"name":"TJack","path":"/","permissions_boundary":null,"tags":{"Name":"TJack"},"tags_all":{"Name":"TJack"}},"after_unknown":{"arn":true,"id":true,"tags":{},"tags_all":{},"unique_id":true},"before_sensitive":false,"after_sensitive":{"tags":{},"tags_all":{}}}}],"configuration":{"provider_config":{"aws":{"name":"aws","expressions":{"profile":{"constant_value":"default"},"region":{"constant_value":"us-east-1"}}}},"root_module":{"resources":[{"address":"aws_iam_user.name_0","mode":"managed","type":"aws_iam_user","name":"name_0","provider_config_key":"aws","expressions":{"name":{"constant_value":"TJack"},"path":{"constant_value":"/"},"tags":{"constant_value":{"Name":"TJack"}}},"schema_version":0}]}}}
