{"format_version":"1.0","terraform_version":"1.1.7","planned_values":{"root_module":{"resources":[{"address":"google_bigquery_dataset.name_0","mode":"managed","type":"google_bigquery_dataset","name":"name_0","provider_name":"registry.terraform.io/hashicorp/google","schema_version":0,"values":{"dataset_id":"my_dataset","default_encryption_configuration":[],"default_partition_expiration_ms":null,"default_table_expiration_ms":null,"delete_contents_on_destroy":false,"description":null,"friendly_name":null,"labels":null,"location":"EU","timeouts":null},"sensitive_values":{"access":[],"default_encryption_configuration":[]}}]}},"resource_changes":[{"address":"google_bigquery_dataset.name_0","mode":"managed","type":"google_bigquery_dataset","name":"name_0","provider_name":"registry.terraform.io/hashicorp/google","change":{"actions":["create"],"before":null,"after":{"dataset_id":"my_dataset","default_encryption_configuration":[],"default_partition_expiration_ms":null,"default_table_expiration_ms":null,"delete_contents_on_destroy":false,"description":null,"friendly_name":null,"labels":null,"location":"EU","timeouts":null},"after_unknown":{"access":true,"creation_time":true,"default_encryption_configuration":[],"etag":true,"id":true,"last_modified_time":true,"project":true,"self_link":true},"before_sensitive":false,"after_sensitive":{"access":[],"default_encryption_configuration":[]}}}],"configuration":{"provider_config":{"google":{"name":"google"}},"root_module":{"resources":[{"address":"google_bigquery_dataset.name_0","mode":"managed","type":"google_bigquery_dataset","name":"name_0","provider_config_key":"google","expressions":{"dataset_id":{"constant_value":"my_dataset"},"location":{"constant_value":"EU"}},"schema_version":0}]}}}
