{"format_version":"1.0","terraform_version":"1.1.7","planned_values":{"root_module":{"resources":[{"address":"google_compute_image.name_0","mode":"managed","type":"google_compute_image","name":"name_0","provider_name":"registry.terraform.io/hashicorp/google","schema_version":0,"values":{"description":null,"family":null,"labels":null,"name":"my-image","raw_disk":[],"source_disk":null,"source_image":null,"source_snapshot":null,"timeouts":null},"sensitive_values":{"guest_os_features":[],"licenses":[],"raw_disk":[]}}]}},"resource_changes":[{"address":"google_compute_image.name_0","mode":"managed","type":"google_compute_image","name":"name_0","provider_name":"registry.terraform.io/hashicorp/google","change":{"actions":["create"],"before":null,"after":{"description":null,"family":null,"labels":null,"name":"my-image","raw_disk":[],"source_disk":null,"source_image":null,"source_snapshot":null,"timeouts":null},"after_unknown":{"archive_size_bytes":true,"creation_timestamp":true,"disk_size_gb":true,"guest_os_features":true,"id":true,"label_fingerprint":true,"licenses":true,"project":true,"raw_disk":[],"self_link":true},"before_sensitive":false,"after_sensitive":{"guest_os_features":[],"licenses":[],"raw_disk":[]}}}],"configuration":{"provider_config":{"google":{"name":"google"}},"root_module":{"resources":[{"address":"google_compute_image.name_0","mode":"managed","type":"google_compute_image","name":"name_0","provider_config_key":"google","expressions":{"name":{"constant_value":"my-image"}},"schema_version":0}]}}}
