{"format_version":"1.1","terraform_version":"1.1.0-dev","planned_values":{"root_module":{"resources":[{"address":"azurerm_firewall.name_4","mode":"managed","type":"azurerm_firewall","name":"name_4","provider_name":"registry.terraform.io/hashicorp/azurerm","schema_version":0,"values":{"dns_servers":null,"firewall_policy_id":null,"ip_configuration":[{"name":"configuration"}],"location":"westeurope","management_ip_configuration":[],"name":"testfirewall","private_ip_ranges":null,"resource_group_name":"example-resources","tags":null,"threat_intel_mode":"Alert","timeouts":null,"virtual_hub":[],"zones":null},"sensitive_values":{"ip_configuration":[{}],"management_ip_configuration":[],"virtual_hub":[]}},{"address":"azurerm_public_ip.name_3","mode":"managed","type":"azurerm_public_ip","name":"name_3","provider_name":"registry.terraform.io/hashicorp/azurerm","schema_version":0,"values":{"allocation_method":"Static","domain_name_label":null,"idle_timeout_in_minutes":4,"ip_tags":null,"ip_version":"IPv4","location":"westeurope","name":"testpip","public_ip_prefix_id":null,"resource_group_name":"example-resources","reverse_fqdn":null,"sku":"Standard","sku_tier":"Regional","tags":null,"timeouts":null},"sensitive_values":{"zones":[]}},{"address":"azurerm_resource_group.name_0","mode":"managed","type":"azurerm_resource_group","name":"name_0","provider_name":"registry.terraform.io/hashicorp/azurerm","schema_version":0,"values":{"location":"westeurope","name":"example-resources","tags":null,"timeouts":null},"sensitive_values":{}},{"address":"azurerm_subnet.name_2","mode":"managed","type":"azurerm_subnet","name":"name_2","provider_name":"registry.terraform.io/hashicorp/azurerm","schema_version":0,"values":{"address_prefixes":["10.0.1.0/24"],"delegation":[],"enforce_private_link_endpoint_network_policies":false,"enforce_private_link_service_network_policies":false,"name":"AzureFirewallSubnet","resource_group_name":"example-resources","service_endpoint_policy_ids":null,"service_endpoints":null,"timeouts":null,"virtual_network_name":"testvnet"},"sensitive_values":{"address_prefixes":[false],"delegation":[]}},{"address":"azurerm_virtual_network.name_1","mode":"managed","type":"azurerm_virtual_network","name":"name_1","provider_name":"registry.terraform.io/hashicorp/azurerm","schema_version":0,"values":{"address_space":["10.0.0.0/16"],"bgp_community":null,"ddos_protection_plan":[],"flow_timeout_in_minutes":null,"location":"westeurope","name":"testvnet","resource_group_name":"example-resources","tags":null,"timeouts":null,"vm_protection_enabled":false},"sensitive_values":{"address_space":[false],"ddos_protection_plan":[],"dns_servers":[],"subnet":[]}}]}},"resource_changes":[{"address":"azurerm_firewall.name_4","mode":"managed","type":"azurerm_firewall","name":"name_4","provider_name":"registry.terraform.io/hashicorp/azurerm","change":{"actions":["create"],"before":null,"after":{"dns_servers":null,"firewall_policy_id":null,"ip_configuration":[{"name":"configuration"}],"location":"westeurope","management_ip_configuration":[],"name":"testfirewall","private_ip_ranges":null,"resource_group_name":"example-resources","tags":null,"threat_intel_mode":"Alert","timeouts":null,"virtual_hub":[],"zones":null},"after_unknown":{"id":true,"ip_configuration":[{"private_ip_address":true,"public_ip_address_id":true,"subnet_id":true}],"management_ip_configuration":[],"sku_name":true,"sku_tier":true,"virtual_hub":[]},"before_sensitive":false,"after_sensitive":{"ip_configuration":[{}],"management_ip_configuration":[],"virtual_hub":[]}}},{"address":"azurerm_public_ip.name_3","mode":"managed","type":"azurerm_public_ip","name":"name_3","provider_name":"registry.terraform.io/hashicorp/azurerm","change":{"actions":["create"],"before":null,"after":{"allocation_method":"Static","domain_name_label":null,"idle_timeout_in_minutes":4,"ip_tags":null,"ip_version":"IPv4","location":"westeurope","name":"testpip","public_ip_prefix_id":null,"resource_group_name":"example-resources","reverse_fqdn":null,"sku":"Standard","sku_tier":"Regional","tags":null,"timeouts":null},"after_unknown":{"availability_zone":true,"fqdn":true,"id":true,"ip_address":true,"zones":true},"before_sensitive":false,"after_sensitive":{"zones":[]}}},{"address":"azurerm_resource_group.name_0","mode":"managed","type":"azurerm_resource_group","name":"name_0","provider_name":"registry.terraform.io/hashicorp/azurerm","change":{"actions":["create"],"before":null,"after":{"location":"westeurope","name":"example-resources","tags":null,"timeouts":null},"after_unknown":{"id":true},"before_sensitive":false,"after_sensitive":{}}},{"address":"azurerm_subnet.name_2","mode":"managed","type":"azurerm_subnet","name":"name_2","provider_name":"registry.terraform.io/hashicorp/azurerm","change":{"actions":["create"],"before":null,"after":{"address_prefixes":["10.0.1.0/24"],"delegation":[],"enforce_private_link_endpoint_network_policies":false,"enforce_private_link_service_network_policies":false,"name":"AzureFirewallSubnet","resource_group_name":"example-resources","service_endpoint_policy_ids":null,"service_endpoints":null,"timeouts":null,"virtual_network_name":"testvnet"},"after_unknown":{"address_prefix":true,"address_prefixes":[false],"delegation":[],"id":true},"before_sensitive":false,"after_sensitive":{"address_prefixes":[false],"delegation":[]}}},{"address":"azurerm_virtual_network.name_1","mode":"managed","type":"azurerm_virtual_network","name":"name_1","provider_name":"registry.terraform.io/hashicorp/azurerm","change":{"actions":["create"],"before":null,"after":{"address_space":["10.0.0.0/16"],"bgp_community":null,"ddos_protection_plan":[],"flow_timeout_in_minutes":null,"location":"westeurope","name":"testvnet","resource_group_name":"example-resources","tags":null,"timeouts":null,"vm_protection_enabled":false},"after_unknown":{"address_space":[false],"ddos_protection_plan":[],"dns_servers":true,"guid":true,"id":true,"subnet":true},"before_sensitive":false,"after_sensitive":{"address_space":[false],"ddos_protection_plan":[],"dns_servers":[],"subnet":[]}}}],"configuration":{"provider_config":{"azurerm":{"name":"azurerm","full_name":"registry.terraform.io/hashicorp/azurerm","expressions":{"features":[{}]}}},"root_module":{"resources":[{"address":"azurerm_firewall.name_4","mode":"managed","type":"azurerm_firewall","name":"name_4","provider_config_key":"azurerm","expressions":{"ip_configuration":[{"name":{"constant_value":"configuration"},"public_ip_address_id":{"references":["azurerm_public_ip.name_3.id","azurerm_public_ip.name_3"]},"subnet_id":{"references":["azurerm_subnet.name_2.id","azurerm_subnet.name_2"]}}],"location":{"references":["azurerm_resource_group.name_0.location","azurerm_resource_group.name_0"]},"name":{"constant_value":"testfirewall"},"resource_group_name":{"references":["azurerm_resource_group.name_0.name","azurerm_resource_group.name_0"]}},"schema_version":0},{"address":"azurerm_public_ip.name_3","mode":"managed","type":"azurerm_public_ip","name":"name_3","provider_config_key":"azurerm","expressions":{"allocation_method":{"constant_value":"Static"},"location":{"references":["azurerm_resource_group.name_0.location","azurerm_resource_group.name_0"]},"name":{"constant_value":"testpip"},"resource_group_name":{"references":["azurerm_resource_group.name_0.name","azurerm_resource_group.name_0"]},"sku":{"constant_value":"Standard"}},"schema_version":0},{"address":"azurerm_resource_group.name_0","mode":"managed","type":"azurerm_resource_group","name":"name_0","provider_config_key":"azurerm","expressions":{"location":{"constant_value":"West Europe"},"name":{"constant_value":"example-resources"}},"schema_version":0},{"address":"azurerm_subnet.name_2","mode":"managed","type":"azurerm_subnet","name":"name_2","provider_config_key":"azurerm","expressions":{"address_prefixes":{"constant_value":["10.0.1.0/24"]},"name":{"constant_value":"AzureFirewallSubnet"},"resource_group_name":{"references":["azurerm_resource_group.name_0.name","azurerm_resource_group.name_0"]},"virtual_network_name":{"references":["azurerm_virtual_network.name_1.name","azurerm_virtual_network.name_1"]}},"schema_version":0},{"address":"azurerm_virtual_network.name_1","mode":"managed","type":"azurerm_virtual_network","name":"name_1","provider_config_key":"azurerm","expressions":{"address_space":{"constant_value":["10.0.0.0/16"]},"location":{"references":["azurerm_resource_group.name_0.location","azurerm_resource_group.name_0"]},"name":{"constant_value":"testvnet"},"resource_group_name":{"references":["azurerm_resource_group.name_0.name","azurerm_resource_group.name_0"]}},"schema_version":0}]}}}
