{"format_version":"1.0","terraform_version":"1.1.7","planned_values":{"root_module":{"resources":[{"address":"google_compute_instance.name_0","mode":"managed","type":"google_compute_instance","name":"name_0","provider_name":"registry.terraform.io/hashicorp/google","schema_version":6,"values":{"advanced_machine_features":[],"allow_stopping_for_update":null,"attached_disk":[],"boot_disk":[{"auto_delete":true,"disk_encryption_key_raw":null,"initialize_params":[{"image":"debian-cloud/debian-9"}],"mode":"READ_WRITE"}],"can_ip_forward":false,"deletion_protection":false,"description":null,"desired_status":null,"enable_display":null,"hostname":null,"labels":null,"machine_type":"e2-medium","metadata":null,"metadata_startup_script":"sudo apt-get update; sudo apt-get install -y nginx","name":"my-notebook-instance-%{random_suffix}","network_interface":[{"access_config":[{"public_ptr_domain_name":null}],"alias_ip_range":[],"ipv6_access_config":[],"network":"default","nic_type":null,"queue_count":null}],"resource_policies":null,"scratch_disk":[],"service_account":[{"scopes":["https://www.googleapis.com/auth/compute.readonly"]}],"shielded_instance_config":[],"tags":["minimal-gce-example-com-k8s-io-role-master"],"timeouts":null,"zone":"europe-west1-b"},"sensitive_values":{"advanced_machine_features":[],"attached_disk":[],"boot_disk":[{"initialize_params":[{"labels":{}}]}],"confidential_instance_config":[],"guest_accelerator":[],"network_interface":[{"access_config":[{}],"alias_ip_range":[],"ipv6_access_config":[]}],"reservation_affinity":[],"scheduling":[],"scratch_disk":[],"service_account":[{"scopes":[false]}],"shielded_instance_config":[],"tags":[false]}}]}},"resource_changes":[{"address":"google_compute_instance.name_0","mode":"managed","type":"google_compute_instance","name":"name_0","provider_name":"registry.terraform.io/hashicorp/google","change":{"actions":["create"],"before":null,"after":{"advanced_machine_features":[],"allow_stopping_for_update":null,"attached_disk":[],"boot_disk":[{"auto_delete":true,"disk_encryption_key_raw":null,"initialize_params":[{"image":"debian-cloud/debian-9"}],"mode":"READ_WRITE"}],"can_ip_forward":false,"deletion_protection":false,"description":null,"desired_status":null,"enable_display":null,"hostname":null,"labels":null,"machine_type":"e2-medium","metadata":null,"metadata_startup_script":"sudo apt-get update; sudo apt-get install -y nginx","name":"my-notebook-instance-%{random_suffix}","network_interface":[{"access_config":[{"public_ptr_domain_name":null}],"alias_ip_range":[],"ipv6_access_config":[],"network":"default","nic_type":null,"queue_count":null}],"resource_policies":null,"scratch_disk":[],"service_account":[{"scopes":["https://www.googleapis.com/auth/compute.readonly"]}],"shielded_instance_config":[],"tags":["minimal-gce-example-com-k8s-io-role-master"],"timeouts":null,"zone":"europe-west1-b"},"after_unknown":{"advanced_machine_features":[],"attached_disk":[],"boot_disk":[{"device_name":true,"disk_encryption_key_sha256":true,"initialize_params":[{"labels":true,"size":true,"type":true}],"kms_key_self_link":true,"source":true}],"confidential_instance_config":true,"cpu_platform":true,"current_status":true,"guest_accelerator":true,"id":true,"instance_id":true,"label_fingerprint":true,"metadata_fingerprint":true,"min_cpu_platform":true,"network_interface":[{"access_config":[{"nat_ip":true,"network_tier":true}],"alias_ip_range":[],"ipv6_access_config":[],"ipv6_access_type":true,"name":true,"network_ip":true,"stack_type":true,"subnetwork":true,"subnetwork_project":true}],"project":true,"reservation_affinity":true,"scheduling":true,"scratch_disk":[],"self_link":true,"service_account":[{"email":true,"scopes":[false]}],"shielded_instance_config":[],"tags":[false],"tags_fingerprint":true},"before_sensitive":false,"after_sensitive":{"advanced_machine_features":[],"attached_disk":[],"boot_disk":[{"disk_encryption_key_raw":true,"initialize_params":[{"labels":{}}]}],"confidential_instance_config":[],"guest_accelerator":[],"network_interface":[{"access_config":[{}],"alias_ip_range":[],"ipv6_access_config":[]}],"reservation_affinity":[],"scheduling":[],"scratch_disk":[],"service_account":[{"scopes":[false]}],"shielded_instance_config":[],"tags":[false]}}}],"configuration":{"provider_config":{"google":{"name":"google"}},"root_module":{"resources":[{"address":"google_compute_instance.name_0","mode":"managed","type":"google_compute_instance","name":"name_0","provider_config_key":"google","expressions":{"boot_disk":[{"initialize_params":[{"image":{"constant_value":"debian-cloud/debian-9"}}]}],"machine_type":{"constant_value":"e2-medium"},"metadata_startup_script":{"constant_value":"sudo apt-get update; sudo apt-get install -y nginx"},"name":{"constant_value":"my-notebook-instance-%{random_suffix}"},"network_interface":[{"access_config":[{}],"network":{"constant_value":"default"}}],"service_account":[{"scopes":{"constant_value":["https://www.googleapis.com/auth/compute.readonly"]}}],"tags":{"constant_value":["minimal-gce-example-com-k8s-io-role-master"]},"zone":{"constant_value":"europe-west1-b"}},"schema_version":6}]}}}
