{"format_version":"1.1","terraform_version":"1.1.0-dev","planned_values":{"root_module":{"resources":[{"address":"google_compute_network.name_1","mode":"managed","type":"google_compute_network","name":"name_1","provider_name":"registry.terraform.io/hashicorp/google","schema_version":0,"values":{"auto_create_subnetworks":true,"delete_default_routes_on_create":false,"description":null,"name":"compute-network","timeouts":null},"sensitive_values":{}},{"address":"google_compute_route.name_1","mode":"managed","type":"google_compute_route","name":"name_1","provider_name":"registry.terraform.io/hashicorp/google","schema_version":0,"values":{"description":null,"dest_range":"15.0.0.0/24","name":"network-route","network":"compute-network","next_hop_gateway":null,"next_hop_ilb":null,"next_hop_instance":null,"next_hop_ip":"10.132.1.5","next_hop_vpn_tunnel":null,"priority":100,"tags":null,"timeouts":null},"sensitive_values":{}}]}},"resource_changes":[{"address":"google_compute_network.name_1","mode":"managed","type":"google_compute_network","name":"name_1","provider_name":"registry.terraform.io/hashicorp/google","change":{"actions":["create"],"before":null,"after":{"auto_create_subnetworks":true,"delete_default_routes_on_create":false,"description":null,"name":"compute-network","timeouts":null},"after_unknown":{"gateway_ipv4":true,"id":true,"mtu":true,"project":true,"routing_mode":true,"self_link":true},"before_sensitive":false,"after_sensitive":{}}},{"address":"google_compute_route.name_1","mode":"managed","type":"google_compute_route","name":"name_1","provider_name":"registry.terraform.io/hashicorp/google","change":{"actions":["create"],"before":null,"after":{"description":null,"dest_range":"15.0.0.0/24","name":"network-route","network":"compute-network","next_hop_gateway":null,"next_hop_ilb":null,"next_hop_instance":null,"next_hop_ip":"10.132.1.5","next_hop_vpn_tunnel":null,"priority":100,"tags":null,"timeouts":null},"after_unknown":{"id":true,"next_hop_instance_zone":true,"next_hop_network":true,"project":true,"self_link":true},"before_sensitive":false,"after_sensitive":{}}}],"configuration":{"provider_config":{"google":{"name":"google","full_name":"registry.terraform.io/hashicorp/google"}},"root_module":{"resources":[{"address":"google_compute_network.name_1","mode":"managed","type":"google_compute_network","name":"name_1","provider_config_key":"google","expressions":{"name":{"constant_value":"compute-network"}},"schema_version":0},{"address":"google_compute_route.name_1","mode":"managed","type":"google_compute_route","name":"name_1","provider_config_key":"google","expressions":{"dest_range":{"constant_value":"15.0.0.0/24"},"name":{"constant_value":"network-route"},"network":{"references":["google_compute_network.name_1.name","google_compute_network.name_1"]},"next_hop_ip":{"constant_value":"10.132.1.5"},"priority":{"constant_value":100}},"schema_version":0}]}}}
