{"format_version":"1.1","terraform_version":"1.1.0-dev","planned_values":{"root_module":{"resources":[{"address":"azurerm_iot_security_solution.name_2","mode":"managed","type":"azurerm_iot_security_solution","name":"name_2","provider_name":"registry.terraform.io/hashicorp/azurerm","schema_version":0,"values":{"additional_workspace":[],"disabled_data_sources":null,"display_name":"Iot Security Solution","enabled":true,"events_to_export":null,"location":"westeurope","log_analytics_workspace_id":null,"log_unmasked_ips_enabled":false,"name":"example-Iot-Security-Solution","resource_group_name":"example-resources","tags":null,"timeouts":null},"sensitive_values":{"additional_workspace":[],"iothub_ids":[],"query_subscription_ids":[],"recommendations_enabled":[]}},{"address":"azurerm_iothub.name_1","mode":"managed","type":"azurerm_iothub","name":"name_1","provider_name":"registry.terraform.io/hashicorp/azurerm","schema_version":0,"values":{"file_upload":[],"identity":[],"ip_filter_rule":[],"location":"westeurope","min_tls_version":null,"name":"example-IoTHub","network_rule_set":[],"public_network_access_enabled":null,"resource_group_name":"example-resources","sku":[{"capacity":1,"name":"S1"}],"tags":null,"timeouts":null},"sensitive_values":{"cloud_to_device":[],"endpoint":[],"enrichment":[],"fallback_route":[],"file_upload":[],"identity":[],"ip_filter_rule":[],"network_rule_set":[],"route":[],"shared_access_policy":[],"sku":[{}]}},{"address":"azurerm_resource_group.name_0","mode":"managed","type":"azurerm_resource_group","name":"name_0","provider_name":"registry.terraform.io/hashicorp/azurerm","schema_version":0,"values":{"location":"westeurope","name":"example-resources","tags":null,"timeouts":null},"sensitive_values":{}}]}},"resource_changes":[{"address":"azurerm_iot_security_solution.name_2","mode":"managed","type":"azurerm_iot_security_solution","name":"name_2","provider_name":"registry.terraform.io/hashicorp/azurerm","change":{"actions":["create"],"before":null,"after":{"additional_workspace":[],"disabled_data_sources":null,"display_name":"Iot Security Solution","enabled":true,"events_to_export":null,"location":"westeurope","log_analytics_workspace_id":null,"log_unmasked_ips_enabled":false,"name":"example-Iot-Security-Solution","resource_group_name":"example-resources","tags":null,"timeouts":null},"after_unknown":{"additional_workspace":[],"id":true,"iothub_ids":true,"query_for_resources":true,"query_subscription_ids":true,"recommendations_enabled":true},"before_sensitive":false,"after_sensitive":{"additional_workspace":[],"iothub_ids":[],"query_subscription_ids":[],"recommendations_enabled":[]}}},{"address":"azurerm_iothub.name_1","mode":"managed","type":"azurerm_iothub","name":"name_1","provider_name":"registry.terraform.io/hashicorp/azurerm","change":{"actions":["create"],"before":null,"after":{"file_upload":[],"identity":[],"ip_filter_rule":[],"location":"westeurope","min_tls_version":null,"name":"example-IoTHub","network_rule_set":[],"public_network_access_enabled":null,"resource_group_name":"example-resources","sku":[{"capacity":1,"name":"S1"}],"tags":null,"timeouts":null},"after_unknown":{"cloud_to_device":true,"endpoint":true,"enrichment":true,"event_hub_events_endpoint":true,"event_hub_events_namespace":true,"event_hub_events_path":true,"event_hub_operations_endpoint":true,"event_hub_operations_path":true,"event_hub_partition_count":true,"event_hub_retention_in_days":true,"fallback_route":true,"file_upload":[],"hostname":true,"id":true,"identity":[],"ip_filter_rule":[],"network_rule_set":[],"route":true,"shared_access_policy":true,"sku":[{}],"type":true},"before_sensitive":false,"after_sensitive":{"cloud_to_device":[],"endpoint":[],"enrichment":[],"fallback_route":[],"file_upload":[],"identity":[],"ip_filter_rule":[],"network_rule_set":[],"route":[],"shared_access_policy":[],"sku":[{}]}}},{"address":"azurerm_resource_group.name_0","mode":"managed","type":"azurerm_resource_group","name":"name_0","provider_name":"registry.terraform.io/hashicorp/azurerm","change":{"actions":["create"],"before":null,"after":{"location":"westeurope","name":"example-resources","tags":null,"timeouts":null},"after_unknown":{"id":true},"before_sensitive":false,"after_sensitive":{}}}],"configuration":{"provider_config":{"azurerm":{"name":"azurerm","full_name":"registry.terraform.io/hashicorp/azurerm","expressions":{"features":[{}]}}},"root_module":{"resources":[{"address":"azurerm_iot_security_solution.name_2","mode":"managed","type":"azurerm_iot_security_solution","name":"name_2","provider_config_key":"azurerm","expressions":{"display_name":{"constant_value":"Iot Security Solution"},"iothub_ids":{"references":["azurerm_iothub.name_1.id","azurerm_iothub.name_1"]},"location":{"references":["azurerm_resource_group.name_0.location","azurerm_resource_group.name_0"]},"name":{"constant_value":"example-Iot-Security-Solution"},"resource_group_name":{"references":["azurerm_resource_group.name_0.name","azurerm_resource_group.name_0"]}},"schema_version":0},{"address":"azurerm_iothub.name_1","mode":"managed","type":"azurerm_iothub","name":"name_1","provider_config_key":"azurerm","expressions":{"location":{"references":["azurerm_resource_group.name_0.location","azurerm_resource_group.name_0"]},"name":{"constant_value":"example-IoTHub"},"resource_group_name":{"references":["azurerm_resource_group.name_0.name","azurerm_resource_group.name_0"]},"sku":[{"capacity":{"constant_value":"1"},"name":{"constant_value":"S1"}}]},"schema_version":0},{"address":"azurerm_resource_group.name_0","mode":"managed","type":"azurerm_resource_group","name":"name_0","provider_config_key":"azurerm","expressions":{"location":{"constant_value":"West Europe"},"name":{"constant_value":"example-resources"}},"schema_version":0}]}}}
