{"format_version":"1.0","terraform_version":"1.1.7","planned_values":{"root_module":{"resources":[{"address":"google_compute_node_template.name_0","mode":"managed","type":"google_compute_node_template","name":"name_0","provider_name":"registry.terraform.io/hashicorp/google","schema_version":0,"values":{"cpu_overcommit_type":"NONE","description":null,"name":"my-node-template","node_affinity_labels":null,"node_type":"n1-node-96-624","node_type_flexibility":[],"region":"europe-west1","timeouts":null},"sensitive_values":{"node_type_flexibility":[],"server_binding":[]}}]}},"resource_changes":[{"address":"google_compute_node_template.name_0","mode":"managed","type":"google_compute_node_template","name":"name_0","provider_name":"registry.terraform.io/hashicorp/google","change":{"actions":["create"],"before":null,"after":{"cpu_overcommit_type":"NONE","description":null,"name":"my-node-template","node_affinity_labels":null,"node_type":"n1-node-96-624","node_type_flexibility":[],"region":"europe-west1","timeouts":null},"after_unknown":{"creation_timestamp":true,"id":true,"node_type_flexibility":[],"project":true,"self_link":true,"server_binding":true},"before_sensitive":false,"after_sensitive":{"node_type_flexibility":[],"server_binding":[]}}}],"configuration":{"provider_config":{"google":{"name":"google"}},"root_module":{"resources":[{"address":"google_compute_node_template.name_0","mode":"managed","type":"google_compute_node_template","name":"name_0","provider_config_key":"google","expressions":{"name":{"constant_value":"my-node-template"},"node_type":{"constant_value":"n1-node-96-624"},"region":{"constant_value":"europe-west1"}},"schema_version":0}]}}}
