{"format_version":"1.0","terraform_version":"1.1.7","planned_values":{"root_module":{"resources":[{"address":"aws_db_instance.name_0","mode":"managed","type":"aws_db_instance","name":"name_0","provider_name":"registry.terraform.io/hashicorp/aws","schema_version":1,"values":{"allocated_storage":5,"allow_major_version_upgrade":null,"auto_minor_version_upgrade":true,"copy_tags_to_snapshot":false,"customer_owned_ip_enabled":null,"delete_automated_backups":true,"deletion_protection":null,"domain":null,"domain_iam_role_name":null,"enabled_cloudwatch_logs_exports":null,"engine":"mysql","final_snapshot_identifier":null,"iam_database_authentication_enabled":null,"instance_class":"db.t2.micro","iops":null,"max_allocated_storage":null,"monitoring_interval":0,"password":"barbaz","performance_insights_enabled":false,"publicly_accessible":false,"replicate_source_db":null,"restore_to_point_in_time":[],"s3_import":[],"security_group_names":null,"skip_final_snapshot":true,"storage_encrypted":null,"tags":null,"timeouts":null,"username":"foo"},"sensitive_values":{"replicas":[],"restore_to_point_in_time":[],"s3_import":[],"tags_all":{},"vpc_security_group_ids":[]}}]}},"resource_changes":[{"address":"aws_db_instance.name_0","mode":"managed","type":"aws_db_instance","name":"name_0","provider_name":"registry.terraform.io/hashicorp/aws","change":{"actions":["create"],"before":null,"after":{"allocated_storage":5,"allow_major_version_upgrade":null,"auto_minor_version_upgrade":true,"copy_tags_to_snapshot":false,"customer_owned_ip_enabled":null,"delete_automated_backups":true,"deletion_protection":null,"domain":null,"domain_iam_role_name":null,"enabled_cloudwatch_logs_exports":null,"engine":"mysql","final_snapshot_identifier":null,"iam_database_authentication_enabled":null,"instance_class":"db.t2.micro","iops":null,"max_allocated_storage":null,"monitoring_interval":0,"password":"barbaz","performance_insights_enabled":false,"publicly_accessible":false,"replicate_source_db":null,"restore_to_point_in_time":[],"s3_import":[],"security_group_names":null,"skip_final_snapshot":true,"storage_encrypted":null,"tags":null,"timeouts":null,"username":"foo"},"after_unknown":{"address":true,"apply_immediately":true,"arn":true,"availability_zone":true,"backup_retention_period":true,"backup_window":true,"ca_cert_identifier":true,"character_set_name":true,"db_name":true,"db_subnet_group_name":true,"endpoint":true,"engine_version":true,"engine_version_actual":true,"hosted_zone_id":true,"id":true,"identifier":true,"identifier_prefix":true,"kms_key_id":true,"latest_restorable_time":true,"license_model":true,"maintenance_window":true,"monitoring_role_arn":true,"multi_az":true,"name":true,"nchar_character_set_name":true,"option_group_name":true,"parameter_group_name":true,"performance_insights_kms_key_id":true,"performance_insights_retention_period":true,"port":true,"replica_mode":true,"replicas":true,"resource_id":true,"restore_to_point_in_time":[],"s3_import":[],"snapshot_identifier":true,"status":true,"storage_type":true,"tags_all":true,"timezone":true,"vpc_security_group_ids":true},"before_sensitive":false,"after_sensitive":{"password":true,"replicas":[],"restore_to_point_in_time":[],"s3_import":[],"tags_all":{},"vpc_security_group_ids":[]}}}],"configuration":{"provider_config":{"aws":{"name":"aws","expressions":{"region":{"constant_value":"us-east-1"}}}},"root_module":{"resources":[{"address":"aws_db_instance.name_0","mode":"managed","type":"aws_db_instance","name":"name_0","provider_config_key":"aws","expressions":{"allocated_storage":{"constant_value":5},"engine":{"constant_value":"mysql"},"instance_class":{"constant_value":"db.t2.micro"},"password":{"constant_value":"barbaz"},"skip_final_snapshot":{"constant_value":true},"username":{"constant_value":"foo"}},"schema_version":1}]}}}
