{"format_version":"1.0","terraform_version":"1.1.7","planned_values":{"root_module":{"resources":[{"address":"aws_instance.name_1","mode":"managed","type":"aws_instance","name":"name_1","provider_name":"registry.terraform.io/hashicorp/aws","schema_version":1,"values":{"ami":"ami-06eecef118bbf9259","credit_specification":[],"get_password_data":false,"hibernation":null,"iam_instance_profile":null,"instance_type":"t2.mirco","launch_template":[],"source_dest_check":true,"tags":null,"timeouts":null,"user_data_replace_on_change":false,"volume_tags":null},"sensitive_values":{"capacity_reservation_specification":[],"credit_specification":[],"ebs_block_device":[],"enclave_options":[],"ephemeral_block_device":[],"ipv6_addresses":[],"launch_template":[],"maintenance_options":[],"metadata_options":[],"network_interface":[],"root_block_device":[],"secondary_private_ips":[],"security_groups":[],"tags_all":{},"vpc_security_group_ids":[]}}]}},"resource_changes":[{"address":"aws_instance.name_1","mode":"managed","type":"aws_instance","name":"name_1","provider_name":"registry.terraform.io/hashicorp/aws","change":{"actions":["create"],"before":null,"after":{"ami":"ami-06eecef118bbf9259","credit_specification":[],"get_password_data":false,"hibernation":null,"iam_instance_profile":null,"instance_type":"t2.mirco","launch_template":[],"source_dest_check":true,"tags":null,"timeouts":null,"user_data_replace_on_change":false,"volume_tags":null},"after_unknown":{"arn":true,"associate_public_ip_address":true,"availability_zone":true,"capacity_reservation_specification":true,"cpu_core_count":true,"cpu_threads_per_core":true,"credit_specification":[],"disable_api_termination":true,"ebs_block_device":true,"ebs_optimized":true,"enclave_options":true,"ephemeral_block_device":true,"host_id":true,"id":true,"instance_initiated_shutdown_behavior":true,"instance_state":true,"ipv6_address_count":true,"ipv6_addresses":true,"key_name":true,"launch_template":[],"maintenance_options":true,"metadata_options":true,"monitoring":true,"network_interface":true,"outpost_arn":true,"password_data":true,"placement_group":true,"placement_partition_number":true,"primary_network_interface_id":true,"private_dns":true,"private_ip":true,"public_dns":true,"public_ip":true,"root_block_device":true,"secondary_private_ips":true,"security_groups":true,"subnet_id":true,"tags_all":true,"tenancy":true,"user_data":true,"user_data_base64":true,"vpc_security_group_ids":true},"before_sensitive":false,"after_sensitive":{"capacity_reservation_specification":[],"credit_specification":[],"ebs_block_device":[],"enclave_options":[],"ephemeral_block_device":[],"ipv6_addresses":[],"launch_template":[],"maintenance_options":[],"metadata_options":[],"network_interface":[],"root_block_device":[],"secondary_private_ips":[],"security_groups":[],"tags_all":{},"vpc_security_group_ids":[]}}}],"prior_state":{"format_version":"1.0","terraform_version":"1.1.7","values":{"root_module":{"resources":[{"address":"data.aws_ami.name_0","mode":"data","type":"aws_ami","name":"name_0","provider_name":"registry.terraform.io/hashicorp/aws","schema_version":0,"values":{"architecture":"x86_64","arn":"arn:aws:ec2:us-east-1::image/ami-06eecef118bbf9259","block_device_mappings":[{"device_name":"/dev/xvda","ebs":{"delete_on_termination":"true","encrypted":"false","iops":"0","snapshot_id":"snap-00da65dccf27cf3ae","throughput":"0","volume_size":"8","volume_type":"gp2"},"no_device":"","virtual_name":""}],"boot_mode":"","creation_date":"2022-04-28T21:39:50.000Z","deprecation_time":"2024-04-28T21:39:50.000Z","description":"Amazon Linux 2 AMI 2.0.20220426.0 x86_64 HVM gp2","ena_support":true,"executable_users":null,"filter":[{"name":"architecture","values":["x86_64"]},{"name":"name","values":["amzn2-ami-hvm-*-gp2"]},{"name":"root-device-type","values":["ebs"]},{"name":"virtualization-type","values":["hvm"]}],"hypervisor":"xen","id":"ami-06eecef118bbf9259","image_id":"ami-06eecef118bbf9259","image_location":"amazon/amzn2-ami-hvm-2.0.20220426.0-x86_64-gp2","image_owner_alias":"amazon","image_type":"machine","kernel_id":"","most_recent":true,"name":"amzn2-ami-hvm-2.0.20220426.0-x86_64-gp2","name_regex":null,"owner_id":"137112412989","owners":["amazon"],"platform":"","platform_details":"Linux/UNIX","product_codes":[],"public":true,"ramdisk_id":"","root_device_name":"/dev/xvda","root_device_type":"ebs","root_snapshot_id":"snap-00da65dccf27cf3ae","sriov_net_support":"simple","state":"available","state_reason":{"code":"UNSET","message":"UNSET"},"tags":{},"usage_operation":"RunInstances","virtualization_type":"hvm"},"sensitive_values":{"block_device_mappings":[{"ebs":{}}],"filter":[{"values":[false]},{"values":[false]},{"values":[false]},{"values":[false]}],"owners":[false],"product_codes":[],"state_reason":{},"tags":{}}}]}}},"configuration":{"provider_config":{"aws":{"name":"aws","expressions":{"region":{"constant_value":"us-east-1"}}}},"root_module":{"resources":[{"address":"aws_instance.name_1","mode":"managed","type":"aws_instance","name":"name_1","provider_config_key":"aws","expressions":{"ami":{"references":["data.aws_ami.name_0.id","data.aws_ami.name_0"]},"instance_type":{"constant_value":"t2.mirco"}},"schema_version":1},{"address":"data.aws_ami.name_0","mode":"data","type":"aws_ami","name":"name_0","provider_config_key":"aws","expressions":{"filter":[{"name":{"constant_value":"name"},"values":{"constant_value":["amzn2-ami-hvm-*-gp2"]}},{"name":{"constant_value":"root-device-type"},"values":{"constant_value":["ebs"]}},{"name":{"constant_value":"virtualization-type"},"values":{"constant_value":["hvm"]}},{"name":{"constant_value":"architecture"},"values":{"constant_value":["x86_64"]}}],"most_recent":{"constant_value":true},"owners":{"constant_value":["amazon"]}},"schema_version":0}]}}}
