{"format_version":"1.0","terraform_version":"1.1.7","planned_values":{"root_module":{"resources":[{"address":"aws_iam_group.name_0","mode":"managed","type":"aws_iam_group","name":"name_0","provider_name":"registry.terraform.io/hashicorp/aws","schema_version":0,"values":{"name":"terraform-example-group","path":"/"},"sensitive_values":{}}]}},"resource_changes":[{"address":"aws_iam_group.name_0","mode":"managed","type":"aws_iam_group","name":"name_0","provider_name":"registry.terraform.io/hashicorp/aws","change":{"actions":["create"],"before":null,"after":{"name":"terraform-example-group","path":"/"},"after_unknown":{"arn":true,"id":true,"unique_id":true},"before_sensitive":false,"after_sensitive":{}}}],"configuration":{"provider_config":{"aws":{"name":"aws","expressions":{"region":{"constant_value":"us-east-1"}}}},"root_module":{"resources":[{"address":"aws_iam_group.name_0","mode":"managed","type":"aws_iam_group","name":"name_0","provider_config_key":"aws","expressions":{"name":{"constant_value":"terraform-example-group"},"path":{"constant_value":"/"}},"schema_version":0}]}}}
