{"format_version":"1.0","terraform_version":"1.1.7","planned_values":{"root_module":{"resources":[{"address":"google_compute_instance.name_0","mode":"managed","type":"google_compute_instance","name":"name_0","provider_name":"registry.terraform.io/hashicorp/google","schema_version":6,"values":{"advanced_machine_features":[],"allow_stopping_for_update":null,"attached_disk":[],"boot_disk":[{"auto_delete":true,"disk_encryption_key_raw":null,"initialize_params":[{"image":"debian-cloud/debian-9"}],"mode":"READ_WRITE"}],"can_ip_forward":false,"deletion_protection":false,"description":null,"desired_status":null,"enable_display":null,"hostname":null,"labels":null,"machine_type":"f1-micro","metadata":null,"metadata_startup_script":null,"name":"my-vm","network_interface":[{"access_config":[],"alias_ip_range":[],"ipv6_access_config":[],"network":"default","nic_type":null,"queue_count":null}],"resource_policies":null,"scratch_disk":[],"service_account":[],"shielded_instance_config":[],"tags":null,"timeouts":null},"sensitive_values":{"advanced_machine_features":[],"attached_disk":[],"boot_disk":[{"initialize_params":[{"labels":{}}]}],"confidential_instance_config":[],"guest_accelerator":[],"network_interface":[{"access_config":[],"alias_ip_range":[],"ipv6_access_config":[]}],"reservation_affinity":[],"scheduling":[],"scratch_disk":[],"service_account":[],"shielded_instance_config":[]}},{"address":"google_compute_network.name_1","mode":"managed","type":"google_compute_network","name":"name_1","provider_name":"registry.terraform.io/hashicorp/google","schema_version":0,"values":{"auto_create_subnetworks":false,"delete_default_routes_on_create":false,"description":null,"name":"my-network","timeouts":null},"sensitive_values":{}},{"address":"google_compute_subnetwork.name_2","mode":"managed","type":"google_compute_subnetwork","name":"name_2","provider_name":"registry.terraform.io/hashicorp/google","schema_version":0,"values":{"description":null,"ip_cidr_range":"10.0.0.0/16","ipv6_access_type":null,"log_config":[],"name":"my-subnetwork","network":"default","private_ip_google_access":null,"role":null,"timeouts":null},"sensitive_values":{"log_config":[],"secondary_ip_range":[]}},{"address":"google_compute_subnetwork.name_3","mode":"managed","type":"google_compute_subnetwork","name":"name_3","provider_name":"registry.terraform.io/hashicorp/google","schema_version":0,"values":{"description":null,"ip_cidr_range":"10.0.1.0/24","ipv6_access_type":null,"log_config":[],"name":"my-subnetwork","network":"default","private_ip_google_access":null,"role":null,"timeouts":null},"sensitive_values":{"log_config":[],"secondary_ip_range":[]}}]}},"resource_changes":[{"address":"google_compute_instance.name_0","mode":"managed","type":"google_compute_instance","name":"name_0","provider_name":"registry.terraform.io/hashicorp/google","change":{"actions":["create"],"before":null,"after":{"advanced_machine_features":[],"allow_stopping_for_update":null,"attached_disk":[],"boot_disk":[{"auto_delete":true,"disk_encryption_key_raw":null,"initialize_params":[{"image":"debian-cloud/debian-9"}],"mode":"READ_WRITE"}],"can_ip_forward":false,"deletion_protection":false,"description":null,"desired_status":null,"enable_display":null,"hostname":null,"labels":null,"machine_type":"f1-micro","metadata":null,"metadata_startup_script":null,"name":"my-vm","network_interface":[{"access_config":[],"alias_ip_range":[],"ipv6_access_config":[],"network":"default","nic_type":null,"queue_count":null}],"resource_policies":null,"scratch_disk":[],"service_account":[],"shielded_instance_config":[],"tags":null,"timeouts":null},"after_unknown":{"advanced_machine_features":[],"attached_disk":[],"boot_disk":[{"device_name":true,"disk_encryption_key_sha256":true,"initialize_params":[{"labels":true,"size":true,"type":true}],"kms_key_self_link":true,"source":true}],"confidential_instance_config":true,"cpu_platform":true,"current_status":true,"guest_accelerator":true,"id":true,"instance_id":true,"label_fingerprint":true,"metadata_fingerprint":true,"min_cpu_platform":true,"network_interface":[{"access_config":[],"alias_ip_range":[],"ipv6_access_config":[],"ipv6_access_type":true,"name":true,"network_ip":true,"stack_type":true,"subnetwork":true,"subnetwork_project":true}],"project":true,"reservation_affinity":true,"scheduling":true,"scratch_disk":[],"self_link":true,"service_account":[],"shielded_instance_config":[],"tags_fingerprint":true,"zone":true},"before_sensitive":false,"after_sensitive":{"advanced_machine_features":[],"attached_disk":[],"boot_disk":[{"disk_encryption_key_raw":true,"initialize_params":[{"labels":{}}]}],"confidential_instance_config":[],"guest_accelerator":[],"network_interface":[{"access_config":[],"alias_ip_range":[],"ipv6_access_config":[]}],"reservation_affinity":[],"scheduling":[],"scratch_disk":[],"service_account":[],"shielded_instance_config":[]}}},{"address":"google_compute_network.name_1","mode":"managed","type":"google_compute_network","name":"name_1","provider_name":"registry.terraform.io/hashicorp/google","change":{"actions":["create"],"before":null,"after":{"auto_create_subnetworks":false,"delete_default_routes_on_create":false,"description":null,"name":"my-network","timeouts":null},"after_unknown":{"gateway_ipv4":true,"id":true,"mtu":true,"project":true,"routing_mode":true,"self_link":true},"before_sensitive":false,"after_sensitive":{}}},{"address":"google_compute_subnetwork.name_2","mode":"managed","type":"google_compute_subnetwork","name":"name_2","provider_name":"registry.terraform.io/hashicorp/google","change":{"actions":["create"],"before":null,"after":{"description":null,"ip_cidr_range":"10.0.0.0/16","ipv6_access_type":null,"log_config":[],"name":"my-subnetwork","network":"default","private_ip_google_access":null,"role":null,"timeouts":null},"after_unknown":{"creation_timestamp":true,"external_ipv6_prefix":true,"fingerprint":true,"gateway_address":true,"id":true,"ipv6_cidr_range":true,"log_config":[],"private_ipv6_google_access":true,"project":true,"purpose":true,"region":true,"secondary_ip_range":true,"self_link":true,"stack_type":true},"before_sensitive":false,"after_sensitive":{"log_config":[],"secondary_ip_range":[]}}},{"address":"google_compute_subnetwork.name_3","mode":"managed","type":"google_compute_subnetwork","name":"name_3","provider_name":"registry.terraform.io/hashicorp/google","change":{"actions":["create"],"before":null,"after":{"description":null,"ip_cidr_range":"10.0.1.0/24","ipv6_access_type":null,"log_config":[],"name":"my-subnetwork","network":"default","private_ip_google_access":null,"role":null,"timeouts":null},"after_unknown":{"creation_timestamp":true,"external_ipv6_prefix":true,"fingerprint":true,"gateway_address":true,"id":true,"ipv6_cidr_range":true,"log_config":[],"private_ipv6_google_access":true,"project":true,"purpose":true,"region":true,"secondary_ip_range":true,"self_link":true,"stack_type":true},"before_sensitive":false,"after_sensitive":{"log_config":[],"secondary_ip_range":[]}}}],"configuration":{"provider_config":{"google":{"name":"google"}},"root_module":{"resources":[{"address":"google_compute_instance.name_0","mode":"managed","type":"google_compute_instance","name":"name_0","provider_config_key":"google","expressions":{"boot_disk":[{"initialize_params":[{"image":{"constant_value":"debian-cloud/debian-9"}}]}],"machine_type":{"constant_value":"f1-micro"},"name":{"constant_value":"my-vm"},"network_interface":[{"network":{"constant_value":"default"}}]},"schema_version":6},{"address":"google_compute_network.name_1","mode":"managed","type":"google_compute_network","name":"name_1","provider_config_key":"google","expressions":{"auto_create_subnetworks":{"constant_value":false},"name":{"constant_value":"my-network"}},"schema_version":0},{"address":"google_compute_subnetwork.name_2","mode":"managed","type":"google_compute_subnetwork","name":"name_2","provider_config_key":"google","expressions":{"ip_cidr_range":{"constant_value":"10.0.0.0/16"},"name":{"constant_value":"my-subnetwork"},"network":{"constant_value":"default"}},"schema_version":0},{"address":"google_compute_subnetwork.name_3","mode":"managed","type":"google_compute_subnetwork","name":"name_3","provider_config_key":"google","expressions":{"ip_cidr_range":{"constant_value":"10.0.1.0/24"},"name":{"constant_value":"my-subnetwork"},"network":{"constant_value":"default"}},"schema_version":0}]}}}
