{"format_version":"1.0","terraform_version":"1.1.7","planned_values":{"root_module":{"resources":[{"address":"google_compute_ha_vpn_gateway.name_1","mode":"managed","type":"google_compute_ha_vpn_gateway","name":"name_1","provider_name":"registry.terraform.io/hashicorp/google","schema_version":0,"values":{"description":"vpn-gateway","name":"vpn-gateway","region":"us-central1","timeouts":null},"sensitive_values":{"vpn_interfaces":[]}},{"address":"google_compute_network.name_0","mode":"managed","type":"google_compute_network","name":"name_0","provider_name":"registry.terraform.io/hashicorp/google","schema_version":0,"values":{"auto_create_subnetworks":false,"delete_default_routes_on_create":false,"description":null,"name":"vpc-network","timeouts":null},"sensitive_values":{}}]}},"resource_changes":[{"address":"google_compute_ha_vpn_gateway.name_1","mode":"managed","type":"google_compute_ha_vpn_gateway","name":"name_1","provider_name":"registry.terraform.io/hashicorp/google","change":{"actions":["create"],"before":null,"after":{"description":"vpn-gateway","name":"vpn-gateway","region":"us-central1","timeouts":null},"after_unknown":{"id":true,"network":true,"project":true,"self_link":true,"vpn_interfaces":true},"before_sensitive":false,"after_sensitive":{"vpn_interfaces":[]}}},{"address":"google_compute_network.name_0","mode":"managed","type":"google_compute_network","name":"name_0","provider_name":"registry.terraform.io/hashicorp/google","change":{"actions":["create"],"before":null,"after":{"auto_create_subnetworks":false,"delete_default_routes_on_create":false,"description":null,"name":"vpc-network","timeouts":null},"after_unknown":{"gateway_ipv4":true,"id":true,"mtu":true,"project":true,"routing_mode":true,"self_link":true},"before_sensitive":false,"after_sensitive":{}}}],"configuration":{"provider_config":{"google":{"name":"google","expressions":{"region":{"constant_value":"europe-north1"}}}},"root_module":{"resources":[{"address":"google_compute_ha_vpn_gateway.name_1","mode":"managed","type":"google_compute_ha_vpn_gateway","name":"name_1","provider_config_key":"google","expressions":{"description":{"constant_value":"vpn-gateway"},"name":{"constant_value":"vpn-gateway"},"network":{"references":["google_compute_network.name_0.self_link","google_compute_network.name_0"]},"region":{"constant_value":"us-central1"}},"schema_version":0},{"address":"google_compute_network.name_0","mode":"managed","type":"google_compute_network","name":"name_0","provider_config_key":"google","expressions":{"auto_create_subnetworks":{"constant_value":false},"name":{"constant_value":"vpc-network"}},"schema_version":0}]}}}
