{"format_version":"1.0","terraform_version":"1.1.7","planned_values":{"root_module":{"resources":[{"address":"aws_customer_gateway.name_0","mode":"managed","type":"aws_customer_gateway","name":"name_0","provider_name":"registry.terraform.io/hashicorp/aws","schema_version":0,"values":{"bgp_asn":"65000","certificate_arn":null,"device_name":null,"ip_address":"172.0.0.1","tags":null,"type":"ipsec.1"},"sensitive_values":{"tags_all":{}}}]}},"resource_changes":[{"address":"aws_customer_gateway.name_0","mode":"managed","type":"aws_customer_gateway","name":"name_0","provider_name":"registry.terraform.io/hashicorp/aws","change":{"actions":["create"],"before":null,"after":{"bgp_asn":"65000","certificate_arn":null,"device_name":null,"ip_address":"172.0.0.1","tags":null,"type":"ipsec.1"},"after_unknown":{"arn":true,"id":true,"tags_all":true},"before_sensitive":false,"after_sensitive":{"tags_all":{}}}}],"configuration":{"provider_config":{"aws":{"name":"aws","expressions":{"region":{"constant_value":"us-east-1"}}}},"root_module":{"resources":[{"address":"aws_customer_gateway.name_0","mode":"managed","type":"aws_customer_gateway","name":"name_0","provider_config_key":"aws","expressions":{"bgp_asn":{"constant_value":"65000"},"ip_address":{"constant_value":"172.0.0.1"},"type":{"constant_value":"ipsec.1"}},"schema_version":0}]}}}
