{"format_version":"1.0","terraform_version":"1.1.7","planned_values":{"root_module":{"resources":[{"address":"azurerm_resource_group.name_0","mode":"managed","type":"azurerm_resource_group","name":"name_0","provider_name":"registry.terraform.io/hashicorp/azurerm","schema_version":0,"values":{"location":"westeurope","name":"example-resources","tags":null,"timeouts":null},"sensitive_values":{}},{"address":"azurerm_storage_account.name_2","mode":"managed","type":"azurerm_storage_account","name":"name_2","provider_name":"registry.terraform.io/hashicorp/azurerm","schema_version":3,"values":{"account_kind":"StorageV2","account_replication_type":"LRS","account_tier":"Standard","allow_nested_items_to_be_public":true,"azure_files_authentication":[],"custom_domain":[],"customer_managed_key":[],"edge_zone":null,"enable_https_traffic_only":true,"identity":[],"infrastructure_encryption_enabled":false,"is_hns_enabled":false,"location":"westeurope","min_tls_version":"TLS1_2","name":"example","nfsv3_enabled":false,"queue_encryption_key_type":"Service","resource_group_name":"example-resources","shared_access_key_enabled":true,"static_website":[],"table_encryption_key_type":"Service","tags":null,"timeouts":null},"sensitive_values":{"azure_files_authentication":[],"blob_properties":[],"custom_domain":[],"customer_managed_key":[],"identity":[],"network_rules":[],"queue_properties":[],"routing":[],"share_properties":[],"static_website":[]}}]}},"resource_changes":[{"address":"azurerm_resource_group.name_0","mode":"managed","type":"azurerm_resource_group","name":"name_0","provider_name":"registry.terraform.io/hashicorp/azurerm","change":{"actions":["create"],"before":null,"after":{"location":"westeurope","name":"example-resources","tags":null,"timeouts":null},"after_unknown":{"id":true},"before_sensitive":false,"after_sensitive":{}}},{"address":"azurerm_storage_account.name_2","mode":"managed","type":"azurerm_storage_account","name":"name_2","provider_name":"registry.terraform.io/hashicorp/azurerm","change":{"actions":["create"],"before":null,"after":{"account_kind":"StorageV2","account_replication_type":"LRS","account_tier":"Standard","allow_nested_items_to_be_public":true,"azure_files_authentication":[],"custom_domain":[],"customer_managed_key":[],"edge_zone":null,"enable_https_traffic_only":true,"identity":[],"infrastructure_encryption_enabled":false,"is_hns_enabled":false,"location":"westeurope","min_tls_version":"TLS1_2","name":"example","nfsv3_enabled":false,"queue_encryption_key_type":"Service","resource_group_name":"example-resources","shared_access_key_enabled":true,"static_website":[],"table_encryption_key_type":"Service","tags":null,"timeouts":null},"after_unknown":{"access_tier":true,"azure_files_authentication":[],"blob_properties":true,"custom_domain":[],"customer_managed_key":[],"id":true,"identity":[],"large_file_share_enabled":true,"network_rules":true,"primary_access_key":true,"primary_blob_connection_string":true,"primary_blob_endpoint":true,"primary_blob_host":true,"primary_connection_string":true,"primary_dfs_endpoint":true,"primary_dfs_host":true,"primary_file_endpoint":true,"primary_file_host":true,"primary_location":true,"primary_queue_endpoint":true,"primary_queue_host":true,"primary_table_endpoint":true,"primary_table_host":true,"primary_web_endpoint":true,"primary_web_host":true,"queue_properties":true,"routing":true,"secondary_access_key":true,"secondary_blob_connection_string":true,"secondary_blob_endpoint":true,"secondary_blob_host":true,"secondary_connection_string":true,"secondary_dfs_endpoint":true,"secondary_dfs_host":true,"secondary_file_endpoint":true,"secondary_file_host":true,"secondary_location":true,"secondary_queue_endpoint":true,"secondary_queue_host":true,"secondary_table_endpoint":true,"secondary_table_host":true,"secondary_web_endpoint":true,"secondary_web_host":true,"share_properties":true,"static_website":[]},"before_sensitive":false,"after_sensitive":{"azure_files_authentication":[],"blob_properties":[],"custom_domain":[],"customer_managed_key":[],"identity":[],"network_rules":[],"primary_access_key":true,"primary_blob_connection_string":true,"primary_connection_string":true,"queue_properties":[],"routing":[],"secondary_access_key":true,"secondary_blob_connection_string":true,"secondary_connection_string":true,"share_properties":[],"static_website":[]}}}],"prior_state":{"format_version":"1.0","terraform_version":"1.1.7","values":{"root_module":{"resources":[{"address":"data.azurerm_client_config.name_1","mode":"data","type":"azurerm_client_config","name":"name_1","provider_name":"registry.terraform.io/hashicorp/azurerm","schema_version":0,"values":{"client_id":"04b07795-8ddb-461a-bbee-02f9e1bf7b46","id":"2022-05-04 20:34:01.0373329 +0000 UTC","object_id":"68689caa-1f2b-4b5e-bc0d-cc9414914306","subscription_id":"5c849985-d407-47e1-a999-186411854322","tenant_id":"92e84ceb-fbfd-47ab-be52-080c6b87953f","timeouts":null},"sensitive_values":{}}]}}},"configuration":{"provider_config":{"azurerm":{"name":"azurerm","expressions":{"features":[{}]}}},"root_module":{"resources":[{"address":"azurerm_resource_group.name_0","mode":"managed","type":"azurerm_resource_group","name":"name_0","provider_config_key":"azurerm","expressions":{"location":{"constant_value":"West Europe"},"name":{"constant_value":"example-resources"}},"schema_version":0},{"address":"azurerm_storage_account.name_2","mode":"managed","type":"azurerm_storage_account","name":"name_2","provider_config_key":"azurerm","expressions":{"account_replication_type":{"constant_value":"LRS"},"account_tier":{"constant_value":"Standard"},"location":{"references":["azurerm_resource_group.name_0.location","azurerm_resource_group.name_0"]},"name":{"constant_value":"example"},"resource_group_name":{"references":["azurerm_resource_group.name_0.name","azurerm_resource_group.name_0"]}},"schema_version":3},{"address":"data.azurerm_client_config.name_1","mode":"data","type":"azurerm_client_config","name":"name_1","provider_config_key":"azurerm","schema_version":0}]}}}
