{"format_version":"1.0","terraform_version":"1.1.7","planned_values":{"root_module":{"resources":[{"address":"azurerm_network_security_group.name_1","mode":"managed","type":"azurerm_network_security_group","name":"name_1","provider_name":"registry.terraform.io/hashicorp/azurerm","schema_version":0,"values":{"location":"westus","name":"webservers","resource_group_name":"example-resources","tags":null,"timeouts":null},"sensitive_values":{"security_rule":[]}},{"address":"azurerm_network_security_group.name_2","mode":"managed","type":"azurerm_network_security_group","name":"name_2","provider_name":"registry.terraform.io/hashicorp/azurerm","schema_version":0,"values":{"location":"westus","name":"webservers_ssh","resource_group_name":"example-resources","tags":null,"timeouts":null},"sensitive_values":{"security_rule":[]}},{"address":"azurerm_resource_group.name_0","mode":"managed","type":"azurerm_resource_group","name":"name_0","provider_name":"registry.terraform.io/hashicorp/azurerm","schema_version":0,"values":{"location":"westus","name":"example-resources","tags":null,"timeouts":null},"sensitive_values":{}}]}},"resource_changes":[{"address":"azurerm_network_security_group.name_1","mode":"managed","type":"azurerm_network_security_group","name":"name_1","provider_name":"registry.terraform.io/hashicorp/azurerm","change":{"actions":["create"],"before":null,"after":{"location":"westus","name":"webservers","resource_group_name":"example-resources","tags":null,"timeouts":null},"after_unknown":{"id":true,"security_rule":true},"before_sensitive":false,"after_sensitive":{"security_rule":[]}}},{"address":"azurerm_network_security_group.name_2","mode":"managed","type":"azurerm_network_security_group","name":"name_2","provider_name":"registry.terraform.io/hashicorp/azurerm","change":{"actions":["create"],"before":null,"after":{"location":"westus","name":"webservers_ssh","resource_group_name":"example-resources","tags":null,"timeouts":null},"after_unknown":{"id":true,"security_rule":true},"before_sensitive":false,"after_sensitive":{"security_rule":[]}}},{"address":"azurerm_resource_group.name_0","mode":"managed","type":"azurerm_resource_group","name":"name_0","provider_name":"registry.terraform.io/hashicorp/azurerm","change":{"actions":["create"],"before":null,"after":{"location":"westus","name":"example-resources","tags":null,"timeouts":null},"after_unknown":{"id":true},"before_sensitive":false,"after_sensitive":{}}}],"configuration":{"provider_config":{"azurerm":{"name":"azurerm","expressions":{"features":[{}]}}},"root_module":{"resources":[{"address":"azurerm_network_security_group.name_1","mode":"managed","type":"azurerm_network_security_group","name":"name_1","provider_config_key":"azurerm","expressions":{"location":{"constant_value":"westus"},"name":{"constant_value":"webservers"},"resource_group_name":{"references":["azurerm_resource_group.name_0.name","azurerm_resource_group.name_0"]}},"schema_version":0},{"address":"azurerm_network_security_group.name_2","mode":"managed","type":"azurerm_network_security_group","name":"name_2","provider_config_key":"azurerm","expressions":{"location":{"constant_value":"westus"},"name":{"constant_value":"webservers_ssh"},"resource_group_name":{"references":["azurerm_resource_group.name_0.name","azurerm_resource_group.name_0"]}},"schema_version":0},{"address":"azurerm_resource_group.name_0","mode":"managed","type":"azurerm_resource_group","name":"name_0","provider_config_key":"azurerm","expressions":{"location":{"constant_value":"westus"},"name":{"constant_value":"example-resources"}},"schema_version":0}]}}}
