{"format_version":"1.0","terraform_version":"1.1.7","planned_values":{"root_module":{"resources":[{"address":"aws_iam_user.name_0","mode":"managed","type":"aws_iam_user","name":"name_0","provider_name":"registry.terraform.io/hashicorp/aws","schema_version":0,"values":{"force_destroy":false,"name":"t_hacker","path":"/","permissions_boundary":null,"tags":null},"sensitive_values":{"tags_all":{}}}]}},"resource_changes":[{"address":"aws_iam_user.name_0","mode":"managed","type":"aws_iam_user","name":"name_0","provider_name":"registry.terraform.io/hashicorp/aws","change":{"actions":["create"],"before":null,"after":{"force_destroy":false,"name":"t_hacker","path":"/","permissions_boundary":null,"tags":null},"after_unknown":{"arn":true,"id":true,"tags_all":true,"unique_id":true},"before_sensitive":false,"after_sensitive":{"tags_all":{}}}}],"configuration":{"provider_config":{"aws":{"name":"aws","expressions":{"profile":{"constant_value":"default"},"region":{"constant_value":"us-east-1"}}}},"root_module":{"resources":[{"address":"aws_iam_user.name_0","mode":"managed","type":"aws_iam_user","name":"name_0","provider_config_key":"aws","expressions":{"name":{"constant_value":"t_hacker"},"path":{"constant_value":"/"}},"schema_version":0}]}}}
