{"format_version":"1.0","terraform_version":"1.1.7","planned_values":{"root_module":{"resources":[{"address":"azurerm_lb.name_2","mode":"managed","type":"azurerm_lb","name":"name_2","provider_name":"registry.terraform.io/hashicorp/azurerm","schema_version":0,"values":{"edge_zone":null,"frontend_ip_configuration":[{"name":"example","zones":null}],"location":"westeurope","name":"example","resource_group_name":"example","sku":"Basic","sku_tier":"Regional","tags":null,"timeouts":null},"sensitive_values":{"frontend_ip_configuration":[{"inbound_nat_rules":[],"load_balancer_rules":[],"outbound_rules":[]}],"private_ip_addresses":[]}},{"address":"azurerm_public_ip.name_1","mode":"managed","type":"azurerm_public_ip","name":"name_1","provider_name":"registry.terraform.io/hashicorp/azurerm","schema_version":0,"values":{"allocation_method":"Static","domain_name_label":"example","edge_zone":null,"idle_timeout_in_minutes":30,"ip_tags":null,"ip_version":"IPv4","location":"westeurope","name":"example","public_ip_prefix_id":null,"resource_group_name":"example","reverse_fqdn":"example.example.com","sku":"Standard","sku_tier":"Regional","tags":{"environment":"Terraform Demo"},"timeouts":null,"zones":["1","2","3"]},"sensitive_values":{"tags":{},"zones":[false,false,false]}},{"address":"azurerm_resource_group.name_0","mode":"managed","type":"azurerm_resource_group","name":"name_0","provider_name":"registry.terraform.io/hashicorp/azurerm","schema_version":0,"values":{"location":"westeurope","name":"example","tags":null,"timeouts":null},"sensitive_values":{}}]}},"resource_changes":[{"address":"azurerm_lb.name_2","mode":"managed","type":"azurerm_lb","name":"name_2","provider_name":"registry.terraform.io/hashicorp/azurerm","change":{"actions":["create"],"before":null,"after":{"edge_zone":null,"frontend_ip_configuration":[{"name":"example","zones":null}],"location":"westeurope","name":"example","resource_group_name":"example","sku":"Basic","sku_tier":"Regional","tags":null,"timeouts":null},"after_unknown":{"frontend_ip_configuration":[{"gateway_load_balancer_frontend_ip_configuration_id":true,"id":true,"inbound_nat_rules":true,"load_balancer_rules":true,"outbound_rules":true,"private_ip_address":true,"private_ip_address_allocation":true,"private_ip_address_version":true,"public_ip_address_id":true,"public_ip_prefix_id":true,"subnet_id":true}],"id":true,"private_ip_address":true,"private_ip_addresses":true},"before_sensitive":false,"after_sensitive":{"frontend_ip_configuration":[{"inbound_nat_rules":[],"load_balancer_rules":[],"outbound_rules":[]}],"private_ip_addresses":[]}}},{"address":"azurerm_public_ip.name_1","mode":"managed","type":"azurerm_public_ip","name":"name_1","provider_name":"registry.terraform.io/hashicorp/azurerm","change":{"actions":["create"],"before":null,"after":{"allocation_method":"Static","domain_name_label":"example","edge_zone":null,"idle_timeout_in_minutes":30,"ip_tags":null,"ip_version":"IPv4","location":"westeurope","name":"example","public_ip_prefix_id":null,"resource_group_name":"example","reverse_fqdn":"example.example.com","sku":"Standard","sku_tier":"Regional","tags":{"environment":"Terraform Demo"},"timeouts":null,"zones":["1","2","3"]},"after_unknown":{"fqdn":true,"id":true,"ip_address":true,"tags":{},"zones":[false,false,false]},"before_sensitive":false,"after_sensitive":{"tags":{},"zones":[false,false,false]}}},{"address":"azurerm_resource_group.name_0","mode":"managed","type":"azurerm_resource_group","name":"name_0","provider_name":"registry.terraform.io/hashicorp/azurerm","change":{"actions":["create"],"before":null,"after":{"location":"westeurope","name":"example","tags":null,"timeouts":null},"after_unknown":{"id":true},"before_sensitive":false,"after_sensitive":{}}}],"configuration":{"provider_config":{"azurerm":{"name":"azurerm","expressions":{"features":[{}]}}},"root_module":{"resources":[{"address":"azurerm_lb.name_2","mode":"managed","type":"azurerm_lb","name":"name_2","provider_config_key":"azurerm","expressions":{"frontend_ip_configuration":[{"name":{"constant_value":"example"},"public_ip_address_id":{"references":["azurerm_public_ip.name_1.id","azurerm_public_ip.name_1"]}}],"location":{"references":["azurerm_resource_group.name_0.location","azurerm_resource_group.name_0"]},"name":{"constant_value":"example"},"resource_group_name":{"references":["azurerm_resource_group.name_0.name","azurerm_resource_group.name_0"]}},"schema_version":0},{"address":"azurerm_public_ip.name_1","mode":"managed","type":"azurerm_public_ip","name":"name_1","provider_config_key":"azurerm","expressions":{"allocation_method":{"constant_value":"Static"},"domain_name_label":{"constant_value":"example"},"idle_timeout_in_minutes":{"constant_value":30},"location":{"references":["azurerm_resource_group.name_0.location","azurerm_resource_group.name_0"]},"name":{"constant_value":"example"},"resource_group_name":{"references":["azurerm_resource_group.name_0.name","azurerm_resource_group.name_0"]},"reverse_fqdn":{"constant_value":"example.example.com"},"sku":{"constant_value":"Standard"},"tags":{"constant_value":{"environment":"Terraform Demo"}},"zones":{"constant_value":["1","2","3"]}},"schema_version":0},{"address":"azurerm_resource_group.name_0","mode":"managed","type":"azurerm_resource_group","name":"name_0","provider_config_key":"azurerm","expressions":{"location":{"constant_value":"West Europe"},"name":{"constant_value":"example"}},"schema_version":0}]}}}
