{"format_version":"1.0","terraform_version":"1.1.7","planned_values":{"root_module":{"resources":[{"address":"google_compute_network.name_0","mode":"managed","type":"google_compute_network","name":"name_0","provider_name":"registry.terraform.io/hashicorp/google","schema_version":0,"values":{"auto_create_subnetworks":false,"delete_default_routes_on_create":false,"description":null,"name":"network","timeouts":null},"sensitive_values":{}},{"address":"google_compute_subnetwork.name_1","mode":"managed","type":"google_compute_subnetwork","name":"name_1","provider_name":"registry.terraform.io/hashicorp/google","schema_version":0,"values":{"description":null,"ip_cidr_range":"10.0.0.0/16","ipv6_access_type":null,"log_config":[],"name":"subnetwork","private_ip_google_access":null,"role":null,"timeouts":null},"sensitive_values":{"log_config":[],"secondary_ip_range":[]}}]}},"resource_changes":[{"address":"google_compute_network.name_0","mode":"managed","type":"google_compute_network","name":"name_0","provider_name":"registry.terraform.io/hashicorp/google","change":{"actions":["create"],"before":null,"after":{"auto_create_subnetworks":false,"delete_default_routes_on_create":false,"description":null,"name":"network","timeouts":null},"after_unknown":{"gateway_ipv4":true,"id":true,"mtu":true,"project":true,"routing_mode":true,"self_link":true},"before_sensitive":false,"after_sensitive":{}}},{"address":"google_compute_subnetwork.name_1","mode":"managed","type":"google_compute_subnetwork","name":"name_1","provider_name":"registry.terraform.io/hashicorp/google","change":{"actions":["create"],"before":null,"after":{"description":null,"ip_cidr_range":"10.0.0.0/16","ipv6_access_type":null,"log_config":[],"name":"subnetwork","private_ip_google_access":null,"role":null,"timeouts":null},"after_unknown":{"creation_timestamp":true,"external_ipv6_prefix":true,"fingerprint":true,"gateway_address":true,"id":true,"ipv6_cidr_range":true,"log_config":[],"network":true,"private_ipv6_google_access":true,"project":true,"purpose":true,"region":true,"secondary_ip_range":true,"self_link":true,"stack_type":true},"before_sensitive":false,"after_sensitive":{"log_config":[],"secondary_ip_range":[]}}}],"configuration":{"provider_config":{"google":{"name":"google","expressions":{"region":{"constant_value":"europe-north1"}}}},"root_module":{"resources":[{"address":"google_compute_network.name_0","mode":"managed","type":"google_compute_network","name":"name_0","provider_config_key":"google","expressions":{"auto_create_subnetworks":{"constant_value":false},"name":{"constant_value":"network"}},"schema_version":0},{"address":"google_compute_subnetwork.name_1","mode":"managed","type":"google_compute_subnetwork","name":"name_1","provider_config_key":"google","expressions":{"ip_cidr_range":{"constant_value":"10.0.0.0/16"},"name":{"constant_value":"subnetwork"},"network":{"references":["google_compute_network.name_0.self_link","google_compute_network.name_0"]}},"schema_version":0}]}}}
