{"format_version":"1.1","terraform_version":"1.1.0-dev","planned_values":{"root_module":{"resources":[{"address":"azurerm_advanced_threat_protection.name_2","mode":"managed","type":"azurerm_advanced_threat_protection","name":"name_2","provider_name":"registry.terraform.io/hashicorp/azurerm","schema_version":1,"values":{"enabled":true,"timeouts":null},"sensitive_values":{}},{"address":"azurerm_resource_group.name_0","mode":"managed","type":"azurerm_resource_group","name":"name_0","provider_name":"registry.terraform.io/hashicorp/azurerm","schema_version":0,"values":{"location":"westeurope","name":"atp-example","tags":null,"timeouts":null},"sensitive_values":{}},{"address":"azurerm_storage_account.name_1","mode":"managed","type":"azurerm_storage_account","name":"name_1","provider_name":"registry.terraform.io/hashicorp/azurerm","schema_version":2,"values":{"account_kind":"StorageV2","account_replication_type":"LRS","account_tier":"Standard","allow_blob_public_access":false,"azure_files_authentication":[],"custom_domain":[],"enable_https_traffic_only":true,"identity":[],"infrastructure_encryption_enabled":false,"is_hns_enabled":false,"location":"westeurope","min_tls_version":"TLS1_0","name":"examplestorage","nfsv3_enabled":false,"queue_encryption_key_type":"Service","resource_group_name":"atp-example","shared_access_key_enabled":true,"static_website":[],"table_encryption_key_type":"Service","tags":null,"timeouts":null},"sensitive_values":{"azure_files_authentication":[],"blob_properties":[],"custom_domain":[],"customer_managed_key":[],"identity":[],"network_rules":[],"queue_properties":[],"routing":[],"share_properties":[],"static_website":[]}}]}},"resource_changes":[{"address":"azurerm_advanced_threat_protection.name_2","mode":"managed","type":"azurerm_advanced_threat_protection","name":"name_2","provider_name":"registry.terraform.io/hashicorp/azurerm","change":{"actions":["create"],"before":null,"after":{"enabled":true,"timeouts":null},"after_unknown":{"id":true,"target_resource_id":true},"before_sensitive":false,"after_sensitive":{}}},{"address":"azurerm_resource_group.name_0","mode":"managed","type":"azurerm_resource_group","name":"name_0","provider_name":"registry.terraform.io/hashicorp/azurerm","change":{"actions":["create"],"before":null,"after":{"location":"westeurope","name":"atp-example","tags":null,"timeouts":null},"after_unknown":{"id":true},"before_sensitive":false,"after_sensitive":{}}},{"address":"azurerm_storage_account.name_1","mode":"managed","type":"azurerm_storage_account","name":"name_1","provider_name":"registry.terraform.io/hashicorp/azurerm","change":{"actions":["create"],"before":null,"after":{"account_kind":"StorageV2","account_replication_type":"LRS","account_tier":"Standard","allow_blob_public_access":false,"azure_files_authentication":[],"custom_domain":[],"enable_https_traffic_only":true,"identity":[],"infrastructure_encryption_enabled":false,"is_hns_enabled":false,"location":"westeurope","min_tls_version":"TLS1_0","name":"examplestorage","nfsv3_enabled":false,"queue_encryption_key_type":"Service","resource_group_name":"atp-example","shared_access_key_enabled":true,"static_website":[],"table_encryption_key_type":"Service","tags":null,"timeouts":null},"after_unknown":{"access_tier":true,"azure_files_authentication":[],"blob_properties":true,"custom_domain":[],"customer_managed_key":true,"id":true,"identity":[],"large_file_share_enabled":true,"network_rules":true,"primary_access_key":true,"primary_blob_connection_string":true,"primary_blob_endpoint":true,"primary_blob_host":true,"primary_connection_string":true,"primary_dfs_endpoint":true,"primary_dfs_host":true,"primary_file_endpoint":true,"primary_file_host":true,"primary_location":true,"primary_queue_endpoint":true,"primary_queue_host":true,"primary_table_endpoint":true,"primary_table_host":true,"primary_web_endpoint":true,"primary_web_host":true,"queue_properties":true,"routing":true,"secondary_access_key":true,"secondary_blob_connection_string":true,"secondary_blob_endpoint":true,"secondary_blob_host":true,"secondary_connection_string":true,"secondary_dfs_endpoint":true,"secondary_dfs_host":true,"secondary_file_endpoint":true,"secondary_file_host":true,"secondary_location":true,"secondary_queue_endpoint":true,"secondary_queue_host":true,"secondary_table_endpoint":true,"secondary_table_host":true,"secondary_web_endpoint":true,"secondary_web_host":true,"share_properties":true,"static_website":[]},"before_sensitive":false,"after_sensitive":{"azure_files_authentication":[],"blob_properties":[],"custom_domain":[],"customer_managed_key":[],"identity":[],"network_rules":[],"primary_access_key":true,"primary_blob_connection_string":true,"primary_connection_string":true,"queue_properties":[],"routing":[],"secondary_access_key":true,"secondary_blob_connection_string":true,"secondary_connection_string":true,"share_properties":[],"static_website":[]}}}],"configuration":{"provider_config":{"azurerm":{"name":"azurerm","full_name":"registry.terraform.io/hashicorp/azurerm","expressions":{"features":[{}]}}},"root_module":{"resources":[{"address":"azurerm_advanced_threat_protection.name_2","mode":"managed","type":"azurerm_advanced_threat_protection","name":"name_2","provider_config_key":"azurerm","expressions":{"enabled":{"constant_value":true},"target_resource_id":{"references":["azurerm_storage_account.name_1.id","azurerm_storage_account.name_1"]}},"schema_version":1},{"address":"azurerm_resource_group.name_0","mode":"managed","type":"azurerm_resource_group","name":"name_0","provider_config_key":"azurerm","expressions":{"location":{"constant_value":"West Europe"},"name":{"constant_value":"atp-example"}},"schema_version":0},{"address":"azurerm_storage_account.name_1","mode":"managed","type":"azurerm_storage_account","name":"name_1","provider_config_key":"azurerm","expressions":{"account_replication_type":{"constant_value":"LRS"},"account_tier":{"constant_value":"Standard"},"location":{"references":["azurerm_resource_group.name_0.location","azurerm_resource_group.name_0"]},"name":{"constant_value":"examplestorage"},"resource_group_name":{"references":["azurerm_resource_group.name_0.name","azurerm_resource_group.name_0"]}},"schema_version":2}]}}}
