{"format_version":"1.0","terraform_version":"1.1.7","planned_values":{"root_module":{"resources":[{"address":"google_compute_firewall.name_0","mode":"managed","type":"google_compute_firewall","name":"name_0","provider_name":"registry.terraform.io/hashicorp/google","schema_version":1,"values":{"allow":[{"ports":["443"],"protocol":"udp"},{"ports":["80","443"],"protocol":"tcp"},{"ports":[],"protocol":"ah"},{"ports":[],"protocol":"esp"},{"ports":[],"protocol":"icmp"},{"ports":[],"protocol":"sctp"},{"ports":[],"protocol":"udp-eh"},{"ports":[],"protocol":"udp-psh"}],"deny":[],"description":null,"direction":"INGRESS","disabled":null,"log_config":[],"name":"my-fw-policy","network":"default","priority":1,"source_ranges":["10.0.0.0/8"],"source_service_accounts":null,"source_tags":["hashicorp"],"target_service_accounts":null,"target_tags":null,"timeouts":null},"sensitive_values":{"allow":[{"ports":[false]},{"ports":[false,false]},{"ports":[]},{"ports":[]},{"ports":[]},{"ports":[]},{"ports":[]},{"ports":[]}],"deny":[],"destination_ranges":[],"log_config":[],"source_ranges":[false],"source_tags":[false]}}]}},"resource_changes":[{"address":"google_compute_firewall.name_0","mode":"managed","type":"google_compute_firewall","name":"name_0","provider_name":"registry.terraform.io/hashicorp/google","change":{"actions":["create"],"before":null,"after":{"allow":[{"ports":["443"],"protocol":"udp"},{"ports":["80","443"],"protocol":"tcp"},{"ports":[],"protocol":"ah"},{"ports":[],"protocol":"esp"},{"ports":[],"protocol":"icmp"},{"ports":[],"protocol":"sctp"},{"ports":[],"protocol":"udp-eh"},{"ports":[],"protocol":"udp-psh"}],"deny":[],"description":null,"direction":"INGRESS","disabled":null,"log_config":[],"name":"my-fw-policy","network":"default","priority":1,"source_ranges":["10.0.0.0/8"],"source_service_accounts":null,"source_tags":["hashicorp"],"target_service_accounts":null,"target_tags":null,"timeouts":null},"after_unknown":{"allow":[{"ports":[false]},{"ports":[false,false]},{"ports":[]},{"ports":[]},{"ports":[]},{"ports":[]},{"ports":[]},{"ports":[]}],"creation_timestamp":true,"deny":[],"destination_ranges":true,"enable_logging":true,"id":true,"log_config":[],"project":true,"self_link":true,"source_ranges":[false],"source_tags":[false]},"before_sensitive":false,"after_sensitive":{"allow":[{"ports":[false]},{"ports":[false,false]},{"ports":[]},{"ports":[]},{"ports":[]},{"ports":[]},{"ports":[]},{"ports":[]}],"deny":[],"destination_ranges":[],"log_config":[],"source_ranges":[false],"source_tags":[false]}}}],"configuration":{"provider_config":{"google":{"name":"google"}},"root_module":{"resources":[{"address":"google_compute_firewall.name_0","mode":"managed","type":"google_compute_firewall","name":"name_0","provider_config_key":"google","expressions":{"allow":[{"ports":{"constant_value":["80","443"]},"protocol":{"constant_value":"tcp"}},{"ports":{"constant_value":["443"]},"protocol":{"constant_value":"udp"}},{"protocol":{"constant_value":"icmp"}},{"protocol":{"constant_value":"esp"}},{"protocol":{"constant_value":"ah"}},{"protocol":{"constant_value":"sctp"}},{"protocol":{"constant_value":"udp-eh"}},{"protocol":{"constant_value":"udp-psh"}}],"direction":{"constant_value":"INGRESS"},"name":{"constant_value":"my-fw-policy"},"network":{"constant_value":"default"},"priority":{"constant_value":1},"source_ranges":{"constant_value":["10.0.0.0/8"]},"source_tags":{"constant_value":["hashicorp"]}},"schema_version":1}]}}}
