{"format_version":"1.0","terraform_version":"1.1.7","planned_values":{"root_module":{"resources":[{"address":"aws_default_network_acl.name_1","mode":"managed","type":"aws_default_network_acl","name":"name_1","provider_name":"registry.terraform.io/hashicorp/aws","schema_version":0,"values":{"egress":[],"ingress":[{"action":"allow","cidr_block":"0.0.0.0/0","from_port":80,"icmp_code":null,"icmp_type":null,"ipv6_cidr_block":"","protocol":"-1","rule_no":100,"to_port":0}],"subnet_ids":null,"tags":null},"sensitive_values":{"egress":[],"ingress":[{}],"tags_all":{}}},{"address":"aws_vpc.name_0","mode":"managed","type":"aws_vpc","name":"name_0","provider_name":"registry.terraform.io/hashicorp/aws","schema_version":1,"values":{"assign_generated_ipv6_cidr_block":null,"cidr_block":"10.0.0.0/16","enable_dns_support":true,"instance_tenancy":"default","ipv4_ipam_pool_id":null,"ipv4_netmask_length":null,"ipv6_ipam_pool_id":null,"ipv6_netmask_length":null,"tags":{"Name":"terraform-vpc"},"tags_all":{"Name":"terraform-vpc"}},"sensitive_values":{"tags":{},"tags_all":{}}}]}},"resource_changes":[{"address":"aws_default_network_acl.name_1","mode":"managed","type":"aws_default_network_acl","name":"name_1","provider_name":"registry.terraform.io/hashicorp/aws","change":{"actions":["create"],"before":null,"after":{"egress":[],"ingress":[{"action":"allow","cidr_block":"0.0.0.0/0","from_port":80,"icmp_code":null,"icmp_type":null,"ipv6_cidr_block":"","protocol":"-1","rule_no":100,"to_port":0}],"subnet_ids":null,"tags":null},"after_unknown":{"arn":true,"default_network_acl_id":true,"egress":[],"id":true,"ingress":[{}],"owner_id":true,"tags_all":true,"vpc_id":true},"before_sensitive":false,"after_sensitive":{"egress":[],"ingress":[{}],"tags_all":{}}}},{"address":"aws_vpc.name_0","mode":"managed","type":"aws_vpc","name":"name_0","provider_name":"registry.terraform.io/hashicorp/aws","change":{"actions":["create"],"before":null,"after":{"assign_generated_ipv6_cidr_block":null,"cidr_block":"10.0.0.0/16","enable_dns_support":true,"instance_tenancy":"default","ipv4_ipam_pool_id":null,"ipv4_netmask_length":null,"ipv6_ipam_pool_id":null,"ipv6_netmask_length":null,"tags":{"Name":"terraform-vpc"},"tags_all":{"Name":"terraform-vpc"}},"after_unknown":{"arn":true,"default_network_acl_id":true,"default_route_table_id":true,"default_security_group_id":true,"dhcp_options_id":true,"enable_classiclink":true,"enable_classiclink_dns_support":true,"enable_dns_hostnames":true,"id":true,"ipv6_association_id":true,"ipv6_cidr_block":true,"ipv6_cidr_block_network_border_group":true,"main_route_table_id":true,"owner_id":true,"tags":{},"tags_all":{}},"before_sensitive":false,"after_sensitive":{"tags":{},"tags_all":{}}}}],"configuration":{"provider_config":{"aws":{"name":"aws","expressions":{"region":{"constant_value":"us-east-1"}}}},"root_module":{"resources":[{"address":"aws_default_network_acl.name_1","mode":"managed","type":"aws_default_network_acl","name":"name_1","provider_config_key":"aws","expressions":{"default_network_acl_id":{"references":["aws_vpc.name_0.default_network_acl_id","aws_vpc.name_0"]},"ingress":[{"action":{"constant_value":"allow"},"cidr_block":{"constant_value":"0.0.0.0/0"},"from_port":{"constant_value":80},"protocol":{"constant_value":-1},"rule_no":{"constant_value":100},"to_port":{"constant_value":0}}]},"schema_version":0},{"address":"aws_vpc.name_0","mode":"managed","type":"aws_vpc","name":"name_0","provider_config_key":"aws","expressions":{"cidr_block":{"constant_value":"10.0.0.0/16"},"tags":{"constant_value":{"Name":"terraform-vpc"}}},"schema_version":1}]}}}
