{"format_version":"1.0","terraform_version":"1.1.7","planned_values":{"root_module":{"resources":[{"address":"aws_s3_bucket.name_0","mode":"managed","type":"aws_s3_bucket","name":"name_0","provider_name":"registry.terraform.io/hashicorp/aws","schema_version":0,"values":{"acl":"private","bucket":"terraform-state","bucket_prefix":null,"force_destroy":false,"lifecycle_rule":[{"abort_incomplete_multipart_upload_days":null,"enabled":true,"expiration":[{"date":null,"days":30,"expired_object_delete_marker":null}],"id":"delete-old-versions","noncurrent_version_expiration":[],"noncurrent_version_transition":[],"prefix":"","tags":null,"transition":[]}],"tags":{"Name":"terraform-state"},"tags_all":{"Name":"terraform-state"},"versioning":[{"enabled":true,"mfa_delete":false}]},"sensitive_values":{"cors_rule":[],"grant":[],"lifecycle_rule":[{"expiration":[{}],"noncurrent_version_expiration":[],"noncurrent_version_transition":[],"transition":[]}],"logging":[],"object_lock_configuration":[],"replication_configuration":[],"server_side_encryption_configuration":[],"tags":{},"tags_all":{},"versioning":[{}],"website":[]}}]}},"resource_changes":[{"address":"aws_s3_bucket.name_0","mode":"managed","type":"aws_s3_bucket","name":"name_0","provider_name":"registry.terraform.io/hashicorp/aws","change":{"actions":["create"],"before":null,"after":{"acl":"private","bucket":"terraform-state","bucket_prefix":null,"force_destroy":false,"lifecycle_rule":[{"abort_incomplete_multipart_upload_days":null,"enabled":true,"expiration":[{"date":null,"days":30,"expired_object_delete_marker":null}],"id":"delete-old-versions","noncurrent_version_expiration":[],"noncurrent_version_transition":[],"prefix":"","tags":null,"transition":[]}],"tags":{"Name":"terraform-state"},"tags_all":{"Name":"terraform-state"},"versioning":[{"enabled":true,"mfa_delete":false}]},"after_unknown":{"acceleration_status":true,"arn":true,"bucket_domain_name":true,"bucket_regional_domain_name":true,"cors_rule":true,"grant":true,"hosted_zone_id":true,"id":true,"lifecycle_rule":[{"expiration":[{}],"noncurrent_version_expiration":[],"noncurrent_version_transition":[],"transition":[]}],"logging":true,"object_lock_configuration":true,"object_lock_enabled":true,"policy":true,"region":true,"replication_configuration":true,"request_payer":true,"server_side_encryption_configuration":true,"tags":{},"tags_all":{},"versioning":[{}],"website":true,"website_domain":true,"website_endpoint":true},"before_sensitive":false,"after_sensitive":{"cors_rule":[],"grant":[],"lifecycle_rule":[{"expiration":[{}],"noncurrent_version_expiration":[],"noncurrent_version_transition":[],"transition":[]}],"logging":[],"object_lock_configuration":[],"replication_configuration":[],"server_side_encryption_configuration":[],"tags":{},"tags_all":{},"versioning":[{}],"website":[]}}}],"configuration":{"provider_config":{"aws":{"name":"aws","expressions":{"region":{"constant_value":"us-east-1"}}}},"root_module":{"resources":[{"address":"aws_s3_bucket.name_0","mode":"managed","type":"aws_s3_bucket","name":"name_0","provider_config_key":"aws","expressions":{"acl":{"constant_value":"private"},"bucket":{"constant_value":"terraform-state"},"lifecycle_rule":[{"enabled":{"constant_value":true},"expiration":[{"days":{"constant_value":30}}],"id":{"constant_value":"delete-old-versions"},"prefix":{"constant_value":""}}],"tags":{"constant_value":{"Name":"terraform-state"}},"versioning":[{"enabled":{"constant_value":true}}]},"schema_version":0}]}}}
