{"format_version":"1.1","terraform_version":"1.1.0-dev","planned_values":{"root_module":{"resources":[{"address":"google_compute_firewall_policy.name_0","mode":"managed","type":"google_compute_firewall_policy","name":"name_0","provider_name":"registry.terraform.io/hashicorp/google","schema_version":0,"values":{"description":"Example Resource","parent":"organizations/12345","short_name":"my-policy","timeouts":null},"sensitive_values":{}}]}},"resource_changes":[{"address":"google_compute_firewall_policy.name_0","mode":"managed","type":"google_compute_firewall_policy","name":"name_0","provider_name":"registry.terraform.io/hashicorp/google","change":{"actions":["create"],"before":null,"after":{"description":"Example Resource","parent":"organizations/12345","short_name":"my-policy","timeouts":null},"after_unknown":{"creation_timestamp":true,"fingerprint":true,"firewall_policy_id":true,"id":true,"name":true,"rule_tuple_count":true,"self_link":true,"self_link_with_id":true},"before_sensitive":false,"after_sensitive":{}}}],"configuration":{"provider_config":{"google":{"name":"google","full_name":"registry.terraform.io/hashicorp/google"}},"root_module":{"resources":[{"address":"google_compute_firewall_policy.name_0","mode":"managed","type":"google_compute_firewall_policy","name":"name_0","provider_config_key":"google","expressions":{"description":{"constant_value":"Example Resource"},"parent":{"constant_value":"organizations/12345"},"short_name":{"constant_value":"my-policy"}},"schema_version":0}]}}}
