{"format_version":"1.0","terraform_version":"1.1.7","planned_values":{"root_module":{"resources":[{"address":"aws_servicequotas_service_quota.name_0","mode":"managed","type":"aws_servicequotas_service_quota","name":"name_0","provider_name":"registry.terraform.io/hashicorp/aws","schema_version":0,"values":{"quota_code":"L-F678F1CE","service_code":"vpc","value":75},"sensitive_values":{}}]}},"resource_changes":[{"address":"aws_servicequotas_service_quota.name_0","mode":"managed","type":"aws_servicequotas_service_quota","name":"name_0","provider_name":"registry.terraform.io/hashicorp/aws","change":{"actions":["create"],"before":null,"after":{"quota_code":"L-F678F1CE","service_code":"vpc","value":75},"after_unknown":{"adjustable":true,"arn":true,"default_value":true,"id":true,"quota_name":true,"request_id":true,"request_status":true,"service_name":true},"before_sensitive":false,"after_sensitive":{}}}],"configuration":{"provider_config":{"aws":{"name":"aws","expressions":{"region":{"constant_value":"us-east-1"}}}},"root_module":{"resources":[{"address":"aws_servicequotas_service_quota.name_0","mode":"managed","type":"aws_servicequotas_service_quota","name":"name_0","provider_config_key":"aws","expressions":{"quota_code":{"constant_value":"L-F678F1CE"},"service_code":{"constant_value":"vpc"},"value":{"constant_value":75}},"schema_version":0}]}}}
