{"format_version":"1.0","terraform_version":"1.1.7","planned_values":{"root_module":{"resources":[{"address":"google_storage_bucket.name_0","mode":"managed","type":"google_storage_bucket","name":"name_0","provider_name":"registry.terraform.io/hashicorp/google","schema_version":0,"values":{"cors":[],"default_event_based_hold":null,"encryption":[],"force_destroy":false,"labels":null,"lifecycle_rule":[],"location":"EUROPE-NORTH1","logging":[],"name":"my-bucket","requester_pays":null,"retention_policy":[],"storage_class":"STANDARD","timeouts":null,"versioning":[],"website":[]},"sensitive_values":{"cors":[],"encryption":[],"lifecycle_rule":[],"logging":[],"retention_policy":[],"versioning":[],"website":[]}},{"address":"google_storage_bucket.name_1","mode":"managed","type":"google_storage_bucket","name":"name_1","provider_name":"registry.terraform.io/hashicorp/google","schema_version":0,"values":{"cors":[],"default_event_based_hold":null,"encryption":[],"force_destroy":false,"labels":null,"lifecycle_rule":[],"location":"EUROPE-NORTH1","logging":[],"name":"my-bucket-cdn","requester_pays":null,"retention_policy":[],"storage_class":"STANDARD","timeouts":null,"versioning":[],"website":[]},"sensitive_values":{"cors":[],"encryption":[],"lifecycle_rule":[],"logging":[],"retention_policy":[],"versioning":[],"website":[]}}]}},"resource_changes":[{"address":"google_storage_bucket.name_0","mode":"managed","type":"google_storage_bucket","name":"name_0","provider_name":"registry.terraform.io/hashicorp/google","change":{"actions":["create"],"before":null,"after":{"cors":[],"default_event_based_hold":null,"encryption":[],"force_destroy":false,"labels":null,"lifecycle_rule":[],"location":"EUROPE-NORTH1","logging":[],"name":"my-bucket","requester_pays":null,"retention_policy":[],"storage_class":"STANDARD","timeouts":null,"versioning":[],"website":[]},"after_unknown":{"cors":[],"encryption":[],"id":true,"lifecycle_rule":[],"logging":[],"project":true,"retention_policy":[],"self_link":true,"uniform_bucket_level_access":true,"url":true,"versioning":[],"website":[]},"before_sensitive":false,"after_sensitive":{"cors":[],"encryption":[],"lifecycle_rule":[],"logging":[],"retention_policy":[],"versioning":[],"website":[]}}},{"address":"google_storage_bucket.name_1","mode":"managed","type":"google_storage_bucket","name":"name_1","provider_name":"registry.terraform.io/hashicorp/google","change":{"actions":["create"],"before":null,"after":{"cors":[],"default_event_based_hold":null,"encryption":[],"force_destroy":false,"labels":null,"lifecycle_rule":[],"location":"EUROPE-NORTH1","logging":[],"name":"my-bucket-cdn","requester_pays":null,"retention_policy":[],"storage_class":"STANDARD","timeouts":null,"versioning":[],"website":[]},"after_unknown":{"cors":[],"encryption":[],"id":true,"lifecycle_rule":[],"logging":[],"project":true,"retention_policy":[],"self_link":true,"uniform_bucket_level_access":true,"url":true,"versioning":[],"website":[]},"before_sensitive":false,"after_sensitive":{"cors":[],"encryption":[],"lifecycle_rule":[],"logging":[],"retention_policy":[],"versioning":[],"website":[]}}}],"configuration":{"provider_config":{"google":{"name":"google"}},"root_module":{"resources":[{"address":"google_storage_bucket.name_0","mode":"managed","type":"google_storage_bucket","name":"name_0","provider_config_key":"google","expressions":{"location":{"constant_value":"europe-north1"},"name":{"constant_value":"my-bucket"}},"schema_version":0},{"address":"google_storage_bucket.name_1","mode":"managed","type":"google_storage_bucket","name":"name_1","provider_config_key":"google","expressions":{"location":{"constant_value":"europe-north1"},"name":{"constant_value":"my-bucket-cdn"}},"schema_version":0}]}}}
