{"format_version":"1.0","terraform_version":"1.1.7","planned_values":{"root_module":{"resources":[{"address":"google_compute_firewall.name_0","mode":"managed","type":"google_compute_firewall","name":"name_0","provider_name":"registry.terraform.io/hashicorp/google","schema_version":1,"values":{"allow":[{"ports":[],"protocol":"icmp"}],"deny":[],"description":null,"direction":"INGRESS","disabled":null,"log_config":[],"name":"my-firewall","network":"default","priority":1,"project":"my-project","source_ranges":["130.211.0.0/22","35.191.0.0/16"],"source_service_accounts":null,"source_tags":null,"target_service_accounts":null,"target_tags":["my-tag-key"],"timeouts":null},"sensitive_values":{"allow":[{"ports":[]}],"deny":[],"destination_ranges":[],"log_config":[],"source_ranges":[false,false],"target_tags":[false]}}]}},"resource_changes":[{"address":"google_compute_firewall.name_0","mode":"managed","type":"google_compute_firewall","name":"name_0","provider_name":"registry.terraform.io/hashicorp/google","change":{"actions":["create"],"before":null,"after":{"allow":[{"ports":[],"protocol":"icmp"}],"deny":[],"description":null,"direction":"INGRESS","disabled":null,"log_config":[],"name":"my-firewall","network":"default","priority":1,"project":"my-project","source_ranges":["130.211.0.0/22","35.191.0.0/16"],"source_service_accounts":null,"source_tags":null,"target_service_accounts":null,"target_tags":["my-tag-key"],"timeouts":null},"after_unknown":{"allow":[{"ports":[]}],"creation_timestamp":true,"deny":[],"destination_ranges":true,"enable_logging":true,"id":true,"log_config":[],"self_link":true,"source_ranges":[false,false],"target_tags":[false]},"before_sensitive":false,"after_sensitive":{"allow":[{"ports":[]}],"deny":[],"destination_ranges":[],"log_config":[],"source_ranges":[false,false],"target_tags":[false]}}}],"configuration":{"provider_config":{"google":{"name":"google"}},"root_module":{"resources":[{"address":"google_compute_firewall.name_0","mode":"managed","type":"google_compute_firewall","name":"name_0","provider_config_key":"google","expressions":{"allow":[{"protocol":{"constant_value":"icmp"}}],"direction":{"constant_value":"INGRESS"},"name":{"constant_value":"my-firewall"},"network":{"constant_value":"default"},"priority":{"constant_value":1},"project":{"constant_value":"my-project"},"source_ranges":{"constant_value":["130.211.0.0/22","35.191.0.0/16"]},"target_tags":{"constant_value":["my-tag-key"]}},"schema_version":1}]}}}
