{"format_version":"1.0","terraform_version":"1.1.7","planned_values":{"root_module":{"resources":[{"address":"google_compute_node_group.name_1","mode":"managed","type":"google_compute_node_group","name":"name_1","provider_name":"registry.terraform.io/hashicorp/google","schema_version":0,"values":{"description":"example google_compute_node_group for Terraform Google Provider","initial_size":null,"maintenance_policy":"DEFAULT","maintenance_window":[],"name":"soletenant-group","size":1,"timeouts":null},"sensitive_values":{"autoscaling_policy":[],"maintenance_window":[]}},{"address":"google_compute_node_template.name_0","mode":"managed","type":"google_compute_node_template","name":"name_0","provider_name":"registry.terraform.io/hashicorp/google","schema_version":0,"values":{"cpu_overcommit_type":"NONE","description":null,"name":"soletenant-tmpl","node_affinity_labels":null,"node_type":"n1-node-96-624","node_type_flexibility":[],"timeouts":null},"sensitive_values":{"node_type_flexibility":[],"server_binding":[]}}]}},"resource_changes":[{"address":"google_compute_node_group.name_1","mode":"managed","type":"google_compute_node_group","name":"name_1","provider_name":"registry.terraform.io/hashicorp/google","change":{"actions":["create"],"before":null,"after":{"description":"example google_compute_node_group for Terraform Google Provider","initial_size":null,"maintenance_policy":"DEFAULT","maintenance_window":[],"name":"soletenant-group","size":1,"timeouts":null},"after_unknown":{"autoscaling_policy":true,"creation_timestamp":true,"id":true,"maintenance_window":[],"node_template":true,"project":true,"self_link":true,"zone":true},"before_sensitive":false,"after_sensitive":{"autoscaling_policy":[],"maintenance_window":[]}}},{"address":"google_compute_node_template.name_0","mode":"managed","type":"google_compute_node_template","name":"name_0","provider_name":"registry.terraform.io/hashicorp/google","change":{"actions":["create"],"before":null,"after":{"cpu_overcommit_type":"NONE","description":null,"name":"soletenant-tmpl","node_affinity_labels":null,"node_type":"n1-node-96-624","node_type_flexibility":[],"timeouts":null},"after_unknown":{"creation_timestamp":true,"id":true,"node_type_flexibility":[],"project":true,"region":true,"self_link":true,"server_binding":true},"before_sensitive":false,"after_sensitive":{"node_type_flexibility":[],"server_binding":[]}}}],"configuration":{"provider_config":{"google":{"name":"google","expressions":{"region":{"constant_value":"europe-north1"}}}},"root_module":{"resources":[{"address":"google_compute_node_group.name_1","mode":"managed","type":"google_compute_node_group","name":"name_1","provider_config_key":"google","expressions":{"description":{"constant_value":"example google_compute_node_group for Terraform Google Provider"},"name":{"constant_value":"soletenant-group"},"node_template":{"references":["google_compute_node_template.name_0.id","google_compute_node_template.name_0"]},"size":{"constant_value":1}},"schema_version":0},{"address":"google_compute_node_template.name_0","mode":"managed","type":"google_compute_node_template","name":"name_0","provider_config_key":"google","expressions":{"name":{"constant_value":"soletenant-tmpl"},"node_type":{"constant_value":"n1-node-96-624"}},"schema_version":0}]}}}
