{"format_version":"1.0","terraform_version":"1.1.7","planned_values":{"root_module":{"resources":[{"address":"google_dns_managed_zone.name_0","mode":"managed","type":"google_dns_managed_zone","name":"name_0","provider_name":"registry.terraform.io/hashicorp/google","schema_version":0,"values":{"description":"Managed by Terraform","dns_name":"my-zone","dnssec_config":[],"force_destroy":false,"forwarding_config":[],"labels":null,"name":"my-zone","peering_config":[],"private_visibility_config":[],"timeouts":null,"visibility":"public"},"sensitive_values":{"dnssec_config":[],"forwarding_config":[],"name_servers":[],"peering_config":[],"private_visibility_config":[]}}]}},"resource_changes":[{"address":"google_dns_managed_zone.name_0","mode":"managed","type":"google_dns_managed_zone","name":"name_0","provider_name":"registry.terraform.io/hashicorp/google","change":{"actions":["create"],"before":null,"after":{"description":"Managed by Terraform","dns_name":"my-zone","dnssec_config":[],"force_destroy":false,"forwarding_config":[],"labels":null,"name":"my-zone","peering_config":[],"private_visibility_config":[],"timeouts":null,"visibility":"public"},"after_unknown":{"dnssec_config":[],"forwarding_config":[],"id":true,"name_servers":true,"peering_config":[],"private_visibility_config":[],"project":true},"before_sensitive":false,"after_sensitive":{"dnssec_config":[],"forwarding_config":[],"name_servers":[],"peering_config":[],"private_visibility_config":[]}}}],"configuration":{"provider_config":{"google":{"name":"google"}},"root_module":{"resources":[{"address":"google_dns_managed_zone.name_0","mode":"managed","type":"google_dns_managed_zone","name":"name_0","provider_config_key":"google","expressions":{"dns_name":{"constant_value":"my-zone"},"name":{"constant_value":"my-zone"}},"schema_version":0}]}}}
