{"format_version":"1.0","terraform_version":"1.1.7","planned_values":{"root_module":{"resources":[{"address":"azurerm_managed_disk.name_1","mode":"managed","type":"azurerm_managed_disk","name":"name_1","provider_name":"registry.terraform.io/hashicorp/azurerm","schema_version":0,"values":{"create_option":"Empty","disk_access_id":null,"disk_encryption_set_id":null,"edge_zone":null,"encryption_settings":[],"gallery_image_reference_id":null,"hyper_v_generation":null,"image_reference_id":null,"location":"westus","name":"myTFDisk","network_access_policy":null,"on_demand_bursting_enabled":null,"os_type":null,"public_network_access_enabled":true,"resource_group_name":"example-rg","source_resource_id":null,"storage_account_id":null,"storage_account_type":"Standard_LRS","tags":null,"timeouts":null,"trusted_launch_enabled":null,"zone":null},"sensitive_values":{"encryption_settings":[]}},{"address":"azurerm_resource_group.name_0","mode":"managed","type":"azurerm_resource_group","name":"name_0","provider_name":"registry.terraform.io/hashicorp/azurerm","schema_version":0,"values":{"location":"westus","name":"example-rg","tags":null,"timeouts":null},"sensitive_values":{}}]}},"resource_changes":[{"address":"azurerm_managed_disk.name_1","mode":"managed","type":"azurerm_managed_disk","name":"name_1","provider_name":"registry.terraform.io/hashicorp/azurerm","change":{"actions":["create"],"before":null,"after":{"create_option":"Empty","disk_access_id":null,"disk_encryption_set_id":null,"edge_zone":null,"encryption_settings":[],"gallery_image_reference_id":null,"hyper_v_generation":null,"image_reference_id":null,"location":"westus","name":"myTFDisk","network_access_policy":null,"on_demand_bursting_enabled":null,"os_type":null,"public_network_access_enabled":true,"resource_group_name":"example-rg","source_resource_id":null,"storage_account_id":null,"storage_account_type":"Standard_LRS","tags":null,"timeouts":null,"trusted_launch_enabled":null,"zone":null},"after_unknown":{"disk_iops_read_only":true,"disk_iops_read_write":true,"disk_mbps_read_only":true,"disk_mbps_read_write":true,"disk_size_gb":true,"encryption_settings":[],"id":true,"logical_sector_size":true,"max_shares":true,"source_uri":true,"tier":true},"before_sensitive":false,"after_sensitive":{"encryption_settings":[]}}},{"address":"azurerm_resource_group.name_0","mode":"managed","type":"azurerm_resource_group","name":"name_0","provider_name":"registry.terraform.io/hashicorp/azurerm","change":{"actions":["create"],"before":null,"after":{"location":"westus","name":"example-rg","tags":null,"timeouts":null},"after_unknown":{"id":true},"before_sensitive":false,"after_sensitive":{}}}],"configuration":{"provider_config":{"azurerm":{"name":"azurerm","expressions":{"features":[{}]}}},"root_module":{"resources":[{"address":"azurerm_managed_disk.name_1","mode":"managed","type":"azurerm_managed_disk","name":"name_1","provider_config_key":"azurerm","expressions":{"create_option":{"constant_value":"Empty"},"location":{"constant_value":"westus"},"name":{"constant_value":"myTFDisk"},"resource_group_name":{"references":["azurerm_resource_group.name_0.name","azurerm_resource_group.name_0"]},"storage_account_type":{"constant_value":"Standard_LRS"}},"schema_version":0},{"address":"azurerm_resource_group.name_0","mode":"managed","type":"azurerm_resource_group","name":"name_0","provider_config_key":"azurerm","expressions":{"location":{"constant_value":"westus"},"name":{"constant_value":"example-rg"}},"schema_version":0}]}}}
