{"format_version":"1.0","terraform_version":"1.1.3","planned_values":{"root_module":{"resources":[{"address":"aws_route53_record.name_1","mode":"managed","type":"aws_route53_record","name":"name_1","provider_name":"registry.terraform.io/hashicorp/aws","schema_version":2,"values":{"alias":[],"failover_routing_policy":[],"geolocation_routing_policy":[],"health_check_id":null,"latency_routing_policy":[],"multivalue_answer_routing_policy":null,"name":"example.com","records":["10.0.0.0/16"],"set_identifier":null,"ttl":300,"type":"A","weighted_routing_policy":[],"zone_id":"Z1AFAKE1ZON3YO"},"sensitive_values":{"alias":[],"failover_routing_policy":[],"geolocation_routing_policy":[],"latency_routing_policy":[],"records":[false],"weighted_routing_policy":[]}},{"address":"aws_vpc.name_0","mode":"managed","type":"aws_vpc","name":"name_0","provider_name":"registry.terraform.io/hashicorp/aws","schema_version":1,"values":{"assign_generated_ipv6_cidr_block":null,"cidr_block":"10.0.0.0/16","enable_dns_hostnames":true,"enable_dns_support":true,"instance_tenancy":"default","ipv4_ipam_pool_id":null,"ipv4_netmask_length":null,"ipv6_ipam_pool_id":null,"ipv6_netmask_length":null,"tags":{"Name":"terraform_example"},"tags_all":{"Name":"terraform_example"}},"sensitive_values":{"tags":{},"tags_all":{}}}]}},"resource_changes":[{"address":"aws_route53_record.name_1","mode":"managed","type":"aws_route53_record","name":"name_1","provider_name":"registry.terraform.io/hashicorp/aws","change":{"actions":["create"],"before":null,"after":{"alias":[],"failover_routing_policy":[],"geolocation_routing_policy":[],"health_check_id":null,"latency_routing_policy":[],"multivalue_answer_routing_policy":null,"name":"example.com","records":["10.0.0.0/16"],"set_identifier":null,"ttl":300,"type":"A","weighted_routing_policy":[],"zone_id":"Z1AFAKE1ZON3YO"},"after_unknown":{"alias":[],"allow_overwrite":true,"failover_routing_policy":[],"fqdn":true,"geolocation_routing_policy":[],"id":true,"latency_routing_policy":[],"records":[false],"weighted_routing_policy":[]},"before_sensitive":false,"after_sensitive":{"alias":[],"failover_routing_policy":[],"geolocation_routing_policy":[],"latency_routing_policy":[],"records":[false],"weighted_routing_policy":[]}}},{"address":"aws_vpc.name_0","mode":"managed","type":"aws_vpc","name":"name_0","provider_name":"registry.terraform.io/hashicorp/aws","change":{"actions":["create"],"before":null,"after":{"assign_generated_ipv6_cidr_block":null,"cidr_block":"10.0.0.0/16","enable_dns_hostnames":true,"enable_dns_support":true,"instance_tenancy":"default","ipv4_ipam_pool_id":null,"ipv4_netmask_length":null,"ipv6_ipam_pool_id":null,"ipv6_netmask_length":null,"tags":{"Name":"terraform_example"},"tags_all":{"Name":"terraform_example"}},"after_unknown":{"arn":true,"default_network_acl_id":true,"default_route_table_id":true,"default_security_group_id":true,"dhcp_options_id":true,"enable_classiclink":true,"enable_classiclink_dns_support":true,"id":true,"ipv6_association_id":true,"ipv6_cidr_block":true,"ipv6_cidr_block_network_border_group":true,"main_route_table_id":true,"owner_id":true,"tags":{},"tags_all":{}},"before_sensitive":false,"after_sensitive":{"tags":{},"tags_all":{}}}}],"configuration":{"provider_config":{"aws":{"name":"aws","expressions":{"profile":{"constant_value":"default"},"region":{"constant_value":"us-east-1"}}}},"root_module":{"resources":[{"address":"aws_route53_record.name_1","mode":"managed","type":"aws_route53_record","name":"name_1","provider_config_key":"aws","expressions":{"name":{"constant_value":"example.com"},"records":{"constant_value":["10.0.0.0/16"]},"ttl":{"constant_value":"300"},"type":{"constant_value":"A"},"zone_id":{"constant_value":"Z1AFAKE1ZON3YO"}},"schema_version":2},{"address":"aws_vpc.name_0","mode":"managed","type":"aws_vpc","name":"name_0","provider_config_key":"aws","expressions":{"cidr_block":{"constant_value":"10.0.0.0/16"},"enable_dns_hostnames":{"constant_value":true},"tags":{"constant_value":{"Name":"terraform_example"}}},"schema_version":1}]}}}
