{"format_version":"1.0","terraform_version":"1.1.7","planned_values":{"root_module":{"resources":[{"address":"aws_instance.name_0","mode":"managed","type":"aws_instance","name":"name_0","provider_name":"registry.terraform.io/hashicorp/aws","schema_version":1,"values":{"ami":"ami-0915bcb5fa77e4892","credit_specification":[],"get_password_data":false,"hibernation":null,"iam_instance_profile":null,"instance_type":"t2.micro","launch_template":[],"source_dest_check":true,"tags":{"Name":"myec2"},"tags_all":{"Name":"myec2"},"timeouts":null,"user_data_replace_on_change":false,"volume_tags":null},"sensitive_values":{"capacity_reservation_specification":[],"credit_specification":[],"ebs_block_device":[],"enclave_options":[],"ephemeral_block_device":[],"ipv6_addresses":[],"launch_template":[],"maintenance_options":[],"metadata_options":[],"network_interface":[],"root_block_device":[],"secondary_private_ips":[],"security_groups":[],"tags":{},"tags_all":{},"vpc_security_group_ids":[]}}]}},"resource_changes":[{"address":"aws_instance.name_0","mode":"managed","type":"aws_instance","name":"name_0","provider_name":"registry.terraform.io/hashicorp/aws","change":{"actions":["create"],"before":null,"after":{"ami":"ami-0915bcb5fa77e4892","credit_specification":[],"get_password_data":false,"hibernation":null,"iam_instance_profile":null,"instance_type":"t2.micro","launch_template":[],"source_dest_check":true,"tags":{"Name":"myec2"},"tags_all":{"Name":"myec2"},"timeouts":null,"user_data_replace_on_change":false,"volume_tags":null},"after_unknown":{"arn":true,"associate_public_ip_address":true,"availability_zone":true,"capacity_reservation_specification":true,"cpu_core_count":true,"cpu_threads_per_core":true,"credit_specification":[],"disable_api_termination":true,"ebs_block_device":true,"ebs_optimized":true,"enclave_options":true,"ephemeral_block_device":true,"host_id":true,"id":true,"instance_initiated_shutdown_behavior":true,"instance_state":true,"ipv6_address_count":true,"ipv6_addresses":true,"key_name":true,"launch_template":[],"maintenance_options":true,"metadata_options":true,"monitoring":true,"network_interface":true,"outpost_arn":true,"password_data":true,"placement_group":true,"placement_partition_number":true,"primary_network_interface_id":true,"private_dns":true,"private_ip":true,"public_dns":true,"public_ip":true,"root_block_device":true,"secondary_private_ips":true,"security_groups":true,"subnet_id":true,"tags":{},"tags_all":{},"tenancy":true,"user_data":true,"user_data_base64":true,"vpc_security_group_ids":true},"before_sensitive":false,"after_sensitive":{"capacity_reservation_specification":[],"credit_specification":[],"ebs_block_device":[],"enclave_options":[],"ephemeral_block_device":[],"ipv6_addresses":[],"launch_template":[],"maintenance_options":[],"metadata_options":[],"network_interface":[],"root_block_device":[],"secondary_private_ips":[],"security_groups":[],"tags":{},"tags_all":{},"vpc_security_group_ids":[]}}}],"configuration":{"provider_config":{"aws":{"name":"aws","expressions":{"region":{"constant_value":"us-east-1"}}}},"root_module":{"resources":[{"address":"aws_instance.name_0","mode":"managed","type":"aws_instance","name":"name_0","provider_config_key":"aws","expressions":{"ami":{"constant_value":"ami-0915bcb5fa77e4892"},"instance_type":{"constant_value":"t2.micro"},"tags":{"constant_value":{"Name":"myec2"}}},"schema_version":1}]}}}
