{"format_version":"1.0","terraform_version":"1.1.7","planned_values":{"root_module":{"resources":[{"address":"google_compute_firewall.name_0","mode":"managed","type":"google_compute_firewall","name":"name_0","provider_name":"registry.terraform.io/hashicorp/google","schema_version":1,"values":{"allow":[{"ports":["22"],"protocol":"tcp"},{"ports":["443"],"protocol":"icmp"},{"ports":["443"],"protocol":"tcp"},{"ports":["443"],"protocol":"udp"},{"ports":["80"],"protocol":"udp"}],"deny":[],"description":null,"disabled":null,"log_config":[],"name":"my-firewall-vm","network":"default","priority":1000,"source_ranges":["0.0.0.0/0"],"source_service_accounts":null,"source_tags":["my-firewall-vm"],"target_service_accounts":null,"target_tags":["my-firewall-vm"],"timeouts":null},"sensitive_values":{"allow":[{"ports":[false]},{"ports":[false]},{"ports":[false]},{"ports":[false]},{"ports":[false]}],"deny":[],"destination_ranges":[],"log_config":[],"source_ranges":[false],"source_tags":[false],"target_tags":[false]}},{"address":"google_compute_firewall.name_1","mode":"managed","type":"google_compute_firewall","name":"name_1","provider_name":"registry.terraform.io/hashicorp/google","schema_version":1,"values":{"allow":[{"ports":["443"],"protocol":"icmp"},{"ports":["443"],"protocol":"tcp"},{"ports":["443"],"protocol":"udp"}],"deny":[],"description":null,"disabled":null,"log_config":[],"name":"my-firewall-http","network":"default","priority":1000,"source_ranges":["0.0.0.0/0"],"source_service_accounts":null,"source_tags":["my-firewall-http"],"target_service_accounts":null,"target_tags":["my-firewall-http"],"timeouts":null},"sensitive_values":{"allow":[{"ports":[false]},{"ports":[false]},{"ports":[false]}],"deny":[],"destination_ranges":[],"log_config":[],"source_ranges":[false],"source_tags":[false],"target_tags":[false]}}]}},"resource_changes":[{"address":"google_compute_firewall.name_0","mode":"managed","type":"google_compute_firewall","name":"name_0","provider_name":"registry.terraform.io/hashicorp/google","change":{"actions":["create"],"before":null,"after":{"allow":[{"ports":["22"],"protocol":"tcp"},{"ports":["443"],"protocol":"icmp"},{"ports":["443"],"protocol":"tcp"},{"ports":["443"],"protocol":"udp"},{"ports":["80"],"protocol":"udp"}],"deny":[],"description":null,"disabled":null,"log_config":[],"name":"my-firewall-vm","network":"default","priority":1000,"source_ranges":["0.0.0.0/0"],"source_service_accounts":null,"source_tags":["my-firewall-vm"],"target_service_accounts":null,"target_tags":["my-firewall-vm"],"timeouts":null},"after_unknown":{"allow":[{"ports":[false]},{"ports":[false]},{"ports":[false]},{"ports":[false]},{"ports":[false]}],"creation_timestamp":true,"deny":[],"destination_ranges":true,"direction":true,"enable_logging":true,"id":true,"log_config":[],"project":true,"self_link":true,"source_ranges":[false],"source_tags":[false],"target_tags":[false]},"before_sensitive":false,"after_sensitive":{"allow":[{"ports":[false]},{"ports":[false]},{"ports":[false]},{"ports":[false]},{"ports":[false]}],"deny":[],"destination_ranges":[],"log_config":[],"source_ranges":[false],"source_tags":[false],"target_tags":[false]}}},{"address":"google_compute_firewall.name_1","mode":"managed","type":"google_compute_firewall","name":"name_1","provider_name":"registry.terraform.io/hashicorp/google","change":{"actions":["create"],"before":null,"after":{"allow":[{"ports":["443"],"protocol":"icmp"},{"ports":["443"],"protocol":"tcp"},{"ports":["443"],"protocol":"udp"}],"deny":[],"description":null,"disabled":null,"log_config":[],"name":"my-firewall-http","network":"default","priority":1000,"source_ranges":["0.0.0.0/0"],"source_service_accounts":null,"source_tags":["my-firewall-http"],"target_service_accounts":null,"target_tags":["my-firewall-http"],"timeouts":null},"after_unknown":{"allow":[{"ports":[false]},{"ports":[false]},{"ports":[false]}],"creation_timestamp":true,"deny":[],"destination_ranges":true,"direction":true,"enable_logging":true,"id":true,"log_config":[],"project":true,"self_link":true,"source_ranges":[false],"source_tags":[false],"target_tags":[false]},"before_sensitive":false,"after_sensitive":{"allow":[{"ports":[false]},{"ports":[false]},{"ports":[false]}],"deny":[],"destination_ranges":[],"log_config":[],"source_ranges":[false],"source_tags":[false],"target_tags":[false]}}}],"configuration":{"provider_config":{"google":{"name":"google"}},"root_module":{"resources":[{"address":"google_compute_firewall.name_0","mode":"managed","type":"google_compute_firewall","name":"name_0","provider_config_key":"google","expressions":{"allow":[{"ports":{"constant_value":["22"]},"protocol":{"constant_value":"tcp"}},{"ports":{"constant_value":["80"]},"protocol":{"constant_value":"udp"}},{"ports":{"constant_value":["443"]},"protocol":{"constant_value":"icmp"}},{"ports":{"constant_value":["443"]},"protocol":{"constant_value":"icmp"}},{"ports":{"constant_value":["443"]},"protocol":{"constant_value":"tcp"}},{"ports":{"constant_value":["443"]},"protocol":{"constant_value":"udp"}},{"ports":{"constant_value":["443"]},"protocol":{"constant_value":"icmp"}}],"name":{"constant_value":"my-firewall-vm"},"network":{"constant_value":"default"},"source_ranges":{"constant_value":["0.0.0.0/0"]},"source_tags":{"constant_value":["my-firewall-vm"]},"target_tags":{"constant_value":["my-firewall-vm"]}},"schema_version":1},{"address":"google_compute_firewall.name_1","mode":"managed","type":"google_compute_firewall","name":"name_1","provider_config_key":"google","expressions":{"allow":[{"ports":{"constant_value":["443"]},"protocol":{"constant_value":"tcp"}},{"ports":{"constant_value":["443"]},"protocol":{"constant_value":"udp"}},{"ports":{"constant_value":["443"]},"protocol":{"constant_value":"icmp"}}],"name":{"constant_value":"my-firewall-http"},"network":{"constant_value":"default"},"source_ranges":{"constant_value":["0.0.0.0/0"]},"source_tags":{"constant_value":["my-firewall-http"]},"target_tags":{"constant_value":["my-firewall-http"]}},"schema_version":1}]}}}
