{"format_version":"1.0","terraform_version":"1.1.3","planned_values":{"root_module":{"resources":[{"address":"aws_s3_bucket.name_1","mode":"managed","type":"aws_s3_bucket","name":"name_1","provider_name":"registry.terraform.io/hashicorp/aws","schema_version":0,"values":{"acl":"private","bucket":"terraform-state","bucket_prefix":null,"force_destroy":true,"tags":null,"versioning":[{"enabled":true,"mfa_delete":false}]},"sensitive_values":{"cors_rule":[],"grant":[],"lifecycle_rule":[],"logging":[],"object_lock_configuration":[],"replication_configuration":[],"server_side_encryption_configuration":[],"tags_all":{},"versioning":[{}],"website":[]}},{"address":"random_pet.name_0","mode":"managed","type":"random_pet","name":"name_0","provider_name":"registry.terraform.io/hashicorp/random","schema_version":0,"values":{"keepers":null,"length":5,"prefix":null,"separator":"-"},"sensitive_values":{}}]}},"resource_changes":[{"address":"aws_s3_bucket.name_1","mode":"managed","type":"aws_s3_bucket","name":"name_1","provider_name":"registry.terraform.io/hashicorp/aws","change":{"actions":["create"],"before":null,"after":{"acl":"private","bucket":"terraform-state","bucket_prefix":null,"force_destroy":true,"tags":null,"versioning":[{"enabled":true,"mfa_delete":false}]},"after_unknown":{"acceleration_status":true,"arn":true,"bucket_domain_name":true,"bucket_regional_domain_name":true,"cors_rule":true,"grant":true,"hosted_zone_id":true,"id":true,"lifecycle_rule":true,"logging":true,"object_lock_configuration":true,"object_lock_enabled":true,"policy":true,"region":true,"replication_configuration":true,"request_payer":true,"server_side_encryption_configuration":true,"tags_all":true,"versioning":[{}],"website":true,"website_domain":true,"website_endpoint":true},"before_sensitive":false,"after_sensitive":{"cors_rule":[],"grant":[],"lifecycle_rule":[],"logging":[],"object_lock_configuration":[],"replication_configuration":[],"server_side_encryption_configuration":[],"tags_all":{},"versioning":[{}],"website":[]}}},{"address":"random_pet.name_0","mode":"managed","type":"random_pet","name":"name_0","provider_name":"registry.terraform.io/hashicorp/random","change":{"actions":["create"],"before":null,"after":{"keepers":null,"length":5,"prefix":null,"separator":"-"},"after_unknown":{"id":true},"before_sensitive":false,"after_sensitive":{}}}],"configuration":{"provider_config":{"aws":{"name":"aws","expressions":{"region":{"constant_value":"us-east-1"}}}},"root_module":{"resources":[{"address":"aws_s3_bucket.name_1","mode":"managed","type":"aws_s3_bucket","name":"name_1","provider_config_key":"aws","expressions":{"acl":{"constant_value":"private"},"bucket":{"constant_value":"terraform-state"},"force_destroy":{"constant_value":true},"versioning":[{"enabled":{"constant_value":true}}]},"schema_version":0},{"address":"random_pet.name_0","mode":"managed","type":"random_pet","name":"name_0","provider_config_key":"random","expressions":{"length":{"constant_value":5},"separator":{"constant_value":"-"}},"schema_version":0}]}}}
