{"format_version":"1.0","terraform_version":"1.1.7","planned_values":{"root_module":{"resources":[{"address":"google_compute_network.name_0","mode":"managed","type":"google_compute_network","name":"name_0","provider_name":"registry.terraform.io/hashicorp/google","schema_version":0,"values":{"auto_create_subnetworks":false,"delete_default_routes_on_create":false,"description":null,"name":"foobar","timeouts":null},"sensitive_values":{}},{"address":"google_compute_router.name_1","mode":"managed","type":"google_compute_router","name":"name_1","provider_name":"registry.terraform.io/hashicorp/google","schema_version":0,"values":{"bgp":[{"advertise_mode":"DEFAULT","advertised_groups":null,"advertised_ip_ranges":[],"asn":64514,"keepalive_interval":20}],"description":null,"encrypted_interconnect_router":null,"name":"foobar","region":"europe-west1","timeouts":null},"sensitive_values":{"bgp":[{"advertised_ip_ranges":[]}]}}]}},"resource_changes":[{"address":"google_compute_network.name_0","mode":"managed","type":"google_compute_network","name":"name_0","provider_name":"registry.terraform.io/hashicorp/google","change":{"actions":["create"],"before":null,"after":{"auto_create_subnetworks":false,"delete_default_routes_on_create":false,"description":null,"name":"foobar","timeouts":null},"after_unknown":{"gateway_ipv4":true,"id":true,"mtu":true,"project":true,"routing_mode":true,"self_link":true},"before_sensitive":false,"after_sensitive":{}}},{"address":"google_compute_router.name_1","mode":"managed","type":"google_compute_router","name":"name_1","provider_name":"registry.terraform.io/hashicorp/google","change":{"actions":["create"],"before":null,"after":{"bgp":[{"advertise_mode":"DEFAULT","advertised_groups":null,"advertised_ip_ranges":[],"asn":64514,"keepalive_interval":20}],"description":null,"encrypted_interconnect_router":null,"name":"foobar","region":"europe-west1","timeouts":null},"after_unknown":{"bgp":[{"advertised_ip_ranges":[]}],"creation_timestamp":true,"id":true,"network":true,"project":true,"self_link":true},"before_sensitive":false,"after_sensitive":{"bgp":[{"advertised_ip_ranges":[]}]}}}],"configuration":{"provider_config":{"google":{"name":"google"}},"root_module":{"resources":[{"address":"google_compute_network.name_0","mode":"managed","type":"google_compute_network","name":"name_0","provider_config_key":"google","expressions":{"auto_create_subnetworks":{"constant_value":"false"},"name":{"constant_value":"foobar"}},"schema_version":0},{"address":"google_compute_router.name_1","mode":"managed","type":"google_compute_router","name":"name_1","provider_config_key":"google","expressions":{"bgp":[{"asn":{"constant_value":64514}}],"name":{"constant_value":"foobar"},"network":{"references":["google_compute_network.name_0.id","google_compute_network.name_0"]},"region":{"constant_value":"europe-west1"}},"schema_version":0}]}}}
