{"format_version":"1.0","terraform_version":"1.1.7","planned_values":{"root_module":{"resources":[{"address":"aws_network_acl.name_1","mode":"managed","type":"aws_network_acl","name":"name_1","provider_name":"registry.terraform.io/hashicorp/aws","schema_version":0,"values":{"egress":[{"action":"allow","cidr_block":"0.0.0.0/0","from_port":0,"icmp_code":null,"icmp_type":null,"ipv6_cidr_block":"","protocol":"-1","rule_no":100,"to_port":0}],"ingress":[{"action":"allow","cidr_block":"0.0.0.0/0","from_port":83,"icmp_code":null,"icmp_type":null,"ipv6_cidr_block":"","protocol":"-1","rule_no":100,"to_port":0}],"tags":{"Name":"terraform-aws-default-network-acl"},"tags_all":{"Name":"terraform-aws-default-network-acl"}},"sensitive_values":{"egress":[{}],"ingress":[{}],"subnet_ids":[],"tags":{},"tags_all":{}}},{"address":"aws_vpc.name_0","mode":"managed","type":"aws_vpc","name":"name_0","provider_name":"registry.terraform.io/hashicorp/aws","schema_version":1,"values":{"assign_generated_ipv6_cidr_block":null,"cidr_block":"10.0.0.0/16","enable_dns_hostnames":true,"enable_dns_support":true,"instance_tenancy":"default","ipv4_ipam_pool_id":null,"ipv4_netmask_length":null,"ipv6_ipam_pool_id":null,"ipv6_netmask_length":null,"tags":{"Name":"terraform-aws-vpc"},"tags_all":{"Name":"terraform-aws-vpc"}},"sensitive_values":{"tags":{},"tags_all":{}}}]}},"resource_changes":[{"address":"aws_network_acl.name_1","mode":"managed","type":"aws_network_acl","name":"name_1","provider_name":"registry.terraform.io/hashicorp/aws","change":{"actions":["create"],"before":null,"after":{"egress":[{"action":"allow","cidr_block":"0.0.0.0/0","from_port":0,"icmp_code":null,"icmp_type":null,"ipv6_cidr_block":"","protocol":"-1","rule_no":100,"to_port":0}],"ingress":[{"action":"allow","cidr_block":"0.0.0.0/0","from_port":83,"icmp_code":null,"icmp_type":null,"ipv6_cidr_block":"","protocol":"-1","rule_no":100,"to_port":0}],"tags":{"Name":"terraform-aws-default-network-acl"},"tags_all":{"Name":"terraform-aws-default-network-acl"}},"after_unknown":{"arn":true,"egress":[{}],"id":true,"ingress":[{}],"owner_id":true,"subnet_ids":true,"tags":{},"tags_all":{},"vpc_id":true},"before_sensitive":false,"after_sensitive":{"egress":[{}],"ingress":[{}],"subnet_ids":[],"tags":{},"tags_all":{}}}},{"address":"aws_vpc.name_0","mode":"managed","type":"aws_vpc","name":"name_0","provider_name":"registry.terraform.io/hashicorp/aws","change":{"actions":["create"],"before":null,"after":{"assign_generated_ipv6_cidr_block":null,"cidr_block":"10.0.0.0/16","enable_dns_hostnames":true,"enable_dns_support":true,"instance_tenancy":"default","ipv4_ipam_pool_id":null,"ipv4_netmask_length":null,"ipv6_ipam_pool_id":null,"ipv6_netmask_length":null,"tags":{"Name":"terraform-aws-vpc"},"tags_all":{"Name":"terraform-aws-vpc"}},"after_unknown":{"arn":true,"default_network_acl_id":true,"default_route_table_id":true,"default_security_group_id":true,"dhcp_options_id":true,"enable_classiclink":true,"enable_classiclink_dns_support":true,"id":true,"ipv6_association_id":true,"ipv6_cidr_block":true,"ipv6_cidr_block_network_border_group":true,"main_route_table_id":true,"owner_id":true,"tags":{},"tags_all":{}},"before_sensitive":false,"after_sensitive":{"tags":{},"tags_all":{}}}}],"configuration":{"provider_config":{"aws":{"name":"aws","expressions":{"profile":{"constant_value":"default"},"region":{"constant_value":"us-east-1"}}}},"root_module":{"resources":[{"address":"aws_network_acl.name_1","mode":"managed","type":"aws_network_acl","name":"name_1","provider_config_key":"aws","expressions":{"egress":{"constant_value":[{"action":"allow","cidr_block":"0.0.0.0/0","from_port":0,"icmp_code":null,"icmp_type":null,"ipv6_cidr_block":null,"protocol":"-1","rule_no":100,"to_port":0}]},"ingress":{"constant_value":[{"action":"allow","cidr_block":"0.0.0.0/0","from_port":83,"icmp_code":null,"icmp_type":null,"ipv6_cidr_block":null,"protocol":"-1","rule_no":100,"to_port":0}]},"tags":{"constant_value":{"Name":"terraform-aws-default-network-acl"}},"vpc_id":{"references":["aws_vpc.name_0.id","aws_vpc.name_0"]}},"schema_version":0},{"address":"aws_vpc.name_0","mode":"managed","type":"aws_vpc","name":"name_0","provider_config_key":"aws","expressions":{"cidr_block":{"constant_value":"10.0.0.0/16"},"enable_dns_hostnames":{"constant_value":true},"enable_dns_support":{"constant_value":true},"tags":{"constant_value":{"Name":"terraform-aws-vpc"}}},"schema_version":1}]}}}
