{"format_version":"1.0","terraform_version":"1.1.3","planned_values":{"root_module":{"resources":[{"address":"aws_s3_bucket.name_0[\"dev\"]","mode":"managed","type":"aws_s3_bucket","name":"name_0","index":"dev","provider_name":"registry.terraform.io/hashicorp/aws","schema_version":0,"values":{"bucket":"dev-my-dapp-bucket","bucket_prefix":null,"force_destroy":false,"tags":{"Environment":"dev","bucketname":"dev-my-dapp-bucket","eachvalue":"my-dapp-bucket"},"tags_all":{"Environment":"dev","bucketname":"dev-my-dapp-bucket","eachvalue":"my-dapp-bucket"}},"sensitive_values":{"cors_rule":[],"grant":[],"lifecycle_rule":[],"logging":[],"object_lock_configuration":[],"replication_configuration":[],"server_side_encryption_configuration":[],"tags":{},"tags_all":{},"versioning":[],"website":[]}},{"address":"aws_s3_bucket.name_0[\"prod\"]","mode":"managed","type":"aws_s3_bucket","name":"name_0","index":"prod","provider_name":"registry.terraform.io/hashicorp/aws","schema_version":0,"values":{"bucket":"prod-my-papp-bucket","bucket_prefix":null,"force_destroy":false,"tags":{"Environment":"prod","bucketname":"prod-my-papp-bucket","eachvalue":"my-papp-bucket"},"tags_all":{"Environment":"prod","bucketname":"prod-my-papp-bucket","eachvalue":"my-papp-bucket"}},"sensitive_values":{"cors_rule":[],"grant":[],"lifecycle_rule":[],"logging":[],"object_lock_configuration":[],"replication_configuration":[],"server_side_encryption_configuration":[],"tags":{},"tags_all":{},"versioning":[],"website":[]}},{"address":"aws_s3_bucket.name_0[\"qa\"]","mode":"managed","type":"aws_s3_bucket","name":"name_0","index":"qa","provider_name":"registry.terraform.io/hashicorp/aws","schema_version":0,"values":{"bucket":"qa-my-qapp-bucket","bucket_prefix":null,"force_destroy":false,"tags":{"Environment":"qa","bucketname":"qa-my-qapp-bucket","eachvalue":"my-qapp-bucket"},"tags_all":{"Environment":"qa","bucketname":"qa-my-qapp-bucket","eachvalue":"my-qapp-bucket"}},"sensitive_values":{"cors_rule":[],"grant":[],"lifecycle_rule":[],"logging":[],"object_lock_configuration":[],"replication_configuration":[],"server_side_encryption_configuration":[],"tags":{},"tags_all":{},"versioning":[],"website":[]}},{"address":"aws_s3_bucket.name_0[\"stag\"]","mode":"managed","type":"aws_s3_bucket","name":"name_0","index":"stag","provider_name":"registry.terraform.io/hashicorp/aws","schema_version":0,"values":{"bucket":"stag-my-sapp-bucket","bucket_prefix":null,"force_destroy":false,"tags":{"Environment":"stag","bucketname":"stag-my-sapp-bucket","eachvalue":"my-sapp-bucket"},"tags_all":{"Environment":"stag","bucketname":"stag-my-sapp-bucket","eachvalue":"my-sapp-bucket"}},"sensitive_values":{"cors_rule":[],"grant":[],"lifecycle_rule":[],"logging":[],"object_lock_configuration":[],"replication_configuration":[],"server_side_encryption_configuration":[],"tags":{},"tags_all":{},"versioning":[],"website":[]}}]}},"resource_changes":[{"address":"aws_s3_bucket.name_0[\"dev\"]","mode":"managed","type":"aws_s3_bucket","name":"name_0","index":"dev","provider_name":"registry.terraform.io/hashicorp/aws","change":{"actions":["create"],"before":null,"after":{"bucket":"dev-my-dapp-bucket","bucket_prefix":null,"force_destroy":false,"tags":{"Environment":"dev","bucketname":"dev-my-dapp-bucket","eachvalue":"my-dapp-bucket"},"tags_all":{"Environment":"dev","bucketname":"dev-my-dapp-bucket","eachvalue":"my-dapp-bucket"}},"after_unknown":{"acceleration_status":true,"acl":true,"arn":true,"bucket_domain_name":true,"bucket_regional_domain_name":true,"cors_rule":true,"grant":true,"hosted_zone_id":true,"id":true,"lifecycle_rule":true,"logging":true,"object_lock_configuration":true,"object_lock_enabled":true,"policy":true,"region":true,"replication_configuration":true,"request_payer":true,"server_side_encryption_configuration":true,"tags":{},"tags_all":{},"versioning":true,"website":true,"website_domain":true,"website_endpoint":true},"before_sensitive":false,"after_sensitive":{"cors_rule":[],"grant":[],"lifecycle_rule":[],"logging":[],"object_lock_configuration":[],"replication_configuration":[],"server_side_encryption_configuration":[],"tags":{},"tags_all":{},"versioning":[],"website":[]}}},{"address":"aws_s3_bucket.name_0[\"prod\"]","mode":"managed","type":"aws_s3_bucket","name":"name_0","index":"prod","provider_name":"registry.terraform.io/hashicorp/aws","change":{"actions":["create"],"before":null,"after":{"bucket":"prod-my-papp-bucket","bucket_prefix":null,"force_destroy":false,"tags":{"Environment":"prod","bucketname":"prod-my-papp-bucket","eachvalue":"my-papp-bucket"},"tags_all":{"Environment":"prod","bucketname":"prod-my-papp-bucket","eachvalue":"my-papp-bucket"}},"after_unknown":{"acceleration_status":true,"acl":true,"arn":true,"bucket_domain_name":true,"bucket_regional_domain_name":true,"cors_rule":true,"grant":true,"hosted_zone_id":true,"id":true,"lifecycle_rule":true,"logging":true,"object_lock_configuration":true,"object_lock_enabled":true,"policy":true,"region":true,"replication_configuration":true,"request_payer":true,"server_side_encryption_configuration":true,"tags":{},"tags_all":{},"versioning":true,"website":true,"website_domain":true,"website_endpoint":true},"before_sensitive":false,"after_sensitive":{"cors_rule":[],"grant":[],"lifecycle_rule":[],"logging":[],"object_lock_configuration":[],"replication_configuration":[],"server_side_encryption_configuration":[],"tags":{},"tags_all":{},"versioning":[],"website":[]}}},{"address":"aws_s3_bucket.name_0[\"qa\"]","mode":"managed","type":"aws_s3_bucket","name":"name_0","index":"qa","provider_name":"registry.terraform.io/hashicorp/aws","change":{"actions":["create"],"before":null,"after":{"bucket":"qa-my-qapp-bucket","bucket_prefix":null,"force_destroy":false,"tags":{"Environment":"qa","bucketname":"qa-my-qapp-bucket","eachvalue":"my-qapp-bucket"},"tags_all":{"Environment":"qa","bucketname":"qa-my-qapp-bucket","eachvalue":"my-qapp-bucket"}},"after_unknown":{"acceleration_status":true,"acl":true,"arn":true,"bucket_domain_name":true,"bucket_regional_domain_name":true,"cors_rule":true,"grant":true,"hosted_zone_id":true,"id":true,"lifecycle_rule":true,"logging":true,"object_lock_configuration":true,"object_lock_enabled":true,"policy":true,"region":true,"replication_configuration":true,"request_payer":true,"server_side_encryption_configuration":true,"tags":{},"tags_all":{},"versioning":true,"website":true,"website_domain":true,"website_endpoint":true},"before_sensitive":false,"after_sensitive":{"cors_rule":[],"grant":[],"lifecycle_rule":[],"logging":[],"object_lock_configuration":[],"replication_configuration":[],"server_side_encryption_configuration":[],"tags":{},"tags_all":{},"versioning":[],"website":[]}}},{"address":"aws_s3_bucket.name_0[\"stag\"]","mode":"managed","type":"aws_s3_bucket","name":"name_0","index":"stag","provider_name":"registry.terraform.io/hashicorp/aws","change":{"actions":["create"],"before":null,"after":{"bucket":"stag-my-sapp-bucket","bucket_prefix":null,"force_destroy":false,"tags":{"Environment":"stag","bucketname":"stag-my-sapp-bucket","eachvalue":"my-sapp-bucket"},"tags_all":{"Environment":"stag","bucketname":"stag-my-sapp-bucket","eachvalue":"my-sapp-bucket"}},"after_unknown":{"acceleration_status":true,"acl":true,"arn":true,"bucket_domain_name":true,"bucket_regional_domain_name":true,"cors_rule":true,"grant":true,"hosted_zone_id":true,"id":true,"lifecycle_rule":true,"logging":true,"object_lock_configuration":true,"object_lock_enabled":true,"policy":true,"region":true,"replication_configuration":true,"request_payer":true,"server_side_encryption_configuration":true,"tags":{},"tags_all":{},"versioning":true,"website":true,"website_domain":true,"website_endpoint":true},"before_sensitive":false,"after_sensitive":{"cors_rule":[],"grant":[],"lifecycle_rule":[],"logging":[],"object_lock_configuration":[],"replication_configuration":[],"server_side_encryption_configuration":[],"tags":{},"tags_all":{},"versioning":[],"website":[]}}}],"configuration":{"provider_config":{"aws":{"name":"aws","expressions":{"profile":{"constant_value":"default"},"region":{"constant_value":"us-east-1"}}}},"root_module":{"resources":[{"address":"aws_s3_bucket.name_0","mode":"managed","type":"aws_s3_bucket","name":"name_0","provider_config_key":"aws","expressions":{"bucket":{"references":["each.key","each.value"]},"tags":{"references":["each.key","each.key","each.value","each.value"]}},"schema_version":0,"for_each_expression":{"constant_value":{"dev":"my-dapp-bucket","prod":"my-papp-bucket","qa":"my-qapp-bucket","stag":"my-sapp-bucket"}}}]}}}
