{"format_version":"1.0","terraform_version":"1.1.7","variables":{"name_0":{"value":"us-east-1"},"name_1":{"value":"ami-0915bcb5fa77e4892"},"name_2":{"value":1},"name_3":{"value":"t3.micro"}},"planned_values":{"root_module":{"resources":[{"address":"aws_instance.name_6[0]","mode":"managed","type":"aws_instance","name":"name_6","index":0,"provider_name":"registry.terraform.io/hashicorp/aws","schema_version":1,"values":{"ami":"ami-0915bcb5fa77e4892","credit_specification":[],"get_password_data":false,"hibernation":null,"iam_instance_profile":null,"instance_type":"t3.micro","launch_template":[],"source_dest_check":true,"tags":{"Name":"web_server"},"tags_all":{"Name":"web_server"},"timeouts":null,"user_data_replace_on_change":false,"volume_tags":null},"sensitive_values":{"capacity_reservation_specification":[],"credit_specification":[],"ebs_block_device":[],"enclave_options":[],"ephemeral_block_device":[],"ipv6_addresses":[],"launch_template":[],"maintenance_options":[],"metadata_options":[],"network_interface":[],"root_block_device":[],"secondary_private_ips":[],"security_groups":[],"tags":{},"tags_all":{},"vpc_security_group_ids":[]}},{"address":"aws_security_group.name_4","mode":"managed","type":"aws_security_group","name":"name_4","provider_name":"registry.terraform.io/hashicorp/aws","schema_version":1,"values":{"description":"Allow SSH access from anywhere","egress":[{"cidr_blocks":["0.0.0.0/0"],"description":"","from_port":0,"ipv6_cidr_blocks":[],"prefix_list_ids":[],"protocol":"-1","security_groups":[],"self":false,"to_port":0}],"ingress":[{"cidr_blocks":["0.0.0.0/0"],"description":"","from_port":22,"ipv6_cidr_blocks":[],"prefix_list_ids":[],"protocol":"tcp","security_groups":[],"self":false,"to_port":22}],"name":"ssh_access","revoke_rules_on_delete":false,"tags":{"Name":"ssh_access"},"tags_all":{"Name":"ssh_access"},"timeouts":null},"sensitive_values":{"egress":[{"cidr_blocks":[false],"ipv6_cidr_blocks":[],"prefix_list_ids":[],"security_groups":[]}],"ingress":[{"cidr_blocks":[false],"ipv6_cidr_blocks":[],"prefix_list_ids":[],"security_groups":[]}],"tags":{},"tags_all":{}}},{"address":"aws_security_group.name_5","mode":"managed","type":"aws_security_group","name":"name_5","provider_name":"registry.terraform.io/hashicorp/aws","schema_version":1,"values":{"description":"Allow web access from anywhere","egress":[{"cidr_blocks":["0.0.0.0/0"],"description":"","from_port":0,"ipv6_cidr_blocks":[],"prefix_list_ids":[],"protocol":"-1","security_groups":[],"self":false,"to_port":0}],"ingress":[{"cidr_blocks":["0.0.0.0/0"],"description":"","from_port":443,"ipv6_cidr_blocks":[],"prefix_list_ids":[],"protocol":"tcp","security_groups":[],"self":false,"to_port":443},{"cidr_blocks":["0.0.0.0/0"],"description":"","from_port":80,"ipv6_cidr_blocks":[],"prefix_list_ids":[],"protocol":"tcp","security_groups":[],"self":false,"to_port":80}],"name":"web_access","revoke_rules_on_delete":false,"tags":{"Name":"web_access"},"tags_all":{"Name":"web_access"},"timeouts":null},"sensitive_values":{"egress":[{"cidr_blocks":[false],"ipv6_cidr_blocks":[],"prefix_list_ids":[],"security_groups":[]}],"ingress":[{"cidr_blocks":[false],"ipv6_cidr_blocks":[],"prefix_list_ids":[],"security_groups":[]},{"cidr_blocks":[false],"ipv6_cidr_blocks":[],"prefix_list_ids":[],"security_groups":[]}],"tags":{},"tags_all":{}}}]}},"resource_changes":[{"address":"aws_instance.name_6[0]","mode":"managed","type":"aws_instance","name":"name_6","index":0,"provider_name":"registry.terraform.io/hashicorp/aws","change":{"actions":["create"],"before":null,"after":{"ami":"ami-0915bcb5fa77e4892","credit_specification":[],"get_password_data":false,"hibernation":null,"iam_instance_profile":null,"instance_type":"t3.micro","launch_template":[],"source_dest_check":true,"tags":{"Name":"web_server"},"tags_all":{"Name":"web_server"},"timeouts":null,"user_data_replace_on_change":false,"volume_tags":null},"after_unknown":{"arn":true,"associate_public_ip_address":true,"availability_zone":true,"capacity_reservation_specification":true,"cpu_core_count":true,"cpu_threads_per_core":true,"credit_specification":[],"disable_api_termination":true,"ebs_block_device":true,"ebs_optimized":true,"enclave_options":true,"ephemeral_block_device":true,"host_id":true,"id":true,"instance_initiated_shutdown_behavior":true,"instance_state":true,"ipv6_address_count":true,"ipv6_addresses":true,"key_name":true,"launch_template":[],"maintenance_options":true,"metadata_options":true,"monitoring":true,"network_interface":true,"outpost_arn":true,"password_data":true,"placement_group":true,"placement_partition_number":true,"primary_network_interface_id":true,"private_dns":true,"private_ip":true,"public_dns":true,"public_ip":true,"root_block_device":true,"secondary_private_ips":true,"security_groups":true,"subnet_id":true,"tags":{},"tags_all":{},"tenancy":true,"user_data":true,"user_data_base64":true,"vpc_security_group_ids":true},"before_sensitive":false,"after_sensitive":{"capacity_reservation_specification":[],"credit_specification":[],"ebs_block_device":[],"enclave_options":[],"ephemeral_block_device":[],"ipv6_addresses":[],"launch_template":[],"maintenance_options":[],"metadata_options":[],"network_interface":[],"root_block_device":[],"secondary_private_ips":[],"security_groups":[],"tags":{},"tags_all":{},"vpc_security_group_ids":[]}}},{"address":"aws_security_group.name_4","mode":"managed","type":"aws_security_group","name":"name_4","provider_name":"registry.terraform.io/hashicorp/aws","change":{"actions":["create"],"before":null,"after":{"description":"Allow SSH access from anywhere","egress":[{"cidr_blocks":["0.0.0.0/0"],"description":"","from_port":0,"ipv6_cidr_blocks":[],"prefix_list_ids":[],"protocol":"-1","security_groups":[],"self":false,"to_port":0}],"ingress":[{"cidr_blocks":["0.0.0.0/0"],"description":"","from_port":22,"ipv6_cidr_blocks":[],"prefix_list_ids":[],"protocol":"tcp","security_groups":[],"self":false,"to_port":22}],"name":"ssh_access","revoke_rules_on_delete":false,"tags":{"Name":"ssh_access"},"tags_all":{"Name":"ssh_access"},"timeouts":null},"after_unknown":{"arn":true,"egress":[{"cidr_blocks":[false],"ipv6_cidr_blocks":[],"prefix_list_ids":[],"security_groups":[]}],"id":true,"ingress":[{"cidr_blocks":[false],"ipv6_cidr_blocks":[],"prefix_list_ids":[],"security_groups":[]}],"name_prefix":true,"owner_id":true,"tags":{},"tags_all":{},"vpc_id":true},"before_sensitive":false,"after_sensitive":{"egress":[{"cidr_blocks":[false],"ipv6_cidr_blocks":[],"prefix_list_ids":[],"security_groups":[]}],"ingress":[{"cidr_blocks":[false],"ipv6_cidr_blocks":[],"prefix_list_ids":[],"security_groups":[]}],"tags":{},"tags_all":{}}}},{"address":"aws_security_group.name_5","mode":"managed","type":"aws_security_group","name":"name_5","provider_name":"registry.terraform.io/hashicorp/aws","change":{"actions":["create"],"before":null,"after":{"description":"Allow web access from anywhere","egress":[{"cidr_blocks":["0.0.0.0/0"],"description":"","from_port":0,"ipv6_cidr_blocks":[],"prefix_list_ids":[],"protocol":"-1","security_groups":[],"self":false,"to_port":0}],"ingress":[{"cidr_blocks":["0.0.0.0/0"],"description":"","from_port":443,"ipv6_cidr_blocks":[],"prefix_list_ids":[],"protocol":"tcp","security_groups":[],"self":false,"to_port":443},{"cidr_blocks":["0.0.0.0/0"],"description":"","from_port":80,"ipv6_cidr_blocks":[],"prefix_list_ids":[],"protocol":"tcp","security_groups":[],"self":false,"to_port":80}],"name":"web_access","revoke_rules_on_delete":false,"tags":{"Name":"web_access"},"tags_all":{"Name":"web_access"},"timeouts":null},"after_unknown":{"arn":true,"egress":[{"cidr_blocks":[false],"ipv6_cidr_blocks":[],"prefix_list_ids":[],"security_groups":[]}],"id":true,"ingress":[{"cidr_blocks":[false],"ipv6_cidr_blocks":[],"prefix_list_ids":[],"security_groups":[]},{"cidr_blocks":[false],"ipv6_cidr_blocks":[],"prefix_list_ids":[],"security_groups":[]}],"name_prefix":true,"owner_id":true,"tags":{},"tags_all":{},"vpc_id":true},"before_sensitive":false,"after_sensitive":{"egress":[{"cidr_blocks":[false],"ipv6_cidr_blocks":[],"prefix_list_ids":[],"security_groups":[]}],"ingress":[{"cidr_blocks":[false],"ipv6_cidr_blocks":[],"prefix_list_ids":[],"security_groups":[]},{"cidr_blocks":[false],"ipv6_cidr_blocks":[],"prefix_list_ids":[],"security_groups":[]}],"tags":{},"tags_all":{}}}}],"configuration":{"provider_config":{"aws":{"name":"aws","expressions":{"region":{"references":["var.name_0"]}}}},"root_module":{"resources":[{"address":"aws_instance.name_6","mode":"managed","type":"aws_instance","name":"name_6","provider_config_key":"aws","expressions":{"ami":{"references":["var.name_1"]},"instance_type":{"references":["var.name_3"]},"tags":{"constant_value":{"Name":"web_server"}},"vpc_security_group_ids":{"references":["aws_security_group.name_4.id","aws_security_group.name_4","aws_security_group.name_5.id","aws_security_group.name_5"]}},"schema_version":1,"count_expression":{"references":["var.name_2"]}},{"address":"aws_security_group.name_4","mode":"managed","type":"aws_security_group","name":"name_4","provider_config_key":"aws","expressions":{"description":{"constant_value":"Allow SSH access from anywhere"},"egress":{"constant_value":[{"cidr_blocks":["0.0.0.0/0"],"description":null,"from_port":0,"ipv6_cidr_blocks":null,"prefix_list_ids":null,"protocol":"-1","security_groups":null,"self":null,"to_port":0}]},"ingress":{"constant_value":[{"cidr_blocks":["0.0.0.0/0"],"description":null,"from_port":22,"ipv6_cidr_blocks":null,"prefix_list_ids":null,"protocol":"tcp","security_groups":null,"self":null,"to_port":22}]},"name":{"constant_value":"ssh_access"},"tags":{"constant_value":{"Name":"ssh_access"}}},"schema_version":1},{"address":"aws_security_group.name_5","mode":"managed","type":"aws_security_group","name":"name_5","provider_config_key":"aws","expressions":{"description":{"constant_value":"Allow web access from anywhere"},"egress":{"constant_value":[{"cidr_blocks":["0.0.0.0/0"],"description":null,"from_port":0,"ipv6_cidr_blocks":null,"prefix_list_ids":null,"protocol":"-1","security_groups":null,"self":null,"to_port":0}]},"ingress":{"constant_value":[{"cidr_blocks":["0.0.0.0/0"],"description":null,"from_port":80,"ipv6_cidr_blocks":null,"prefix_list_ids":null,"protocol":"tcp","security_groups":null,"self":null,"to_port":80},{"cidr_blocks":["0.0.0.0/0"],"description":null,"from_port":443,"ipv6_cidr_blocks":null,"prefix_list_ids":null,"protocol":"tcp","security_groups":null,"self":null,"to_port":443}]},"name":{"constant_value":"web_access"},"tags":{"constant_value":{"Name":"web_access"}}},"schema_version":1}],"variables":{"name_0":{"default":"us-east-1"},"name_1":{"default":"ami-0915bcb5fa77e4892"},"name_2":{"default":1},"name_3":{"default":"t3.micro"}}}}}
