{"format_version":"1.0","terraform_version":"1.1.7","planned_values":{"root_module":{"resources":[{"address":"azurerm_lb.name_2","mode":"managed","type":"azurerm_lb","name":"name_2","provider_name":"registry.terraform.io/hashicorp/azurerm","schema_version":0,"values":{"edge_zone":null,"frontend_ip_configuration":[],"location":"westus","name":"lb","resource_group_name":"example","sku":"Standard","sku_tier":"Regional","tags":null,"timeouts":null},"sensitive_values":{"frontend_ip_configuration":[],"private_ip_addresses":[]}},{"address":"azurerm_public_ip.name_1","mode":"managed","type":"azurerm_public_ip","name":"name_1","provider_name":"registry.terraform.io/hashicorp/azurerm","schema_version":0,"values":{"allocation_method":"Static","domain_name_label":null,"edge_zone":null,"idle_timeout_in_minutes":4,"ip_tags":null,"ip_version":"IPv4","location":"westus","name":"pubip","public_ip_prefix_id":null,"resource_group_name":"example","reverse_fqdn":null,"sku":"Standard","sku_tier":"Regional","tags":null,"timeouts":null,"zones":null},"sensitive_values":{}},{"address":"azurerm_resource_group.name_0","mode":"managed","type":"azurerm_resource_group","name":"name_0","provider_name":"registry.terraform.io/hashicorp/azurerm","schema_version":0,"values":{"location":"westus","name":"example","tags":null,"timeouts":null},"sensitive_values":{}}]}},"resource_changes":[{"address":"azurerm_lb.name_2","mode":"managed","type":"azurerm_lb","name":"name_2","provider_name":"registry.terraform.io/hashicorp/azurerm","change":{"actions":["create"],"before":null,"after":{"edge_zone":null,"frontend_ip_configuration":[],"location":"westus","name":"lb","resource_group_name":"example","sku":"Standard","sku_tier":"Regional","tags":null,"timeouts":null},"after_unknown":{"frontend_ip_configuration":[],"id":true,"private_ip_address":true,"private_ip_addresses":true},"before_sensitive":false,"after_sensitive":{"frontend_ip_configuration":[],"private_ip_addresses":[]}}},{"address":"azurerm_public_ip.name_1","mode":"managed","type":"azurerm_public_ip","name":"name_1","provider_name":"registry.terraform.io/hashicorp/azurerm","change":{"actions":["create"],"before":null,"after":{"allocation_method":"Static","domain_name_label":null,"edge_zone":null,"idle_timeout_in_minutes":4,"ip_tags":null,"ip_version":"IPv4","location":"westus","name":"pubip","public_ip_prefix_id":null,"resource_group_name":"example","reverse_fqdn":null,"sku":"Standard","sku_tier":"Regional","tags":null,"timeouts":null,"zones":null},"after_unknown":{"fqdn":true,"id":true,"ip_address":true},"before_sensitive":false,"after_sensitive":{}}},{"address":"azurerm_resource_group.name_0","mode":"managed","type":"azurerm_resource_group","name":"name_0","provider_name":"registry.terraform.io/hashicorp/azurerm","change":{"actions":["create"],"before":null,"after":{"location":"westus","name":"example","tags":null,"timeouts":null},"after_unknown":{"id":true},"before_sensitive":false,"after_sensitive":{}}}],"configuration":{"provider_config":{"azurerm":{"name":"azurerm","expressions":{"features":[{}]}}},"root_module":{"resources":[{"address":"azurerm_lb.name_2","mode":"managed","type":"azurerm_lb","name":"name_2","provider_config_key":"azurerm","expressions":{"location":{"constant_value":"West US"},"name":{"constant_value":"lb"},"resource_group_name":{"references":["azurerm_resource_group.name_0.name","azurerm_resource_group.name_0"]},"sku":{"constant_value":"Standard"}},"schema_version":0},{"address":"azurerm_public_ip.name_1","mode":"managed","type":"azurerm_public_ip","name":"name_1","provider_config_key":"azurerm","expressions":{"allocation_method":{"constant_value":"Static"},"location":{"constant_value":"West US"},"name":{"constant_value":"pubip"},"resource_group_name":{"references":["azurerm_resource_group.name_0.name","azurerm_resource_group.name_0"]},"sku":{"constant_value":"Standard"}},"schema_version":0},{"address":"azurerm_resource_group.name_0","mode":"managed","type":"azurerm_resource_group","name":"name_0","provider_config_key":"azurerm","expressions":{"location":{"constant_value":"westus"},"name":{"constant_value":"example"}},"schema_version":0}]}}}
