{"format_version":"1.0","terraform_version":"1.1.7","planned_values":{"root_module":{"resources":[{"address":"google_compute_firewall.name_0","mode":"managed","type":"google_compute_firewall","name":"name_0","provider_name":"registry.terraform.io/hashicorp/google","schema_version":1,"values":{"allow":[{"ports":["22"],"protocol":"tcp"},{"ports":[],"protocol":"icmp"}],"deny":[],"description":null,"disabled":null,"log_config":[],"name":"my-firewall","network":"default","priority":1000,"source_ranges":["0.0.0.0/0"],"source_service_accounts":null,"source_tags":["my-policy"],"target_service_accounts":null,"target_tags":null,"timeouts":null},"sensitive_values":{"allow":[{"ports":[false]},{"ports":[]}],"deny":[],"destination_ranges":[],"log_config":[],"source_ranges":[false],"source_tags":[false]}}]}},"resource_changes":[{"address":"google_compute_firewall.name_0","mode":"managed","type":"google_compute_firewall","name":"name_0","provider_name":"registry.terraform.io/hashicorp/google","change":{"actions":["create"],"before":null,"after":{"allow":[{"ports":["22"],"protocol":"tcp"},{"ports":[],"protocol":"icmp"}],"deny":[],"description":null,"disabled":null,"log_config":[],"name":"my-firewall","network":"default","priority":1000,"source_ranges":["0.0.0.0/0"],"source_service_accounts":null,"source_tags":["my-policy"],"target_service_accounts":null,"target_tags":null,"timeouts":null},"after_unknown":{"allow":[{"ports":[false]},{"ports":[]}],"creation_timestamp":true,"deny":[],"destination_ranges":true,"direction":true,"enable_logging":true,"id":true,"log_config":[],"project":true,"self_link":true,"source_ranges":[false],"source_tags":[false]},"before_sensitive":false,"after_sensitive":{"allow":[{"ports":[false]},{"ports":[]}],"deny":[],"destination_ranges":[],"log_config":[],"source_ranges":[false],"source_tags":[false]}}}],"configuration":{"provider_config":{"google":{"name":"google"}},"root_module":{"resources":[{"address":"google_compute_firewall.name_0","mode":"managed","type":"google_compute_firewall","name":"name_0","provider_config_key":"google","expressions":{"allow":[{"protocol":{"constant_value":"icmp"}},{"ports":{"constant_value":["22"]},"protocol":{"constant_value":"tcp"}}],"name":{"constant_value":"my-firewall"},"network":{"constant_value":"default"},"source_ranges":{"constant_value":["0.0.0.0/0"]},"source_tags":{"constant_value":["my-policy"]}},"schema_version":1}]}}}
