{"format_version":"1.0","terraform_version":"1.1.7","planned_values":{"root_module":{"resources":[{"address":"aws_vpc.name_0","mode":"managed","type":"aws_vpc","name":"name_0","provider_name":"registry.terraform.io/hashicorp/aws","schema_version":1,"values":{"assign_generated_ipv6_cidr_block":null,"cidr_block":"10.0.0.0/16","enable_dns_hostnames":true,"enable_dns_support":true,"instance_tenancy":"default","ipv4_ipam_pool_id":null,"ipv4_netmask_length":null,"ipv6_ipam_pool_id":null,"ipv6_netmask_length":null,"tags":{"Name":"private","kubernetes.io/cluster/private.example.com":"owned"},"tags_all":{"Name":"private","kubernetes.io/cluster/private.example.com":"owned"}},"sensitive_values":{"tags":{},"tags_all":{}}}]}},"resource_changes":[{"address":"aws_vpc.name_0","mode":"managed","type":"aws_vpc","name":"name_0","provider_name":"registry.terraform.io/hashicorp/aws","change":{"actions":["create"],"before":null,"after":{"assign_generated_ipv6_cidr_block":null,"cidr_block":"10.0.0.0/16","enable_dns_hostnames":true,"enable_dns_support":true,"instance_tenancy":"default","ipv4_ipam_pool_id":null,"ipv4_netmask_length":null,"ipv6_ipam_pool_id":null,"ipv6_netmask_length":null,"tags":{"Name":"private","kubernetes.io/cluster/private.example.com":"owned"},"tags_all":{"Name":"private","kubernetes.io/cluster/private.example.com":"owned"}},"after_unknown":{"arn":true,"default_network_acl_id":true,"default_route_table_id":true,"default_security_group_id":true,"dhcp_options_id":true,"enable_classiclink":true,"enable_classiclink_dns_support":true,"id":true,"ipv6_association_id":true,"ipv6_cidr_block":true,"ipv6_cidr_block_network_border_group":true,"main_route_table_id":true,"owner_id":true,"tags":{},"tags_all":{}},"before_sensitive":false,"after_sensitive":{"tags":{},"tags_all":{}}}}],"configuration":{"provider_config":{"aws":{"name":"aws","expressions":{"region":{"constant_value":"us-east-1"}}}},"root_module":{"resources":[{"address":"aws_vpc.name_0","mode":"managed","type":"aws_vpc","name":"name_0","provider_config_key":"aws","expressions":{"cidr_block":{"constant_value":"10.0.0.0/16"},"enable_dns_hostnames":{"constant_value":true},"enable_dns_support":{"constant_value":true},"tags":{"constant_value":{"Name":"private","kubernetes.io/cluster/private.example.com":"owned"}}},"schema_version":1}]}}}
