{"format_version":"1.1","terraform_version":"1.1.0-dev","planned_values":{"root_module":{"resources":[{"address":"google_notebooks_environment.name_0","mode":"managed","type":"google_notebooks_environment","name":"name_0","provider_name":"registry.terraform.io/hashicorp/google","schema_version":0,"values":{"container_image":[{"repository":"gcr.io/deeplearning-platform-release/base-cpu","tag":null}],"description":null,"display_name":null,"location":"europe-west4-a","name":"notebooks-environment","post_startup_script":null,"timeouts":null,"vm_image":[]},"sensitive_values":{"container_image":[{}],"vm_image":[]}}]}},"resource_changes":[{"address":"google_notebooks_environment.name_0","mode":"managed","type":"google_notebooks_environment","name":"name_0","provider_name":"registry.terraform.io/hashicorp/google","change":{"actions":["create"],"before":null,"after":{"container_image":[{"repository":"gcr.io/deeplearning-platform-release/base-cpu","tag":null}],"description":null,"display_name":null,"location":"europe-west4-a","name":"notebooks-environment","post_startup_script":null,"timeouts":null,"vm_image":[]},"after_unknown":{"container_image":[{}],"create_time":true,"id":true,"project":true,"vm_image":[]},"before_sensitive":false,"after_sensitive":{"container_image":[{}],"vm_image":[]}}}],"configuration":{"provider_config":{"google":{"name":"google","full_name":"registry.terraform.io/hashicorp/google"}},"root_module":{"resources":[{"address":"google_notebooks_environment.name_0","mode":"managed","type":"google_notebooks_environment","name":"name_0","provider_config_key":"google","expressions":{"container_image":[{"repository":{"constant_value":"gcr.io/deeplearning-platform-release/base-cpu"}}],"location":{"constant_value":"europe-west4-a"},"name":{"constant_value":"notebooks-environment"}},"schema_version":0}]}}}
