{"format_version":"1.0","terraform_version":"1.1.7","planned_values":{"root_module":{"resources":[{"address":"azurerm_kubernetes_cluster.name_1","mode":"managed","type":"azurerm_kubernetes_cluster","name":"name_1","provider_name":"registry.terraform.io/hashicorp/azurerm","schema_version":2,"values":{"aci_connector_linux":[],"api_server_authorized_ip_ranges":null,"automatic_channel_upgrade":null,"azure_active_directory_role_based_access_control":[],"azure_policy_enabled":null,"default_node_pool":[{"enable_auto_scaling":null,"enable_host_encryption":null,"enable_node_public_ip":null,"fips_enabled":null,"kubelet_config":[],"linux_os_config":[],"max_count":null,"min_count":null,"name":"default","node_count":1,"node_public_ip_prefix_id":null,"node_taints":null,"only_critical_addons_enabled":null,"os_disk_type":"Managed","pod_subnet_id":null,"proximity_placement_group_id":null,"tags":null,"type":"VirtualMachineScaleSets","ultra_ssd_enabled":false,"upgrade_settings":[],"vm_size":"Standard_D2_v2","vnet_subnet_id":null,"zones":null}],"disk_encryption_set_id":null,"dns_prefix":"exampleaks1","dns_prefix_private_cluster":null,"enable_pod_security_policy":null,"http_application_routing_enabled":null,"http_proxy_config":[],"identity":[{"identity_ids":null,"type":"SystemAssigned"}],"ingress_application_gateway":[],"key_vault_secrets_provider":[],"linux_profile":[],"local_account_disabled":null,"location":"westeurope","maintenance_window":[],"microsoft_defender":[],"name":"exampleaks1","oidc_issuer_enabled":null,"oms_agent":[],"open_service_mesh_enabled":null,"private_cluster_enabled":null,"private_cluster_public_fqdn_enabled":false,"public_network_access_enabled":true,"resource_group_name":"example","role_based_access_control_enabled":true,"service_principal":[],"sku_tier":"Free","tags":null,"timeouts":null},"sensitive_values":{"aci_connector_linux":[],"auto_scaler_profile":[],"azure_active_directory_role_based_access_control":[],"default_node_pool":[{"kubelet_config":[],"linux_os_config":[],"node_labels":{},"upgrade_settings":[]}],"http_proxy_config":[],"identity":[{}],"ingress_application_gateway":[],"key_vault_secrets_provider":[],"kube_admin_config":[],"kube_config":[],"kubelet_identity":[],"linux_profile":[],"maintenance_window":[],"microsoft_defender":[],"network_profile":[],"oms_agent":[],"service_principal":[],"windows_profile":[]}},{"address":"azurerm_resource_group.name_0","mode":"managed","type":"azurerm_resource_group","name":"name_0","provider_name":"registry.terraform.io/hashicorp/azurerm","schema_version":0,"values":{"location":"westeurope","name":"example","tags":null,"timeouts":null},"sensitive_values":{}}]}},"resource_changes":[{"address":"azurerm_kubernetes_cluster.name_1","mode":"managed","type":"azurerm_kubernetes_cluster","name":"name_1","provider_name":"registry.terraform.io/hashicorp/azurerm","change":{"actions":["create"],"before":null,"after":{"aci_connector_linux":[],"api_server_authorized_ip_ranges":null,"automatic_channel_upgrade":null,"azure_active_directory_role_based_access_control":[],"azure_policy_enabled":null,"default_node_pool":[{"enable_auto_scaling":null,"enable_host_encryption":null,"enable_node_public_ip":null,"fips_enabled":null,"kubelet_config":[],"linux_os_config":[],"max_count":null,"min_count":null,"name":"default","node_count":1,"node_public_ip_prefix_id":null,"node_taints":null,"only_critical_addons_enabled":null,"os_disk_type":"Managed","pod_subnet_id":null,"proximity_placement_group_id":null,"tags":null,"type":"VirtualMachineScaleSets","ultra_ssd_enabled":false,"upgrade_settings":[],"vm_size":"Standard_D2_v2","vnet_subnet_id":null,"zones":null}],"disk_encryption_set_id":null,"dns_prefix":"exampleaks1","dns_prefix_private_cluster":null,"enable_pod_security_policy":null,"http_application_routing_enabled":null,"http_proxy_config":[],"identity":[{"identity_ids":null,"type":"SystemAssigned"}],"ingress_application_gateway":[],"key_vault_secrets_provider":[],"linux_profile":[],"local_account_disabled":null,"location":"westeurope","maintenance_window":[],"microsoft_defender":[],"name":"exampleaks1","oidc_issuer_enabled":null,"oms_agent":[],"open_service_mesh_enabled":null,"private_cluster_enabled":null,"private_cluster_public_fqdn_enabled":false,"public_network_access_enabled":true,"resource_group_name":"example","role_based_access_control_enabled":true,"service_principal":[],"sku_tier":"Free","tags":null,"timeouts":null},"after_unknown":{"aci_connector_linux":[],"auto_scaler_profile":true,"azure_active_directory_role_based_access_control":[],"default_node_pool":[{"kubelet_config":[],"kubelet_disk_type":true,"linux_os_config":[],"max_pods":true,"node_labels":true,"orchestrator_version":true,"os_disk_size_gb":true,"os_sku":true,"upgrade_settings":[]}],"fqdn":true,"http_application_routing_zone_name":true,"http_proxy_config":[],"id":true,"identity":[{"principal_id":true,"tenant_id":true}],"ingress_application_gateway":[],"key_vault_secrets_provider":[],"kube_admin_config":true,"kube_admin_config_raw":true,"kube_config":true,"kube_config_raw":true,"kubelet_identity":true,"kubernetes_version":true,"linux_profile":[],"maintenance_window":[],"microsoft_defender":[],"network_profile":true,"node_resource_group":true,"oidc_issuer_url":true,"oms_agent":[],"portal_fqdn":true,"private_dns_zone_id":true,"private_fqdn":true,"service_principal":[],"windows_profile":true},"before_sensitive":false,"after_sensitive":{"aci_connector_linux":[],"auto_scaler_profile":[],"azure_active_directory_role_based_access_control":[],"default_node_pool":[{"kubelet_config":[],"linux_os_config":[],"node_labels":{},"upgrade_settings":[]}],"http_proxy_config":[],"identity":[{}],"ingress_application_gateway":[],"key_vault_secrets_provider":[],"kube_admin_config":true,"kube_admin_config_raw":true,"kube_config":true,"kube_config_raw":true,"kubelet_identity":[],"linux_profile":[],"maintenance_window":[],"microsoft_defender":[],"network_profile":[],"oms_agent":[],"service_principal":[],"windows_profile":[]}}},{"address":"azurerm_resource_group.name_0","mode":"managed","type":"azurerm_resource_group","name":"name_0","provider_name":"registry.terraform.io/hashicorp/azurerm","change":{"actions":["create"],"before":null,"after":{"location":"westeurope","name":"example","tags":null,"timeouts":null},"after_unknown":{"id":true},"before_sensitive":false,"after_sensitive":{}}}],"configuration":{"provider_config":{"azurerm":{"name":"azurerm","expressions":{"features":[{}]}}},"root_module":{"resources":[{"address":"azurerm_kubernetes_cluster.name_1","mode":"managed","type":"azurerm_kubernetes_cluster","name":"name_1","provider_config_key":"azurerm","expressions":{"default_node_pool":[{"name":{"constant_value":"default"},"node_count":{"constant_value":1},"vm_size":{"constant_value":"Standard_D2_v2"}}],"dns_prefix":{"constant_value":"exampleaks1"},"identity":[{"type":{"constant_value":"SystemAssigned"}}],"location":{"references":["azurerm_resource_group.name_0.location","azurerm_resource_group.name_0"]},"name":{"constant_value":"exampleaks1"},"resource_group_name":{"references":["azurerm_resource_group.name_0.name","azurerm_resource_group.name_0"]}},"schema_version":2},{"address":"azurerm_resource_group.name_0","mode":"managed","type":"azurerm_resource_group","name":"name_0","provider_config_key":"azurerm","expressions":{"location":{"constant_value":"West Europe"},"name":{"constant_value":"example"}},"schema_version":0}]}}}
