{"format_version":"1.0","terraform_version":"1.1.7","planned_values":{"root_module":{"resources":[{"address":"azurerm_automation_account.name_1","mode":"managed","type":"azurerm_automation_account","name":"name_1","provider_name":"registry.terraform.io/hashicorp/azurerm","schema_version":0,"values":{"identity":[],"location":"westus2","name":"tfexampleautomationaccount","public_network_access_enabled":true,"resource_group_name":"myTFResourceGroup","sku_name":"Basic","tags":null,"timeouts":null},"sensitive_values":{"identity":[]}},{"address":"azurerm_resource_group.name_0","mode":"managed","type":"azurerm_resource_group","name":"name_0","provider_name":"registry.terraform.io/hashicorp/azurerm","schema_version":0,"values":{"location":"westus2","name":"myTFResourceGroup","tags":null,"timeouts":null},"sensitive_values":{}}]}},"resource_changes":[{"address":"azurerm_automation_account.name_1","mode":"managed","type":"azurerm_automation_account","name":"name_1","provider_name":"registry.terraform.io/hashicorp/azurerm","change":{"actions":["create"],"before":null,"after":{"identity":[],"location":"westus2","name":"tfexampleautomationaccount","public_network_access_enabled":true,"resource_group_name":"myTFResourceGroup","sku_name":"Basic","tags":null,"timeouts":null},"after_unknown":{"dsc_primary_access_key":true,"dsc_secondary_access_key":true,"dsc_server_endpoint":true,"id":true,"identity":[]},"before_sensitive":false,"after_sensitive":{"dsc_primary_access_key":true,"dsc_secondary_access_key":true,"identity":[]}}},{"address":"azurerm_resource_group.name_0","mode":"managed","type":"azurerm_resource_group","name":"name_0","provider_name":"registry.terraform.io/hashicorp/azurerm","change":{"actions":["create"],"before":null,"after":{"location":"westus2","name":"myTFResourceGroup","tags":null,"timeouts":null},"after_unknown":{"id":true},"before_sensitive":false,"after_sensitive":{}}}],"configuration":{"provider_config":{"azurerm":{"name":"azurerm","expressions":{"features":[{}]}}},"root_module":{"resources":[{"address":"azurerm_automation_account.name_1","mode":"managed","type":"azurerm_automation_account","name":"name_1","provider_config_key":"azurerm","expressions":{"location":{"constant_value":"westus2"},"name":{"constant_value":"tfexampleautomationaccount"},"resource_group_name":{"references":["azurerm_resource_group.name_0.name","azurerm_resource_group.name_0"]},"sku_name":{"constant_value":"Basic"}},"schema_version":0},{"address":"azurerm_resource_group.name_0","mode":"managed","type":"azurerm_resource_group","name":"name_0","provider_config_key":"azurerm","expressions":{"location":{"constant_value":"westus2"},"name":{"constant_value":"myTFResourceGroup"}},"schema_version":0}]}}}
