{"format_version":"1.0","terraform_version":"1.1.7","planned_values":{"root_module":{"resources":[{"address":"google_compute_firewall.name_0","mode":"managed","type":"google_compute_firewall","name":"name_0","provider_name":"registry.terraform.io/hashicorp/google","schema_version":1,"values":{"allow":[{"ports":["1-65535"],"protocol":"udp"},{"ports":["22","80","443"],"protocol":"tcp"},{"ports":[],"protocol":"icmp"}],"deny":[],"description":null,"disabled":null,"log_config":[],"name":"default-allow-icmp","network":"default","priority":1000,"project":"organizations/12345","source_ranges":["10.0.0.0/8"],"source_service_accounts":null,"source_tags":null,"target_service_accounts":null,"target_tags":["allow-icmp"],"timeouts":null},"sensitive_values":{"allow":[{"ports":[false]},{"ports":[false,false,false]},{"ports":[]}],"deny":[],"destination_ranges":[],"log_config":[],"source_ranges":[false],"target_tags":[false]}}]}},"resource_changes":[{"address":"google_compute_firewall.name_0","mode":"managed","type":"google_compute_firewall","name":"name_0","provider_name":"registry.terraform.io/hashicorp/google","change":{"actions":["create"],"before":null,"after":{"allow":[{"ports":["1-65535"],"protocol":"udp"},{"ports":["22","80","443"],"protocol":"tcp"},{"ports":[],"protocol":"icmp"}],"deny":[],"description":null,"disabled":null,"log_config":[],"name":"default-allow-icmp","network":"default","priority":1000,"project":"organizations/12345","source_ranges":["10.0.0.0/8"],"source_service_accounts":null,"source_tags":null,"target_service_accounts":null,"target_tags":["allow-icmp"],"timeouts":null},"after_unknown":{"allow":[{"ports":[false]},{"ports":[false,false,false]},{"ports":[]}],"creation_timestamp":true,"deny":[],"destination_ranges":true,"direction":true,"enable_logging":true,"id":true,"log_config":[],"self_link":true,"source_ranges":[false],"target_tags":[false]},"before_sensitive":false,"after_sensitive":{"allow":[{"ports":[false]},{"ports":[false,false,false]},{"ports":[]}],"deny":[],"destination_ranges":[],"log_config":[],"source_ranges":[false],"target_tags":[false]}}}],"configuration":{"provider_config":{"google":{"name":"google"}},"root_module":{"resources":[{"address":"google_compute_firewall.name_0","mode":"managed","type":"google_compute_firewall","name":"name_0","provider_config_key":"google","expressions":{"allow":[{"protocol":{"constant_value":"icmp"}},{"ports":{"constant_value":["22","80","443"]},"protocol":{"constant_value":"tcp"}},{"ports":{"constant_value":["1-65535"]},"protocol":{"constant_value":"udp"}},{"protocol":{"constant_value":"icmp"}}],"name":{"constant_value":"default-allow-icmp"},"network":{"constant_value":"default"},"project":{"constant_value":"organizations/12345"},"source_ranges":{"constant_value":["10.0.0.0/8"]},"target_tags":{"constant_value":["allow-icmp"]}},"schema_version":1}]}}}
