{"format_version":"1.0","terraform_version":"1.1.7","planned_values":{"root_module":{"resources":[{"address":"google_compute_firewall.name_0","mode":"managed","type":"google_compute_firewall","name":"name_0","provider_name":"registry.terraform.io/hashicorp/google","schema_version":1,"values":{"allow":[{"ports":["22"],"protocol":"tcp"}],"deny":[],"description":null,"direction":"INGRESS","disabled":null,"log_config":[],"name":"my-firewall-policy","network":"default","priority":1,"source_ranges":["10.0.0.0/8"],"source_service_accounts":null,"source_tags":null,"target_service_accounts":null,"target_tags":["my-tag"],"timeouts":null},"sensitive_values":{"allow":[{"ports":[false]}],"deny":[],"destination_ranges":[],"log_config":[],"source_ranges":[false],"target_tags":[false]}}]}},"resource_changes":[{"address":"google_compute_firewall.name_0","mode":"managed","type":"google_compute_firewall","name":"name_0","provider_name":"registry.terraform.io/hashicorp/google","change":{"actions":["create"],"before":null,"after":{"allow":[{"ports":["22"],"protocol":"tcp"}],"deny":[],"description":null,"direction":"INGRESS","disabled":null,"log_config":[],"name":"my-firewall-policy","network":"default","priority":1,"source_ranges":["10.0.0.0/8"],"source_service_accounts":null,"source_tags":null,"target_service_accounts":null,"target_tags":["my-tag"],"timeouts":null},"after_unknown":{"allow":[{"ports":[false]}],"creation_timestamp":true,"deny":[],"destination_ranges":true,"enable_logging":true,"id":true,"log_config":[],"project":true,"self_link":true,"source_ranges":[false],"target_tags":[false]},"before_sensitive":false,"after_sensitive":{"allow":[{"ports":[false]}],"deny":[],"destination_ranges":[],"log_config":[],"source_ranges":[false],"target_tags":[false]}}}],"configuration":{"provider_config":{"google":{"name":"google"}},"root_module":{"resources":[{"address":"google_compute_firewall.name_0","mode":"managed","type":"google_compute_firewall","name":"name_0","provider_config_key":"google","expressions":{"allow":[{"ports":{"constant_value":["22"]},"protocol":{"constant_value":"tcp"}}],"direction":{"constant_value":"INGRESS"},"name":{"constant_value":"my-firewall-policy"},"network":{"constant_value":"default"},"priority":{"constant_value":1},"source_ranges":{"constant_value":["10.0.0.0/8"]},"target_tags":{"constant_value":["my-tag"]}},"schema_version":1}]}}}
