{"format_version":"1.0","terraform_version":"1.1.7","planned_values":{"root_module":{"resources":[{"address":"aws_wafv2_ip_set.name_0","mode":"managed","type":"aws_wafv2_ip_set","name":"name_0","provider_name":"registry.terraform.io/hashicorp/aws","schema_version":0,"values":{"addresses":["2.8.1.9/32","4.3.3.4/32"],"description":null,"ip_address_version":"IPV4","name":"tf-wafv2-ip-set-test","scope":"REGIONAL","tags":null},"sensitive_values":{"addresses":[false,false],"tags_all":{}}}]}},"resource_changes":[{"address":"aws_wafv2_ip_set.name_0","mode":"managed","type":"aws_wafv2_ip_set","name":"name_0","provider_name":"registry.terraform.io/hashicorp/aws","change":{"actions":["create"],"before":null,"after":{"addresses":["2.8.1.9/32","4.3.3.4/32"],"description":null,"ip_address_version":"IPV4","name":"tf-wafv2-ip-set-test","scope":"REGIONAL","tags":null},"after_unknown":{"addresses":[false,false],"arn":true,"id":true,"lock_token":true,"tags_all":true},"before_sensitive":false,"after_sensitive":{"addresses":[false,false],"tags_all":{}}}}],"configuration":{"provider_config":{"aws":{"name":"aws","expressions":{"region":{"constant_value":"us-east-1"}}}},"root_module":{"resources":[{"address":"aws_wafv2_ip_set.name_0","mode":"managed","type":"aws_wafv2_ip_set","name":"name_0","provider_config_key":"aws","expressions":{"addresses":{"constant_value":["4.3.3.4/32","2.8.1.9/32"]},"ip_address_version":{"constant_value":"IPV4"},"name":{"constant_value":"tf-wafv2-ip-set-test"},"scope":{"constant_value":"REGIONAL"}},"schema_version":0}]}}}
