{"format_version":"1.0","terraform_version":"1.1.7","planned_values":{"root_module":{"resources":[{"address":"azurerm_cognitive_account.name_1","mode":"managed","type":"azurerm_cognitive_account","name":"name_1","provider_name":"registry.terraform.io/hashicorp/azurerm","schema_version":0,"values":{"custom_subdomain_name":null,"fqdns":null,"identity":[],"kind":"SpeechServices","local_auth_enabled":true,"location":"westeurope","metrics_advisor_aad_client_id":null,"metrics_advisor_aad_tenant_id":null,"metrics_advisor_super_user_name":null,"metrics_advisor_website_name":null,"name":"example-cogacct","network_acls":[],"outbound_network_access_restricted":false,"public_network_access_enabled":true,"qna_runtime_endpoint":null,"resource_group_name":"example-resources","sku_name":"S0","storage":[],"tags":null,"timeouts":null},"sensitive_values":{"identity":[],"network_acls":[],"storage":[]}},{"address":"azurerm_resource_group.name_0","mode":"managed","type":"azurerm_resource_group","name":"name_0","provider_name":"registry.terraform.io/hashicorp/azurerm","schema_version":0,"values":{"location":"westeurope","name":"example-resources","tags":null,"timeouts":null},"sensitive_values":{}}]}},"resource_changes":[{"address":"azurerm_cognitive_account.name_1","mode":"managed","type":"azurerm_cognitive_account","name":"name_1","provider_name":"registry.terraform.io/hashicorp/azurerm","change":{"actions":["create"],"before":null,"after":{"custom_subdomain_name":null,"fqdns":null,"identity":[],"kind":"SpeechServices","local_auth_enabled":true,"location":"westeurope","metrics_advisor_aad_client_id":null,"metrics_advisor_aad_tenant_id":null,"metrics_advisor_super_user_name":null,"metrics_advisor_website_name":null,"name":"example-cogacct","network_acls":[],"outbound_network_access_restricted":false,"public_network_access_enabled":true,"qna_runtime_endpoint":null,"resource_group_name":"example-resources","sku_name":"S0","storage":[],"tags":null,"timeouts":null},"after_unknown":{"endpoint":true,"id":true,"identity":[],"network_acls":[],"primary_access_key":true,"secondary_access_key":true,"storage":[]},"before_sensitive":false,"after_sensitive":{"identity":[],"network_acls":[],"primary_access_key":true,"secondary_access_key":true,"storage":[]}}},{"address":"azurerm_resource_group.name_0","mode":"managed","type":"azurerm_resource_group","name":"name_0","provider_name":"registry.terraform.io/hashicorp/azurerm","change":{"actions":["create"],"before":null,"after":{"location":"westeurope","name":"example-resources","tags":null,"timeouts":null},"after_unknown":{"id":true},"before_sensitive":false,"after_sensitive":{}}}],"configuration":{"provider_config":{"azurerm":{"name":"azurerm","expressions":{"features":[{}]}}},"root_module":{"resources":[{"address":"azurerm_cognitive_account.name_1","mode":"managed","type":"azurerm_cognitive_account","name":"name_1","provider_config_key":"azurerm","expressions":{"kind":{"constant_value":"SpeechServices"},"location":{"references":["azurerm_resource_group.name_0.location","azurerm_resource_group.name_0"]},"name":{"constant_value":"example-cogacct"},"resource_group_name":{"references":["azurerm_resource_group.name_0.name","azurerm_resource_group.name_0"]},"sku_name":{"constant_value":"S0"}},"schema_version":0},{"address":"azurerm_resource_group.name_0","mode":"managed","type":"azurerm_resource_group","name":"name_0","provider_config_key":"azurerm","expressions":{"location":{"constant_value":"West Europe"},"name":{"constant_value":"example-resources"}},"schema_version":0}]}}}
