{"format_version":"1.0","terraform_version":"1.1.7","planned_values":{"root_module":{"resources":[{"address":"google_compute_firewall.name_0","mode":"managed","type":"google_compute_firewall","name":"name_0","provider_name":"registry.terraform.io/hashicorp/google","schema_version":1,"values":{"allow":[{"ports":["80","443"],"protocol":"tcp"}],"deny":[],"description":null,"disabled":null,"log_config":[],"name":"default-allow-network-traffic","network":"default","priority":1000,"source_ranges":["0.0.0.0/0"],"source_service_accounts":null,"source_tags":null,"target_service_accounts":null,"target_tags":["minimal-gce-example-com-k8s-io-role-master"],"timeouts":null},"sensitive_values":{"allow":[{"ports":[false,false]}],"deny":[],"destination_ranges":[],"log_config":[],"source_ranges":[false],"target_tags":[false]}}]}},"resource_changes":[{"address":"google_compute_firewall.name_0","mode":"managed","type":"google_compute_firewall","name":"name_0","provider_name":"registry.terraform.io/hashicorp/google","change":{"actions":["create"],"before":null,"after":{"allow":[{"ports":["80","443"],"protocol":"tcp"}],"deny":[],"description":null,"disabled":null,"log_config":[],"name":"default-allow-network-traffic","network":"default","priority":1000,"source_ranges":["0.0.0.0/0"],"source_service_accounts":null,"source_tags":null,"target_service_accounts":null,"target_tags":["minimal-gce-example-com-k8s-io-role-master"],"timeouts":null},"after_unknown":{"allow":[{"ports":[false,false]}],"creation_timestamp":true,"deny":[],"destination_ranges":true,"direction":true,"enable_logging":true,"id":true,"log_config":[],"project":true,"self_link":true,"source_ranges":[false],"target_tags":[false]},"before_sensitive":false,"after_sensitive":{"allow":[{"ports":[false,false]}],"deny":[],"destination_ranges":[],"log_config":[],"source_ranges":[false],"target_tags":[false]}}}],"configuration":{"provider_config":{"google":{"name":"google"}},"root_module":{"resources":[{"address":"google_compute_firewall.name_0","mode":"managed","type":"google_compute_firewall","name":"name_0","provider_config_key":"google","expressions":{"allow":[{"ports":{"constant_value":["80","443"]},"protocol":{"constant_value":"tcp"}}],"name":{"constant_value":"default-allow-network-traffic"},"network":{"constant_value":"default"},"source_ranges":{"constant_value":["0.0.0.0/0"]},"target_tags":{"constant_value":["minimal-gce-example-com-k8s-io-role-master"]}},"schema_version":1}]}}}
